{
  "version": 4,
  "terraform_version": "1.4.6",
  "serial": 156,
  "lineage": "579b0093-342c-d0fd-d25e-e799e5387dd4",
  "outputs": {
    "private_key_pem": {
      "value": "-----BEGIN RSA PRIVATE KEY-----\nMIIJKwIBAAKCAgEAtoNO8dY9j5+MN/kJJsiozQryoa3UbWb0UTGiY24XIMh3N2CU\nWTREiHwSk1DsvwmUFtizu/x4wj2fJY/CDUuw+yueM3eIhZMrTxsIRrW2dI8znhbj\nBp208eYF9FRvC4LVzaV/5ixc6YfNfsn+O5pOpzD4/lwSGpN+BJv5OoICVIZhx9Qh\njyoeJlKpoNMiKSsWERY7CvICLzo/Bs7sqNTj8Rz8/8Pn4wSae5r60WJ/aZOt/2VW\ntDSn3k8inb+QPN9YdoJKnZLXUxjhzAFZqiDM8qt+Hk57Bk0ULv7lwDCn7mTPsAZY\nWmzYGonReQatRIlsklpzWbvv//6CcePR2xIyXAKt7DdwB0oob2lWFWbwPrePcEjl\nhbYFzba2VPv/VbFEFIX14SaYsLmTYaaZ+wcZ/25KheS7cCU9HrFeylbAv4VUlZZA\ne7FsbGEUnt4qQMNnlx0R8C4xLRpw1HCyL3IPQfWHfzWj2aWvCrP3rKqF6Y9brxGN\nq02OHdJ8woFWkft/5bmkRKwXQig5XlLsHx0BjqW4Emk/+9qAoMMpcxWGSaOLNy3h\ns8QCn/R2rorTnAJTJI32nOTl/+dLluq4gqNkIM1hBu+yROh5JLLLXCYqd5d0Bvm1\nieH2oPuxjx8bNaWda8VwacdeGRNhLCdavcly2nvKk6/3hYxCnued44IR6fcCAwEA\nAQKCAgEAtEvQ39xZYhklpmGQZczR3ARVndwfvpd3AQJ8PacSl+MQyhbRVbHphb6z\nhu3pgerPbSZTn4AQNyoyniN+ei3svqLfHE6YAgRZQ0McEOYPQOP6BNDtIqsGhfRK\nq4wBSqjL1uQIDfSDMHtkSDz4th6AVm9tebCwfap4UctXEDJAZQl/bK0lHc1ojUkZ\novMPiwWyPdztJKnf+JGck3g0l6//IUAWuf7ogv4YMcTuw4t+/GfT+jk8xrZBor4g\nHx+POGMWe7PITBM0PTWWUTaAQi026P76jqvOonHgX3CUvCAUtM7H0EbkXyeo78Z3\ntQwgfFUZeRZ7XwjmVMgySpnYxIYcUdd6fcFpDz05/18khCf6kCobep5wMvHcHG5m\nzKD6GIr0CPiYGmH/YiSRu1XHxZ227Wa7OJSOaRDQE1K+yxNiFU1YaIdHG/vC1Vo6\nhMUFswGDs5XcILo158oYz9yL7GyKYXmY5AuF743cCgMit8N5AzrQzXTaEhdpsqWB\nwp/aD2PKE/zEn5CIPYqFPHBHkgSQfz2fc+uxUzmlu3Dxv4ZWX2ggb1ytBUL+/EbI\n7ZioNhGu+KkgviUUBfFnhaEYXIlOYJSGHtq3uUEP9IraG72Ulza+FwimmfMBGKcA\nPHS9n4Zc5Hs8axjOeG3C9ydWSQLiYYXo0E0paQhYDDWpH5jxpWECggEBANxV9uvm\n4EMfRUc+JI8rljde3i6gZ1w621bnc66YjC+jOwIX/86YGdns952HrYOkeGjZ1JTj\naCO/ijJfbQzrdpa5m2GZEWzJSYB1OqtClL9zRR8Rrnl5/JpqpG1TCzruTl8G0609\nzCGK8xsO0qEsGv1lTJVY3MkQPfPwMhqUk3jSGGyi2Hsjl2wq4KlIdUOPpEPuPJDa\n2z+ypQ7ZC84B08SNqHx1G1gTlU4dJy/OFhMa4bvreNukYP+0uG3g/GIX7fQiAple\ncrJv419pZ8lOonIaHVjXLX3EP/BJNBx1OSNb/vj1ZCAA/tC7CG0Li2vND3Q7dntr\nMIvVkhwYP+Em4lECggEBANQOFKL22AVl11bW2mqhAqd895+fbGgibcFz4a3LaHY1\n0DFJWyEaVa9BP/fr7/l9hr7tF1DWH3UYckr1pUk+S1mvzgK4tro1bxY5/Emr52EX\n2jyKwz6n7Rm23bl32fsh1ExbCwqVW1cGZH6JOCdweD8O5VTkMDdotRNzcUFsXlx9\nvkeCv3lt8F+OdRmIIg6cgdgHVUf/dfbqEdZe+hFHH6W54gsn3xBLNZn23JEOhSXh\n+YRNUELGEjQ4YQSVEkFll9LrrCKUizvVC5WvM6i8IehmU2aZxs4OEqPTzTlbzuKW\nKRkcF4SdoGb9mm2gn+OZYhVcpED2K3u86T9sO3hj7ccCggEBALd1PGufiQtadiyj\nqX0sJZ9k9kqMdINu3kK15LRzgAYKO4+6u9wg+SVjEamw1uDNiRSEi2SNFKDvUvou\nSnZ/d/Z4BNB2yvNxhinXcko23fOq3trHtiafU5yfPtloU+l1kvu8i3OsCNPFBjZ5\nWRepya9DMUkI/IzNYUhDrvRC0afAB2YtEWM2d1YxPW62Ti065ONK8lMKZ5PaA2Uh\ng5q8Gr+F08wNFf94DtFDpOVBC1BNCbeWkMMRU1KV/xo+QubKVe74goGBCq9YSlGf\nSjNrrgajh9v5Dn+xcCt6SFGJqVGvv9U7PWsIaSMTGCjze9r+mueEu1p4HavQ4B9U\ncZve7IECggEBAIXp+nhLoHIQNWQ+vKI32gBBd/NS71f33g4cCzoAyZBVPYvSgn0u\nL0xEzYvYcKzC69Qoz9+ZyTXeYVcbN+1ALL+PuW6YjbScR/HmXn970tvK/2PaUaCA\n1ce2ZuFYYc0pOPObTya42XzkqZQLPe4SJa3Uz1jD3fsv4aJN9gjV0eVg90gbtqWN\nmw4NXb/o63EEvy7Yuq+EEVAD043oXs2Id+DluW1IGaMli80WS4ZDgCxDP5qgZH42\nrYpSzFnjdircaHunnwYbfq4jRXSatunpHRSxghu6IwU/d+ADwodlhgorv/p+dg+m\np4RCxUJT/ITz+S/6WDQ6AY3b6ATIaeoGWUMCggEBANPsqacyV6uonDmrpVfBzXnm\n4e/qQ8GGeog9bal9Mi74kEQ9N5Pk/7gxCe/UevH3G2vZtBrxoJMp0ulPJiXtDz5b\nrHc5B44qtFfgJfVWYByxBbimsO0o/znomMusT/m3jL4tbmcHsnKX8xx3Q/+OBAZh\nEY6hNFlslxFRijzSxbJ8oAh7/NN1RSUcAqwGDcI528KgWbMJO/2ds68VGx4eyqBm\n68cjZ8kJ9kN8JEivDuMdAGA04xOU0EywU+brSrSRe1nRZdRI0xRtuuJ97MlX05zH\nU1xaFn7fvdf9B2a7LglDfRXWqL59/MJ+28TsVcDr+jqpuem14aqqPfGgYkVBHtg=\n-----END RSA PRIVATE KEY-----\n",
      "type": "string",
      "sensitive": true
    }
  },
  "resources": [
    {
      "mode": "managed",
      "type": "aws_eip",
      "name": "db-elastic-1",
      "provider": "provider[\"registry.terraform.io/hashicorp/aws\"]",
      "instances": [
        {
          "schema_version": 0,
          "attributes": {
            "address": null,
            "allocation_id": "eipalloc-011886752ea9b6975",
            "associate_with_private_ip": null,
            "association_id": "eipassoc-08aa3e8ccb2136f94",
            "carrier_ip": "",
            "customer_owned_ip": "",
            "customer_owned_ipv4_pool": "",
            "domain": "vpc",
            "id": "eipalloc-011886752ea9b6975",
            "instance": "",
            "network_border_group": "us-east-2",
            "network_interface": "eni-073615bdc5edca976",
            "private_dns": "ip-20-0-1-192.us-east-2.compute.internal",
            "private_ip": "20.0.1.192",
            "public_dns": "ec2-3-136-138-139.us-east-2.compute.amazonaws.com",
            "public_ip": "3.136.138.139",
            "public_ipv4_pool": "amazon",
            "tags": {},
            "tags_all": {},
            "timeouts": null,
            "vpc": true
          },
          "sensitive_attributes": [],
          "private": "eyJlMmJmYjczMC1lY2FhLTExZTYtOGY4OC0zNDM2M2JjN2M0YzAiOnsiZGVsZXRlIjoxODAwMDAwMDAwMDAsInJlYWQiOjkwMDAwMDAwMDAwMCwidXBkYXRlIjozMDAwMDAwMDAwMDB9fQ==",
          "dependencies": [
            "aws_eks_cluster.kubernetes-eks",
            "aws_eks_node_group.worker-node-group-1",
            "aws_iam_role.eks-iam-role-2",
            "aws_iam_role.workernodes-2",
            "aws_iam_role_policy_attachment.AmazonEKSWorkerNodePolicy",
            "aws_iam_role_policy_attachment.AmazonEKS_CNI_Policy",
            "aws_internet_gateway.db-igw",
            "aws_internet_gateway.igw",
            "aws_key_pair.main_key_pair",
            "aws_route_table.pub-route",
            "aws_route_table_association.pub-1",
            "aws_route_table_association.pub-2",
            "aws_security_group.sg",
            "aws_subnet.db-pub-sub-1",
            "aws_subnet.db-pub-sub-2",
            "aws_subnet.db-pvt-sub-1",
            "aws_subnet.db-pvt-sub-2",
            "aws_subnet.db-pvt-sub-3",
            "aws_subnet.db-pvt-sub-4",
            "aws_subnet.pub-sub-1",
            "aws_subnet.pub-sub-2",
            "aws_subnet.pvt-sub-1",
            "aws_subnet.pvt-sub-2",
            "aws_subnet.pvt-sub-3",
            "aws_subnet.pvt-sub-4",
            "aws_vpc.dbvpc",
            "aws_vpc.mainvpc",
            "null_resource.copy",
            "null_resource.install_kubectl",
            "tls_private_key.rsa"
          ]
        }
      ]
    },
    {
      "mode": "managed",
      "type": "aws_eip",
      "name": "db-elastic-2",
      "provider": "provider[\"registry.terraform.io/hashicorp/aws\"]",
      "instances": [
        {
          "schema_version": 0,
          "attributes": {
            "address": null,
            "allocation_id": "eipalloc-041a5c401ca8dfe4c",
            "associate_with_private_ip": null,
            "association_id": "eipassoc-053154d849fc22104",
            "carrier_ip": "",
            "customer_owned_ip": "",
            "customer_owned_ipv4_pool": "",
            "domain": "vpc",
            "id": "eipalloc-041a5c401ca8dfe4c",
            "instance": "",
            "network_border_group": "us-east-2",
            "network_interface": "eni-0dcfde4394ba4fdb4",
            "private_dns": "ip-20-0-3-110.us-east-2.compute.internal",
            "private_ip": "20.0.3.110",
            "public_dns": "ec2-3-137-3-200.us-east-2.compute.amazonaws.com",
            "public_ip": "3.137.3.200",
            "public_ipv4_pool": "amazon",
            "tags": {},
            "tags_all": {},
            "timeouts": null,
            "vpc": true
          },
          "sensitive_attributes": [],
          "private": "eyJlMmJmYjczMC1lY2FhLTExZTYtOGY4OC0zNDM2M2JjN2M0YzAiOnsiZGVsZXRlIjoxODAwMDAwMDAwMDAsInJlYWQiOjkwMDAwMDAwMDAwMCwidXBkYXRlIjozMDAwMDAwMDAwMDB9fQ==",
          "dependencies": [
            "aws_eip.db-elastic-1",
            "aws_eks_cluster.kubernetes-eks",
            "aws_eks_node_group.worker-node-group-1",
            "aws_iam_role.eks-iam-role-2",
            "aws_iam_role.workernodes-2",
            "aws_iam_role_policy_attachment.AmazonEKSWorkerNodePolicy",
            "aws_iam_role_policy_attachment.AmazonEKS_CNI_Policy",
            "aws_internet_gateway.db-igw",
            "aws_internet_gateway.igw",
            "aws_key_pair.main_key_pair",
            "aws_nat_gateway.db-nat-1",
            "aws_route_table.pub-route",
            "aws_route_table_association.pub-1",
            "aws_route_table_association.pub-2",
            "aws_security_group.sg",
            "aws_subnet.db-pub-sub-1",
            "aws_subnet.db-pub-sub-2",
            "aws_subnet.db-pvt-sub-1",
            "aws_subnet.db-pvt-sub-2",
            "aws_subnet.db-pvt-sub-3",
            "aws_subnet.db-pvt-sub-4",
            "aws_subnet.pub-sub-1",
            "aws_subnet.pub-sub-2",
            "aws_subnet.pvt-sub-1",
            "aws_subnet.pvt-sub-2",
            "aws_subnet.pvt-sub-3",
            "aws_subnet.pvt-sub-4",
            "aws_vpc.dbvpc",
            "aws_vpc.mainvpc",
            "null_resource.copy",
            "null_resource.install_kubectl",
            "tls_private_key.rsa"
          ]
        }
      ]
    },
    {
      "mode": "managed",
      "type": "aws_eks_cluster",
      "name": "kubernetes-eks",
      "provider": "provider[\"registry.terraform.io/hashicorp/aws\"]",
      "instances": [
        {
          "schema_version": 0,
          "attributes": {
            "arn": "arn:aws:eks:us-east-2:735117202941:cluster/k8s-cluster",
            "certificate_authority": [
              {
                "data": "LS0tLS1CRUdJTiBDRVJUSUZJQ0FURS0tLS0tCk1JSUMvakNDQWVhZ0F3SUJBZ0lCQURBTkJna3Foa2lHOXcwQkFRc0ZBREFWTVJNd0VRWURWUVFERXdwcmRXSmwKY201bGRHVnpNQjRYRFRJek1EVXlOREE1TkRRME9Gb1hEVE16TURVeU1UQTVORFEwT0Zvd0ZURVRNQkVHQTFVRQpBeE1LYTNWaVpYSnVaWFJsY3pDQ0FTSXdEUVlKS29aSWh2Y05BUUVCQlFBRGdnRVBBRENDQVFvQ2dnRUJBTHdnCk14ZjhTbE5zNkRJZVY3bmFya3hma0QzM2R5N0NGcjVJaFFQdTMwZ0lMNStnbFJZTTlzNTJqUG9TWmRWWTBFbEQKaXVXbkJud0oyblBiK3hSekR3djBRYmhjTDFnUHdMdnUzcGRxTWdNNDdlbC9wajdscEp6TndKQThOM2NTdWl0MAplMnc4dk9FaGFxUkxMMmNmdTVaMVdsd1NkSnovNm96TGpBUktlS1ZtNFNHVFc3cVcvMTBKMFJYN1BEY2Z2OURQClZodm45MmpWNEVSRTBJZ2dUZGZrQnhVVVdaNGRCdnZSS0V5MnJiVi9rNnU5Z3ZJazdvSExQK2xjWktWTzRMRzYKYWVKSEp2VGE0UmphVDZaKzhTT1hPbGhVV1YwZ1QwbytYQ0RkeVZoZkZzSHI0ODBKSzI1bWpidFVNeDNSellzVApyWUxyOERrTWhsbkt3aTYyNmw4Q0F3RUFBYU5aTUZjd0RnWURWUjBQQVFIL0JBUURBZ0trTUE4R0ExVWRFd0VCCi93UUZNQU1CQWY4d0hRWURWUjBPQkJZRUZFd2NLeXpWVTZhNzFJS3NGb2ZlbUdJUXE0ZGtNQlVHQTFVZEVRUU8KTUF5Q0NtdDFZbVZ5Ym1WMFpYTXdEUVlKS29aSWh2Y05BUUVMQlFBRGdnRUJBSW1JbjFvdkYxalhxZU5qQkJJMQpjcHljTUtXQm5pNVNmbHZCVVVOaG1oQjByVFZscGZFWWZnYUJSZ2hZWVd1d3FuTTVCOGlTbzJ5U0F3Y0J4S09BClZBa3g0aWZzRUtCa2IxRDBpdnhrZis2bGNCRDFjZjJ2VFY1SDBXaHlub2gwZFJOZnlIUXBxRlpTYWhCWDdPV0EKWlZGWXhHZnQvL2ZQYzZ4U2NnNUR1VEpIVVBoZGVjYVJsTk5rK3BDaDQ1R01lZE1PSEpQZGZSb1ZpZ3R4TzNzOQpGVmx1MXZLb25GQ1NwNnJMZmpWYW55dWVNa1grcEVBNzNjQXQ1SUJEWjlTdC96VHNLSWcxS2dXcWovTmk1Ry9mCmRZMFdhTGxYekk5Wk13K2V0MXN3bmlNZW9ROC8yK2xvUlltSUNGWWNKZWRZSE9IenFFanlSK09kNU9yUVpTUTcKZWhnPQotLS0tLUVORCBDRVJUSUZJQ0FURS0tLS0tCg=="
              }
            ],
            "cluster_id": null,
            "created_at": "2023-05-24 09:39:34.422 +0000 UTC",
            "enabled_cluster_log_types": [],
            "encryption_config": [],
            "endpoint": "https://3FFA95961C86E805C0A5EB286FF70BDD.sk1.us-east-2.eks.amazonaws.com",
            "id": "k8s-cluster",
            "identity": [
              {
                "oidc": [
                  {
                    "issuer": "https://oidc.eks.us-east-2.amazonaws.com/id/3FFA95961C86E805C0A5EB286FF70BDD"
                  }
                ]
              }
            ],
            "kubernetes_network_config": [
              {
                "ip_family": "ipv4",
                "service_ipv4_cidr": "172.20.0.0/16",
                "service_ipv6_cidr": ""
              }
            ],
            "name": "k8s-cluster",
            "outpost_config": [],
            "platform_version": "eks.2",
            "role_arn": "arn:aws:iam::735117202941:role/kubernetes-eks-iam-role-2",
            "status": "ACTIVE",
            "tags": {},
            "tags_all": {},
            "timeouts": null,
            "version": "1.26",
            "vpc_config": [
              {
                "cluster_security_group_id": "sg-01f5dbb7f6c305e52",
                "endpoint_private_access": false,
                "endpoint_public_access": true,
                "public_access_cidrs": [
                  "0.0.0.0/0"
                ],
                "security_group_ids": [],
                "subnet_ids": [
                  "subnet-0214623b70cc0cb82",
                  "subnet-0f3afcf72f0bb368f"
                ],
                "vpc_id": "vpc-0b142d9b6f8c97e1a"
              }
            ]
          },
          "sensitive_attributes": [],
          "private": "eyJlMmJmYjczMC1lY2FhLTExZTYtOGY4OC0zNDM2M2JjN2M0YzAiOnsiY3JlYXRlIjoxODAwMDAwMDAwMDAwLCJkZWxldGUiOjkwMDAwMDAwMDAwMCwidXBkYXRlIjozNjAwMDAwMDAwMDAwfX0=",
          "dependencies": [
            "aws_iam_role.eks-iam-role-2",
            "aws_internet_gateway.igw",
            "aws_key_pair.main_key_pair",
            "aws_route_table.pub-route",
            "aws_route_table_association.pub-1",
            "aws_route_table_association.pub-2",
            "aws_security_group.sg",
            "aws_subnet.pub-sub-1",
            "aws_subnet.pub-sub-2",
            "aws_subnet.pvt-sub-1",
            "aws_subnet.pvt-sub-2",
            "aws_subnet.pvt-sub-3",
            "aws_subnet.pvt-sub-4",
            "aws_vpc.mainvpc",
            "null_resource.copy",
            "tls_private_key.rsa"
          ]
        }
      ]
    },
    {
      "mode": "managed",
      "type": "aws_eks_node_group",
      "name": "worker-node-group-1",
      "provider": "provider[\"registry.terraform.io/hashicorp/aws\"]",
      "instances": [
        {
          "schema_version": 0,
          "attributes": {
            "ami_type": "AL2_x86_64",
            "arn": "arn:aws:eks:us-east-2:735117202941:nodegroup/k8s-cluster/eks-workernodes-2/a6c42695-09df-5601-3860-3f8bb1673185",
            "capacity_type": "ON_DEMAND",
            "cluster_name": "k8s-cluster",
            "disk_size": 20,
            "force_update_version": null,
            "id": "k8s-cluster:eks-workernodes-2",
            "instance_types": [
              "t2.micro"
            ],
            "labels": {},
            "launch_template": [],
            "node_group_name": "eks-workernodes-2",
            "node_group_name_prefix": "",
            "node_role_arn": "arn:aws:iam::735117202941:role/eks-node-group-example-2",
            "release_version": "1.26.4-20230513",
            "remote_access": [],
            "resources": [
              {
                "autoscaling_groups": [
                  {
                    "name": "eks-eks-workernodes-2-a6c42695-09df-5601-3860-3f8bb1673185"
                  }
                ],
                "remote_access_security_group_id": ""
              }
            ],
            "scaling_config": [
              {
                "desired_size": 2,
                "max_size": 3,
                "min_size": 2
              }
            ],
            "status": "ACTIVE",
            "subnet_ids": [
              "subnet-0214623b70cc0cb82",
              "subnet-0f3afcf72f0bb368f"
            ],
            "tags": {},
            "tags_all": {},
            "taint": [],
            "timeouts": null,
            "update_config": [
              {
                "max_unavailable": 1,
                "max_unavailable_percentage": 0
              }
            ],
            "version": "1.26"
          },
          "sensitive_attributes": [],
          "private": "eyJlMmJmYjczMC1lY2FhLTExZTYtOGY4OC0zNDM2M2JjN2M0YzAiOnsiY3JlYXRlIjozNjAwMDAwMDAwMDAwLCJkZWxldGUiOjM2MDAwMDAwMDAwMDAsInVwZGF0ZSI6MzYwMDAwMDAwMDAwMH19",
          "dependencies": [
            "aws_eks_cluster.kubernetes-eks",
            "aws_iam_role.eks-iam-role-2",
            "aws_iam_role.workernodes-2",
            "aws_iam_role_policy_attachment.AmazonEKSWorkerNodePolicy",
            "aws_iam_role_policy_attachment.AmazonEKS_CNI_Policy",
            "aws_internet_gateway.igw",
            "aws_key_pair.main_key_pair",
            "aws_route_table.pub-route",
            "aws_route_table_association.pub-1",
            "aws_route_table_association.pub-2",
            "aws_security_group.sg",
            "aws_subnet.pub-sub-1",
            "aws_subnet.pub-sub-2",
            "aws_subnet.pvt-sub-1",
            "aws_subnet.pvt-sub-2",
            "aws_subnet.pvt-sub-3",
            "aws_subnet.pvt-sub-4",
            "aws_vpc.mainvpc",
            "null_resource.copy",
            "tls_private_key.rsa"
          ]
        }
      ]
    },
    {
      "mode": "managed",
      "type": "aws_iam_role",
      "name": "eks-iam-role-2",
      "provider": "provider[\"registry.terraform.io/hashicorp/aws\"]",
      "instances": [
        {
          "schema_version": 0,
          "attributes": {
            "arn": "arn:aws:iam::735117202941:role/kubernetes-eks-iam-role-2",
            "assume_role_policy": "{\"Statement\":[{\"Action\":\"sts:AssumeRole\",\"Effect\":\"Allow\",\"Principal\":{\"Service\":\"eks.amazonaws.com\"}}],\"Version\":\"2012-10-17\"}",
            "create_date": "2023-05-24T09:39:33Z",
            "description": "",
            "force_detach_policies": false,
            "id": "kubernetes-eks-iam-role-2",
            "inline_policy": [],
            "managed_policy_arns": [
              "arn:aws:iam::aws:policy/AmazonEC2ContainerRegistryReadOnly",
              "arn:aws:iam::aws:policy/AmazonEKSClusterPolicy"
            ],
            "max_session_duration": 3600,
            "name": "kubernetes-eks-iam-role-2",
            "name_prefix": "",
            "path": "/",
            "permissions_boundary": null,
            "role_last_used": [
              {
                "last_used_date": "",
                "region": ""
              }
            ],
            "tags": {},
            "tags_all": {},
            "unique_id": "AROA2WKDGKX6XVUYRIO7T"
          },
          "sensitive_attributes": [],
          "private": "bnVsbA==",
          "dependencies": [
            "aws_internet_gateway.igw",
            "aws_key_pair.main_key_pair",
            "aws_route_table.pub-route",
            "aws_route_table_association.pub-1",
            "aws_route_table_association.pub-2",
            "aws_security_group.sg",
            "aws_subnet.pub-sub-1",
            "aws_subnet.pub-sub-2",
            "aws_subnet.pvt-sub-1",
            "aws_subnet.pvt-sub-2",
            "aws_subnet.pvt-sub-3",
            "aws_subnet.pvt-sub-4",
            "aws_vpc.mainvpc",
            "null_resource.copy",
            "tls_private_key.rsa"
          ]
        }
      ]
    },
    {
      "mode": "managed",
      "type": "aws_iam_role",
      "name": "workernodes-2",
      "provider": "provider[\"registry.terraform.io/hashicorp/aws\"]",
      "instances": [
        {
          "schema_version": 0,
          "attributes": {
            "arn": "arn:aws:iam::735117202941:role/eks-node-group-example-2",
            "assume_role_policy": "{\"Statement\":[{\"Action\":\"sts:AssumeRole\",\"Effect\":\"Allow\",\"Principal\":{\"Service\":\"ec2.amazonaws.com\"}}],\"Version\":\"2012-10-17\"}",
            "create_date": "2023-05-24T09:39:05Z",
            "description": "",
            "force_detach_policies": false,
            "id": "eks-node-group-example-2",
            "inline_policy": [],
            "managed_policy_arns": [
              "arn:aws:iam::aws:policy/AmazonEC2ContainerRegistryReadOnly",
              "arn:aws:iam::aws:policy/AmazonEKSWorkerNodePolicy",
              "arn:aws:iam::aws:policy/AmazonEKS_CNI_Policy",
              "arn:aws:iam::aws:policy/EC2InstanceProfileForImageBuilderECRContainerBuilds"
            ],
            "max_session_duration": 3600,
            "name": "eks-node-group-example-2",
            "name_prefix": "",
            "path": "/",
            "permissions_boundary": null,
            "role_last_used": [
              {
                "last_used_date": "",
                "region": ""
              }
            ],
            "tags": {},
            "tags_all": {},
            "unique_id": "AROA2WKDGKX62ZQP2F2CF"
          },
          "sensitive_attributes": [],
          "private": "bnVsbA=="
        }
      ]
    },
    {
      "mode": "managed",
      "type": "aws_iam_role_policy_attachment",
      "name": "AmazonEC2ContainerRegistryReadOnly",
      "provider": "provider[\"registry.terraform.io/hashicorp/aws\"]",
      "instances": [
        {
          "schema_version": 0,
          "attributes": {
            "id": "eks-node-group-example-2-20230524093906251800000003",
            "policy_arn": "arn:aws:iam::aws:policy/AmazonEC2ContainerRegistryReadOnly",
            "role": "eks-node-group-example-2"
          },
          "sensitive_attributes": [],
          "private": "bnVsbA==",
          "dependencies": [
            "aws_iam_role.workernodes-2"
          ]
        }
      ]
    },
    {
      "mode": "managed",
      "type": "aws_iam_role_policy_attachment",
      "name": "AmazonEC2ContainerRegistryReadOnly-EKS",
      "provider": "provider[\"registry.terraform.io/hashicorp/aws\"]",
      "instances": [
        {
          "schema_version": 0,
          "attributes": {
            "id": "kubernetes-eks-iam-role-2-20230524093933594200000006",
            "policy_arn": "arn:aws:iam::aws:policy/AmazonEC2ContainerRegistryReadOnly",
            "role": "kubernetes-eks-iam-role-2"
          },
          "sensitive_attributes": [],
          "private": "bnVsbA==",
          "dependencies": [
            "aws_iam_role.eks-iam-role-2",
            "aws_internet_gateway.igw",
            "aws_key_pair.main_key_pair",
            "aws_route_table.pub-route",
            "aws_route_table_association.pub-1",
            "aws_route_table_association.pub-2",
            "aws_security_group.sg",
            "aws_subnet.pub-sub-1",
            "aws_subnet.pub-sub-2",
            "aws_subnet.pvt-sub-1",
            "aws_subnet.pvt-sub-2",
            "aws_subnet.pvt-sub-3",
            "aws_subnet.pvt-sub-4",
            "aws_vpc.mainvpc",
            "null_resource.copy",
            "tls_private_key.rsa"
          ]
        }
      ]
    },
    {
      "mode": "managed",
      "type": "aws_iam_role_policy_attachment",
      "name": "AmazonEKSClusterPolicy",
      "provider": "provider[\"registry.terraform.io/hashicorp/aws\"]",
      "instances": [
        {
          "schema_version": 0,
          "attributes": {
            "id": "kubernetes-eks-iam-role-2-20230524093933642800000007",
            "policy_arn": "arn:aws:iam::aws:policy/AmazonEKSClusterPolicy",
            "role": "kubernetes-eks-iam-role-2"
          },
          "sensitive_attributes": [],
          "private": "bnVsbA==",
          "dependencies": [
            "aws_iam_role.eks-iam-role-2",
            "aws_internet_gateway.igw",
            "aws_key_pair.main_key_pair",
            "aws_route_table.pub-route",
            "aws_route_table_association.pub-1",
            "aws_route_table_association.pub-2",
            "aws_security_group.sg",
            "aws_subnet.pub-sub-1",
            "aws_subnet.pub-sub-2",
            "aws_subnet.pvt-sub-1",
            "aws_subnet.pvt-sub-2",
            "aws_subnet.pvt-sub-3",
            "aws_subnet.pvt-sub-4",
            "aws_vpc.mainvpc",
            "null_resource.copy",
            "tls_private_key.rsa"
          ]
        }
      ]
    },
    {
      "mode": "managed",
      "type": "aws_iam_role_policy_attachment",
      "name": "AmazonEKSWorkerNodePolicy",
      "provider": "provider[\"registry.terraform.io/hashicorp/aws\"]",
      "instances": [
        {
          "schema_version": 0,
          "attributes": {
            "id": "eks-node-group-example-2-20230524093906283000000004",
            "policy_arn": "arn:aws:iam::aws:policy/AmazonEKSWorkerNodePolicy",
            "role": "eks-node-group-example-2"
          },
          "sensitive_attributes": [],
          "private": "bnVsbA==",
          "dependencies": [
            "aws_iam_role.workernodes-2"
          ]
        }
      ]
    },
    {
      "mode": "managed",
      "type": "aws_iam_role_policy_attachment",
      "name": "AmazonEKS_CNI_Policy",
      "provider": "provider[\"registry.terraform.io/hashicorp/aws\"]",
      "instances": [
        {
          "schema_version": 0,
          "attributes": {
            "id": "eks-node-group-example-2-20230524093906189200000001",
            "policy_arn": "arn:aws:iam::aws:policy/AmazonEKS_CNI_Policy",
            "role": "eks-node-group-example-2"
          },
          "sensitive_attributes": [],
          "private": "bnVsbA==",
          "dependencies": [
            "aws_iam_role.workernodes-2"
          ]
        }
      ]
    },
    {
      "mode": "managed",
      "type": "aws_iam_role_policy_attachment",
      "name": "EC2InstanceProfileForImageBuilderECRContainerBuilds",
      "provider": "provider[\"registry.terraform.io/hashicorp/aws\"]",
      "instances": [
        {
          "schema_version": 0,
          "attributes": {
            "id": "eks-node-group-example-2-20230524093906223500000002",
            "policy_arn": "arn:aws:iam::aws:policy/EC2InstanceProfileForImageBuilderECRContainerBuilds",
            "role": "eks-node-group-example-2"
          },
          "sensitive_attributes": [],
          "private": "bnVsbA==",
          "dependencies": [
            "aws_iam_role.workernodes-2"
          ]
        }
      ]
    },
    {
      "mode": "managed",
      "type": "aws_instance",
      "name": "app1",
      "provider": "provider[\"registry.terraform.io/hashicorp/aws\"]",
      "instances": [
        {
          "schema_version": 1,
          "attributes": {
            "ami": "ami-0430580de6244e02e",
            "arn": "arn:aws:ec2:us-east-2:735117202941:instance/i-085379328b605c98c",
            "associate_public_ip_address": true,
            "availability_zone": "us-east-2b",
            "capacity_reservation_specification": [
              {
                "capacity_reservation_preference": "open",
                "capacity_reservation_target": []
              }
            ],
            "cpu_core_count": 1,
            "cpu_options": [
              {
                "amd_sev_snp": "",
                "core_count": 1,
                "threads_per_core": 1
              }
            ],
            "cpu_threads_per_core": 1,
            "credit_specification": [
              {
                "cpu_credits": "standard"
              }
            ],
            "disable_api_stop": false,
            "disable_api_termination": false,
            "ebs_block_device": [],
            "ebs_optimized": false,
            "enclave_options": [
              {
                "enabled": false
              }
            ],
            "ephemeral_block_device": [],
            "get_password_data": false,
            "hibernation": false,
            "host_id": "",
            "host_resource_group_arn": null,
            "iam_instance_profile": "",
            "id": "i-085379328b605c98c",
            "instance_initiated_shutdown_behavior": "stop",
            "instance_state": "running",
            "instance_type": "t2.micro",
            "ipv6_address_count": 0,
            "ipv6_addresses": [],
            "key_name": "main-key",
            "launch_template": [],
            "maintenance_options": [
              {
                "auto_recovery": "default"
              }
            ],
            "metadata_options": [
              {
                "http_endpoint": "enabled",
                "http_put_response_hop_limit": 1,
                "http_tokens": "optional",
                "instance_metadata_tags": "disabled"
              }
            ],
            "monitoring": false,
            "network_interface": [],
            "outpost_arn": "",
            "password_data": "",
            "placement_group": "",
            "placement_partition_number": 0,
            "primary_network_interface_id": "eni-0e3ba1c679a949d4f",
            "private_dns": "ip-10-0-3-185.us-east-2.compute.internal",
            "private_dns_name_options": [
              {
                "enable_resource_name_dns_a_record": false,
                "enable_resource_name_dns_aaaa_record": false,
                "hostname_type": "ip-name"
              }
            ],
            "private_ip": "10.0.3.185",
            "public_dns": "",
            "public_ip": "13.59.78.82",
            "root_block_device": [
              {
                "delete_on_termination": true,
                "device_name": "/dev/sda1",
                "encrypted": false,
                "iops": 100,
                "kms_key_id": "",
                "tags": {},
                "throughput": 0,
                "volume_id": "vol-05458a3e0772996f0",
                "volume_size": 8,
                "volume_type": "gp2"
              }
            ],
            "secondary_private_ips": [],
            "security_groups": [],
            "source_dest_check": true,
            "subnet_id": "subnet-0214623b70cc0cb82",
            "tags": {
              "Name": "web"
            },
            "tags_all": {
              "Name": "web"
            },
            "tenancy": "default",
            "timeouts": null,
            "user_data": null,
            "user_data_base64": null,
            "user_data_replace_on_change": false,
            "volume_tags": null,
            "vpc_security_group_ids": [
              "sg-09b620f85a8a8890e"
            ]
          },
          "sensitive_attributes": [],
          "private": "eyJlMmJmYjczMC1lY2FhLTExZTYtOGY4OC0zNDM2M2JjN2M0YzAiOnsiY3JlYXRlIjo2MDAwMDAwMDAwMDAsImRlbGV0ZSI6MTIwMDAwMDAwMDAwMCwidXBkYXRlIjo2MDAwMDAwMDAwMDB9LCJzY2hlbWFfdmVyc2lvbiI6IjEifQ==",
          "dependencies": [
            "aws_eip.db-elastic-1",
            "aws_eip.db-elastic-2",
            "aws_eks_cluster.kubernetes-eks",
            "aws_eks_node_group.worker-node-group-1",
            "aws_iam_role.eks-iam-role-2",
            "aws_iam_role.workernodes-2",
            "aws_iam_role_policy_attachment.AmazonEKSWorkerNodePolicy",
            "aws_iam_role_policy_attachment.AmazonEKS_CNI_Policy",
            "aws_internet_gateway.db-igw",
            "aws_internet_gateway.igw",
            "aws_key_pair.main_key_pair",
            "aws_nat_gateway.db-nat-1",
            "aws_nat_gateway.db-nat-2",
            "aws_route.vpc_dbvpc_to_vpc_mainvpc",
            "aws_route.vpc_mainvpc_to_vpc_dabvpc",
            "aws_route_table.db-pub-route",
            "aws_route_table.db-pvt-route-1",
            "aws_route_table.db-pvt-route-2",
            "aws_route_table.db-pvt-route-3",
            "aws_route_table.db-pvt-route-4",
            "aws_route_table.pub-route",
            "aws_route_table_association.db-pub-1",
            "aws_route_table_association.db-pub-2",
            "aws_route_table_association.db-pvt-1",
            "aws_route_table_association.db-pvt-2",
            "aws_route_table_association.db-pvt-3",
            "aws_route_table_association.db-pvt-4",
            "aws_route_table_association.pub-1",
            "aws_route_table_association.pub-2",
            "aws_security_group.db-sg",
            "aws_security_group.sg",
            "aws_security_group_rule.ingress",
            "aws_subnet.db-pub-sub-1",
            "aws_subnet.db-pub-sub-2",
            "aws_subnet.db-pvt-sub-1",
            "aws_subnet.db-pvt-sub-2",
            "aws_subnet.db-pvt-sub-3",
            "aws_subnet.db-pvt-sub-4",
            "aws_subnet.pub-sub-1",
            "aws_subnet.pub-sub-2",
            "aws_subnet.pvt-sub-1",
            "aws_subnet.pvt-sub-2",
            "aws_subnet.pvt-sub-3",
            "aws_subnet.pvt-sub-4",
            "aws_vpc.dbvpc",
            "aws_vpc.mainvpc",
            "aws_vpc_peering_connection.peering",
            "null_resource.copy",
            "null_resource.install_kubectl",
            "tls_private_key.rsa"
          ]
        }
      ]
    },
    {
      "mode": "managed",
      "type": "aws_instance",
      "name": "bastion-host",
      "provider": "provider[\"registry.terraform.io/hashicorp/aws\"]",
      "instances": [
        {
          "schema_version": 1,
          "attributes": {
            "ami": "ami-0430580de6244e02e",
            "arn": "arn:aws:ec2:us-east-2:735117202941:instance/i-0cfb627039a3b1f2e",
            "associate_public_ip_address": true,
            "availability_zone": "us-east-2a",
            "capacity_reservation_specification": [
              {
                "capacity_reservation_preference": "open",
                "capacity_reservation_target": []
              }
            ],
            "cpu_core_count": 1,
            "cpu_options": [
              {
                "amd_sev_snp": "",
                "core_count": 1,
                "threads_per_core": 1
              }
            ],
            "cpu_threads_per_core": 1,
            "credit_specification": [
              {
                "cpu_credits": "standard"
              }
            ],
            "disable_api_stop": false,
            "disable_api_termination": false,
            "ebs_block_device": [],
            "ebs_optimized": false,
            "enclave_options": [
              {
                "enabled": false
              }
            ],
            "ephemeral_block_device": [],
            "get_password_data": false,
            "hibernation": false,
            "host_id": "",
            "host_resource_group_arn": null,
            "iam_instance_profile": "",
            "id": "i-0cfb627039a3b1f2e",
            "instance_initiated_shutdown_behavior": "stop",
            "instance_state": "running",
            "instance_type": "t2.micro",
            "ipv6_address_count": 0,
            "ipv6_addresses": [],
            "key_name": "main-key",
            "launch_template": [],
            "maintenance_options": [
              {
                "auto_recovery": "default"
              }
            ],
            "metadata_options": [
              {
                "http_endpoint": "enabled",
                "http_put_response_hop_limit": 1,
                "http_tokens": "optional",
                "instance_metadata_tags": "disabled"
              }
            ],
            "monitoring": false,
            "network_interface": [],
            "outpost_arn": "",
            "password_data": "",
            "placement_group": "",
            "placement_partition_number": 0,
            "primary_network_interface_id": "eni-0eb78cad1a6ff848a",
            "private_dns": "ip-20-0-1-133.us-east-2.compute.internal",
            "private_dns_name_options": [
              {
                "enable_resource_name_dns_a_record": false,
                "enable_resource_name_dns_aaaa_record": false,
                "hostname_type": "ip-name"
              }
            ],
            "private_ip": "20.0.1.133",
            "public_dns": "",
            "public_ip": "3.138.61.48",
            "root_block_device": [
              {
                "delete_on_termination": true,
                "device_name": "/dev/sda1",
                "encrypted": false,
                "iops": 100,
                "kms_key_id": "",
                "tags": {},
                "throughput": 0,
                "volume_id": "vol-05cb8e01701da89db",
                "volume_size": 8,
                "volume_type": "gp2"
              }
            ],
            "secondary_private_ips": [],
            "security_groups": [],
            "source_dest_check": true,
            "subnet_id": "subnet-032bc31cefc6038c6",
            "tags": {
              "Name": "Bastion-host"
            },
            "tags_all": {
              "Name": "Bastion-host"
            },
            "tenancy": "default",
            "timeouts": null,
            "user_data": null,
            "user_data_base64": null,
            "user_data_replace_on_change": false,
            "volume_tags": null,
            "vpc_security_group_ids": [
              "sg-0cde92c7f9ac2d0ab"
            ]
          },
          "sensitive_attributes": [],
          "private": "eyJlMmJmYjczMC1lY2FhLTExZTYtOGY4OC0zNDM2M2JjN2M0YzAiOnsiY3JlYXRlIjo2MDAwMDAwMDAwMDAsImRlbGV0ZSI6MTIwMDAwMDAwMDAwMCwidXBkYXRlIjo2MDAwMDAwMDAwMDB9LCJzY2hlbWFfdmVyc2lvbiI6IjEifQ==",
          "dependencies": [
            "aws_eip.db-elastic-1",
            "aws_eip.db-elastic-2",
            "aws_eks_cluster.kubernetes-eks",
            "aws_eks_node_group.worker-node-group-1",
            "aws_iam_role.eks-iam-role-2",
            "aws_iam_role.workernodes-2",
            "aws_iam_role_policy_attachment.AmazonEKSWorkerNodePolicy",
            "aws_iam_role_policy_attachment.AmazonEKS_CNI_Policy",
            "aws_instance.app1",
            "aws_internet_gateway.db-igw",
            "aws_internet_gateway.igw",
            "aws_key_pair.main_key_pair",
            "aws_nat_gateway.db-nat-1",
            "aws_nat_gateway.db-nat-2",
            "aws_route.vpc_dbvpc_to_vpc_mainvpc",
            "aws_route.vpc_mainvpc_to_vpc_dabvpc",
            "aws_route_table.db-pub-route",
            "aws_route_table.db-pvt-route-1",
            "aws_route_table.db-pvt-route-2",
            "aws_route_table.db-pvt-route-3",
            "aws_route_table.db-pvt-route-4",
            "aws_route_table.pub-route",
            "aws_route_table_association.db-pub-1",
            "aws_route_table_association.db-pub-2",
            "aws_route_table_association.db-pvt-1",
            "aws_route_table_association.db-pvt-2",
            "aws_route_table_association.db-pvt-3",
            "aws_route_table_association.db-pvt-4",
            "aws_route_table_association.pub-1",
            "aws_route_table_association.pub-2",
            "aws_security_group.db-sg",
            "aws_security_group.sg",
            "aws_security_group_rule.ingress",
            "aws_subnet.db-pub-sub-1",
            "aws_subnet.db-pub-sub-2",
            "aws_subnet.db-pvt-sub-1",
            "aws_subnet.db-pvt-sub-2",
            "aws_subnet.db-pvt-sub-3",
            "aws_subnet.db-pvt-sub-4",
            "aws_subnet.pub-sub-1",
            "aws_subnet.pub-sub-2",
            "aws_subnet.pvt-sub-1",
            "aws_subnet.pvt-sub-2",
            "aws_subnet.pvt-sub-3",
            "aws_subnet.pvt-sub-4",
            "aws_vpc.dbvpc",
            "aws_vpc.mainvpc",
            "aws_vpc_peering_connection.peering",
            "null_resource.copy",
            "null_resource.install_kubectl",
            "tls_private_key.rsa"
          ]
        }
      ]
    },
    {
      "mode": "managed",
      "type": "aws_instance",
      "name": "mongo-1",
      "provider": "provider[\"registry.terraform.io/hashicorp/aws\"]",
      "instances": [
        {
          "schema_version": 1,
          "attributes": {
            "ami": "ami-0430580de6244e02e",
            "arn": "arn:aws:ec2:us-east-2:735117202941:instance/i-085df8150857e1586",
            "associate_public_ip_address": false,
            "availability_zone": "us-east-2a",
            "capacity_reservation_specification": [
              {
                "capacity_reservation_preference": "open",
                "capacity_reservation_target": []
              }
            ],
            "cpu_core_count": 1,
            "cpu_options": [
              {
                "amd_sev_snp": "",
                "core_count": 1,
                "threads_per_core": 1
              }
            ],
            "cpu_threads_per_core": 1,
            "credit_specification": [
              {
                "cpu_credits": "standard"
              }
            ],
            "disable_api_stop": false,
            "disable_api_termination": false,
            "ebs_block_device": [],
            "ebs_optimized": false,
            "enclave_options": [
              {
                "enabled": false
              }
            ],
            "ephemeral_block_device": [],
            "get_password_data": false,
            "hibernation": false,
            "host_id": "",
            "host_resource_group_arn": null,
            "iam_instance_profile": "",
            "id": "i-085df8150857e1586",
            "instance_initiated_shutdown_behavior": "stop",
            "instance_state": "running",
            "instance_type": "t2.micro",
            "ipv6_address_count": 0,
            "ipv6_addresses": [],
            "key_name": "main-key",
            "launch_template": [],
            "maintenance_options": [
              {
                "auto_recovery": "default"
              }
            ],
            "metadata_options": [
              {
                "http_endpoint": "enabled",
                "http_put_response_hop_limit": 1,
                "http_tokens": "optional",
                "instance_metadata_tags": "disabled"
              }
            ],
            "monitoring": false,
            "network_interface": [],
            "outpost_arn": "",
            "password_data": "",
            "placement_group": "",
            "placement_partition_number": 0,
            "primary_network_interface_id": "eni-0f3138ff26cc11cd9",
            "private_dns": "ip-20-0-2-198.us-east-2.compute.internal",
            "private_dns_name_options": [
              {
                "enable_resource_name_dns_a_record": false,
                "enable_resource_name_dns_aaaa_record": false,
                "hostname_type": "ip-name"
              }
            ],
            "private_ip": "20.0.2.198",
            "public_dns": "",
            "public_ip": "",
            "root_block_device": [
              {
                "delete_on_termination": true,
                "device_name": "/dev/sda1",
                "encrypted": false,
                "iops": 100,
                "kms_key_id": "",
                "tags": {},
                "throughput": 0,
                "volume_id": "vol-01cd3fcca5b8f7a1a",
                "volume_size": 8,
                "volume_type": "gp2"
              }
            ],
            "secondary_private_ips": [],
            "security_groups": [],
            "source_dest_check": true,
            "subnet_id": "subnet-029733216631d6f42",
            "tags": {
              "Name": "mongo-1"
            },
            "tags_all": {
              "Name": "mongo-1"
            },
            "tenancy": "default",
            "timeouts": null,
            "user_data": null,
            "user_data_base64": null,
            "user_data_replace_on_change": false,
            "volume_tags": null,
            "vpc_security_group_ids": [
              "sg-0cde92c7f9ac2d0ab"
            ]
          },
          "sensitive_attributes": [],
          "private": "eyJlMmJmYjczMC1lY2FhLTExZTYtOGY4OC0zNDM2M2JjN2M0YzAiOnsiY3JlYXRlIjo2MDAwMDAwMDAwMDAsImRlbGV0ZSI6MTIwMDAwMDAwMDAwMCwidXBkYXRlIjo2MDAwMDAwMDAwMDB9LCJzY2hlbWFfdmVyc2lvbiI6IjEifQ==",
          "dependencies": [
            "aws_eip.db-elastic-1",
            "aws_eip.db-elastic-2",
            "aws_eks_cluster.kubernetes-eks",
            "aws_eks_node_group.worker-node-group-1",
            "aws_iam_role.eks-iam-role-2",
            "aws_iam_role.workernodes-2",
            "aws_iam_role_policy_attachment.AmazonEKSWorkerNodePolicy",
            "aws_iam_role_policy_attachment.AmazonEKS_CNI_Policy",
            "aws_instance.app1",
            "aws_instance.bastion-host",
            "aws_internet_gateway.db-igw",
            "aws_internet_gateway.igw",
            "aws_key_pair.main_key_pair",
            "aws_nat_gateway.db-nat-1",
            "aws_nat_gateway.db-nat-2",
            "aws_route.vpc_dbvpc_to_vpc_mainvpc",
            "aws_route.vpc_mainvpc_to_vpc_dabvpc",
            "aws_route_table.db-pub-route",
            "aws_route_table.db-pvt-route-1",
            "aws_route_table.db-pvt-route-2",
            "aws_route_table.db-pvt-route-3",
            "aws_route_table.db-pvt-route-4",
            "aws_route_table.pub-route",
            "aws_route_table_association.db-pub-1",
            "aws_route_table_association.db-pub-2",
            "aws_route_table_association.db-pvt-1",
            "aws_route_table_association.db-pvt-2",
            "aws_route_table_association.db-pvt-3",
            "aws_route_table_association.db-pvt-4",
            "aws_route_table_association.pub-1",
            "aws_route_table_association.pub-2",
            "aws_security_group.db-sg",
            "aws_security_group.sg",
            "aws_security_group_rule.ingress",
            "aws_subnet.db-pub-sub-1",
            "aws_subnet.db-pub-sub-2",
            "aws_subnet.db-pvt-sub-1",
            "aws_subnet.db-pvt-sub-2",
            "aws_subnet.db-pvt-sub-3",
            "aws_subnet.db-pvt-sub-4",
            "aws_subnet.pub-sub-1",
            "aws_subnet.pub-sub-2",
            "aws_subnet.pvt-sub-1",
            "aws_subnet.pvt-sub-2",
            "aws_subnet.pvt-sub-3",
            "aws_subnet.pvt-sub-4",
            "aws_vpc.dbvpc",
            "aws_vpc.mainvpc",
            "aws_vpc_peering_connection.peering",
            "null_resource.copy",
            "null_resource.install_kubectl",
            "tls_private_key.rsa"
          ]
        }
      ]
    },
    {
      "mode": "managed",
      "type": "aws_instance",
      "name": "mongo-2",
      "provider": "provider[\"registry.terraform.io/hashicorp/aws\"]",
      "instances": [
        {
          "schema_version": 1,
          "attributes": {
            "ami": "ami-0430580de6244e02e",
            "arn": "arn:aws:ec2:us-east-2:735117202941:instance/i-0114e054b4a853e39",
            "associate_public_ip_address": false,
            "availability_zone": "us-east-2b",
            "capacity_reservation_specification": [
              {
                "capacity_reservation_preference": "open",
                "capacity_reservation_target": []
              }
            ],
            "cpu_core_count": 1,
            "cpu_options": [
              {
                "amd_sev_snp": "",
                "core_count": 1,
                "threads_per_core": 1
              }
            ],
            "cpu_threads_per_core": 1,
            "credit_specification": [
              {
                "cpu_credits": "standard"
              }
            ],
            "disable_api_stop": false,
            "disable_api_termination": false,
            "ebs_block_device": [],
            "ebs_optimized": false,
            "enclave_options": [
              {
                "enabled": false
              }
            ],
            "ephemeral_block_device": [],
            "get_password_data": false,
            "hibernation": false,
            "host_id": "",
            "host_resource_group_arn": null,
            "iam_instance_profile": "",
            "id": "i-0114e054b4a853e39",
            "instance_initiated_shutdown_behavior": "stop",
            "instance_state": "running",
            "instance_type": "t2.micro",
            "ipv6_address_count": 0,
            "ipv6_addresses": [],
            "key_name": "main-key",
            "launch_template": [],
            "maintenance_options": [
              {
                "auto_recovery": "default"
              }
            ],
            "metadata_options": [
              {
                "http_endpoint": "enabled",
                "http_put_response_hop_limit": 1,
                "http_tokens": "optional",
                "instance_metadata_tags": "disabled"
              }
            ],
            "monitoring": false,
            "network_interface": [],
            "outpost_arn": "",
            "password_data": "",
            "placement_group": "",
            "placement_partition_number": 0,
            "primary_network_interface_id": "eni-038f69c64192a5fa1",
            "private_dns": "ip-20-0-4-246.us-east-2.compute.internal",
            "private_dns_name_options": [
              {
                "enable_resource_name_dns_a_record": false,
                "enable_resource_name_dns_aaaa_record": false,
                "hostname_type": "ip-name"
              }
            ],
            "private_ip": "20.0.4.246",
            "public_dns": "",
            "public_ip": "",
            "root_block_device": [
              {
                "delete_on_termination": true,
                "device_name": "/dev/sda1",
                "encrypted": false,
                "iops": 100,
                "kms_key_id": "",
                "tags": {},
                "throughput": 0,
                "volume_id": "vol-07eef7b5fdbbeac71",
                "volume_size": 8,
                "volume_type": "gp2"
              }
            ],
            "secondary_private_ips": [],
            "security_groups": [],
            "source_dest_check": true,
            "subnet_id": "subnet-034e75251ecfce123",
            "tags": {
              "Name": "mongo-2"
            },
            "tags_all": {
              "Name": "mongo-2"
            },
            "tenancy": "default",
            "timeouts": null,
            "user_data": null,
            "user_data_base64": null,
            "user_data_replace_on_change": false,
            "volume_tags": null,
            "vpc_security_group_ids": [
              "sg-0cde92c7f9ac2d0ab"
            ]
          },
          "sensitive_attributes": [],
          "private": "eyJlMmJmYjczMC1lY2FhLTExZTYtOGY4OC0zNDM2M2JjN2M0YzAiOnsiY3JlYXRlIjo2MDAwMDAwMDAwMDAsImRlbGV0ZSI6MTIwMDAwMDAwMDAwMCwidXBkYXRlIjo2MDAwMDAwMDAwMDB9LCJzY2hlbWFfdmVyc2lvbiI6IjEifQ==",
          "dependencies": [
            "aws_eip.db-elastic-1",
            "aws_eip.db-elastic-2",
            "aws_eks_cluster.kubernetes-eks",
            "aws_eks_node_group.worker-node-group-1",
            "aws_iam_role.eks-iam-role-2",
            "aws_iam_role.workernodes-2",
            "aws_iam_role_policy_attachment.AmazonEKSWorkerNodePolicy",
            "aws_iam_role_policy_attachment.AmazonEKS_CNI_Policy",
            "aws_instance.app1",
            "aws_instance.bastion-host",
            "aws_instance.mongo-1",
            "aws_internet_gateway.db-igw",
            "aws_internet_gateway.igw",
            "aws_key_pair.main_key_pair",
            "aws_nat_gateway.db-nat-1",
            "aws_nat_gateway.db-nat-2",
            "aws_route.vpc_dbvpc_to_vpc_mainvpc",
            "aws_route.vpc_mainvpc_to_vpc_dabvpc",
            "aws_route_table.db-pub-route",
            "aws_route_table.db-pvt-route-1",
            "aws_route_table.db-pvt-route-2",
            "aws_route_table.db-pvt-route-3",
            "aws_route_table.db-pvt-route-4",
            "aws_route_table.pub-route",
            "aws_route_table_association.db-pub-1",
            "aws_route_table_association.db-pub-2",
            "aws_route_table_association.db-pvt-1",
            "aws_route_table_association.db-pvt-2",
            "aws_route_table_association.db-pvt-3",
            "aws_route_table_association.db-pvt-4",
            "aws_route_table_association.pub-1",
            "aws_route_table_association.pub-2",
            "aws_security_group.db-sg",
            "aws_security_group.sg",
            "aws_security_group_rule.ingress",
            "aws_subnet.db-pub-sub-1",
            "aws_subnet.db-pub-sub-2",
            "aws_subnet.db-pvt-sub-1",
            "aws_subnet.db-pvt-sub-2",
            "aws_subnet.db-pvt-sub-3",
            "aws_subnet.db-pvt-sub-4",
            "aws_subnet.pub-sub-1",
            "aws_subnet.pub-sub-2",
            "aws_subnet.pvt-sub-1",
            "aws_subnet.pvt-sub-2",
            "aws_subnet.pvt-sub-3",
            "aws_subnet.pvt-sub-4",
            "aws_vpc.dbvpc",
            "aws_vpc.mainvpc",
            "aws_vpc_peering_connection.peering",
            "null_resource.copy",
            "null_resource.install_kubectl",
            "tls_private_key.rsa"
          ]
        }
      ]
    },
    {
      "mode": "managed",
      "type": "aws_instance",
      "name": "mongo-3",
      "provider": "provider[\"registry.terraform.io/hashicorp/aws\"]",
      "instances": [
        {
          "schema_version": 1,
          "attributes": {
            "ami": "ami-0430580de6244e02e",
            "arn": "arn:aws:ec2:us-east-2:735117202941:instance/i-0b4b6b4cf3fde42ba",
            "associate_public_ip_address": false,
            "availability_zone": "us-east-2a",
            "capacity_reservation_specification": [
              {
                "capacity_reservation_preference": "open",
                "capacity_reservation_target": []
              }
            ],
            "cpu_core_count": 1,
            "cpu_options": [
              {
                "amd_sev_snp": "",
                "core_count": 1,
                "threads_per_core": 1
              }
            ],
            "cpu_threads_per_core": 1,
            "credit_specification": [
              {
                "cpu_credits": "standard"
              }
            ],
            "disable_api_stop": false,
            "disable_api_termination": false,
            "ebs_block_device": [],
            "ebs_optimized": false,
            "enclave_options": [
              {
                "enabled": false
              }
            ],
            "ephemeral_block_device": [],
            "get_password_data": false,
            "hibernation": false,
            "host_id": "",
            "host_resource_group_arn": null,
            "iam_instance_profile": "",
            "id": "i-0b4b6b4cf3fde42ba",
            "instance_initiated_shutdown_behavior": "stop",
            "instance_state": "running",
            "instance_type": "t2.micro",
            "ipv6_address_count": 0,
            "ipv6_addresses": [],
            "key_name": "main-key",
            "launch_template": [],
            "maintenance_options": [
              {
                "auto_recovery": "default"
              }
            ],
            "metadata_options": [
              {
                "http_endpoint": "enabled",
                "http_put_response_hop_limit": 1,
                "http_tokens": "optional",
                "instance_metadata_tags": "disabled"
              }
            ],
            "monitoring": false,
            "network_interface": [],
            "outpost_arn": "",
            "password_data": "",
            "placement_group": "",
            "placement_partition_number": 0,
            "primary_network_interface_id": "eni-05f80b4e4e5c0b826",
            "private_dns": "ip-20-0-5-170.us-east-2.compute.internal",
            "private_dns_name_options": [
              {
                "enable_resource_name_dns_a_record": false,
                "enable_resource_name_dns_aaaa_record": false,
                "hostname_type": "ip-name"
              }
            ],
            "private_ip": "20.0.5.170",
            "public_dns": "",
            "public_ip": "",
            "root_block_device": [
              {
                "delete_on_termination": true,
                "device_name": "/dev/sda1",
                "encrypted": false,
                "iops": 100,
                "kms_key_id": "",
                "tags": {},
                "throughput": 0,
                "volume_id": "vol-020f78dd857b83f82",
                "volume_size": 8,
                "volume_type": "gp2"
              }
            ],
            "secondary_private_ips": [],
            "security_groups": [],
            "source_dest_check": true,
            "subnet_id": "subnet-00d0c7ac9612a16ed",
            "tags": {
              "Name": "mongo-3"
            },
            "tags_all": {
              "Name": "mongo-3"
            },
            "tenancy": "default",
            "timeouts": null,
            "user_data": null,
            "user_data_base64": null,
            "user_data_replace_on_change": false,
            "volume_tags": null,
            "vpc_security_group_ids": [
              "sg-0cde92c7f9ac2d0ab"
            ]
          },
          "sensitive_attributes": [],
          "private": "eyJlMmJmYjczMC1lY2FhLTExZTYtOGY4OC0zNDM2M2JjN2M0YzAiOnsiY3JlYXRlIjo2MDAwMDAwMDAwMDAsImRlbGV0ZSI6MTIwMDAwMDAwMDAwMCwidXBkYXRlIjo2MDAwMDAwMDAwMDB9LCJzY2hlbWFfdmVyc2lvbiI6IjEifQ==",
          "dependencies": [
            "aws_eip.db-elastic-1",
            "aws_eip.db-elastic-2",
            "aws_eks_cluster.kubernetes-eks",
            "aws_eks_node_group.worker-node-group-1",
            "aws_iam_role.eks-iam-role-2",
            "aws_iam_role.workernodes-2",
            "aws_iam_role_policy_attachment.AmazonEKSWorkerNodePolicy",
            "aws_iam_role_policy_attachment.AmazonEKS_CNI_Policy",
            "aws_instance.app1",
            "aws_instance.bastion-host",
            "aws_instance.mongo-1",
            "aws_instance.mongo-2",
            "aws_internet_gateway.db-igw",
            "aws_internet_gateway.igw",
            "aws_key_pair.main_key_pair",
            "aws_nat_gateway.db-nat-1",
            "aws_nat_gateway.db-nat-2",
            "aws_route.vpc_dbvpc_to_vpc_mainvpc",
            "aws_route.vpc_mainvpc_to_vpc_dabvpc",
            "aws_route_table.db-pub-route",
            "aws_route_table.db-pvt-route-1",
            "aws_route_table.db-pvt-route-2",
            "aws_route_table.db-pvt-route-3",
            "aws_route_table.db-pvt-route-4",
            "aws_route_table.pub-route",
            "aws_route_table_association.db-pub-1",
            "aws_route_table_association.db-pub-2",
            "aws_route_table_association.db-pvt-1",
            "aws_route_table_association.db-pvt-2",
            "aws_route_table_association.db-pvt-3",
            "aws_route_table_association.db-pvt-4",
            "aws_route_table_association.pub-1",
            "aws_route_table_association.pub-2",
            "aws_security_group.db-sg",
            "aws_security_group.sg",
            "aws_security_group_rule.ingress",
            "aws_subnet.db-pub-sub-1",
            "aws_subnet.db-pub-sub-2",
            "aws_subnet.db-pvt-sub-1",
            "aws_subnet.db-pvt-sub-2",
            "aws_subnet.db-pvt-sub-3",
            "aws_subnet.db-pvt-sub-4",
            "aws_subnet.pub-sub-1",
            "aws_subnet.pub-sub-2",
            "aws_subnet.pvt-sub-1",
            "aws_subnet.pvt-sub-2",
            "aws_subnet.pvt-sub-3",
            "aws_subnet.pvt-sub-4",
            "aws_vpc.dbvpc",
            "aws_vpc.mainvpc",
            "aws_vpc_peering_connection.peering",
            "null_resource.copy",
            "null_resource.install_kubectl",
            "tls_private_key.rsa"
          ]
        }
      ]
    },
    {
      "mode": "managed",
      "type": "aws_internet_gateway",
      "name": "db-igw",
      "provider": "provider[\"registry.terraform.io/hashicorp/aws\"]",
      "instances": [
        {
          "schema_version": 0,
          "attributes": {
            "arn": "arn:aws:ec2:us-east-2:735117202941:internet-gateway/igw-0862fa195286db59e",
            "id": "igw-0862fa195286db59e",
            "owner_id": "735117202941",
            "tags": {
              "Name": "db-igw"
            },
            "tags_all": {
              "Name": "db-igw"
            },
            "timeouts": null,
            "vpc_id": "vpc-0e320dbe136afb2bc"
          },
          "sensitive_attributes": [],
          "private": "eyJlMmJmYjczMC1lY2FhLTExZTYtOGY4OC0zNDM2M2JjN2M0YzAiOnsiY3JlYXRlIjoxMjAwMDAwMDAwMDAwLCJkZWxldGUiOjEyMDAwMDAwMDAwMDAsInVwZGF0ZSI6MTIwMDAwMDAwMDAwMH19",
          "dependencies": [
            "aws_eks_cluster.kubernetes-eks",
            "aws_eks_node_group.worker-node-group-1",
            "aws_iam_role.eks-iam-role-2",
            "aws_iam_role.workernodes-2",
            "aws_iam_role_policy_attachment.AmazonEKSWorkerNodePolicy",
            "aws_iam_role_policy_attachment.AmazonEKS_CNI_Policy",
            "aws_internet_gateway.igw",
            "aws_key_pair.main_key_pair",
            "aws_route_table.pub-route",
            "aws_route_table_association.pub-1",
            "aws_route_table_association.pub-2",
            "aws_security_group.sg",
            "aws_subnet.pub-sub-1",
            "aws_subnet.pub-sub-2",
            "aws_subnet.pvt-sub-1",
            "aws_subnet.pvt-sub-2",
            "aws_subnet.pvt-sub-3",
            "aws_subnet.pvt-sub-4",
            "aws_vpc.dbvpc",
            "aws_vpc.mainvpc",
            "null_resource.copy",
            "null_resource.install_kubectl",
            "tls_private_key.rsa"
          ]
        }
      ]
    },
    {
      "mode": "managed",
      "type": "aws_internet_gateway",
      "name": "igw",
      "provider": "provider[\"registry.terraform.io/hashicorp/aws\"]",
      "instances": [
        {
          "schema_version": 0,
          "attributes": {
            "arn": "arn:aws:ec2:us-east-2:735117202941:internet-gateway/igw-0ddfceecbfffb6b73",
            "id": "igw-0ddfceecbfffb6b73",
            "owner_id": "735117202941",
            "tags": {
              "Name": "main-igw"
            },
            "tags_all": {
              "Name": "main-igw"
            },
            "timeouts": null,
            "vpc_id": "vpc-0b142d9b6f8c97e1a"
          },
          "sensitive_attributes": [],
          "private": "eyJlMmJmYjczMC1lY2FhLTExZTYtOGY4OC0zNDM2M2JjN2M0YzAiOnsiY3JlYXRlIjoxMjAwMDAwMDAwMDAwLCJkZWxldGUiOjEyMDAwMDAwMDAwMDAsInVwZGF0ZSI6MTIwMDAwMDAwMDAwMH19",
          "dependencies": [
            "aws_vpc.mainvpc"
          ]
        }
      ]
    },
    {
      "mode": "managed",
      "type": "aws_key_pair",
      "name": "main_key_pair",
      "provider": "provider[\"registry.terraform.io/hashicorp/aws\"]",
      "instances": [
        {
          "schema_version": 1,
          "attributes": {
            "arn": "arn:aws:ec2:us-east-2:735117202941:key-pair/main-key",
            "fingerprint": "48:82:99:d8:d4:de:48:ce:c8:aa:e8:0c:b0:ab:0b:cc",
            "id": "main-key",
            "key_name": "main-key",
            "key_name_prefix": "",
            "key_pair_id": "key-0d956127cf061d13e",
            "key_type": "rsa",
            "public_key": "ssh-rsa AAAAB3NzaC1yc2EAAAADAQABAAACAQC2g07x1j2Pn4w3+QkmyKjNCvKhrdRtZvRRMaJjbhcgyHc3YJRZNESIfBKTUOy/CZQW2LO7/HjCPZ8lj8INS7D7K54zd4iFkytPGwhGtbZ0jzOeFuMGnbTx5gX0VG8LgtXNpX/mLFzph81+yf47mk6nMPj+XBIak34Em/k6ggJUhmHH1CGPKh4mUqmg0yIpKxYRFjsK8gIvOj8Gzuyo1OPxHPz/w+fjBJp7mvrRYn9pk63/ZVa0NKfeTyKdv5A831h2gkqdktdTGOHMAVmqIMzyq34eTnsGTRQu/uXAMKfuZM+wBlhabNgaidF5Bq1EiWySWnNZu+///oJx49HbEjJcAq3sN3AHSihvaVYVZvA+t49wSOWFtgXNtrZU+/9VsUQUhfXhJpiwuZNhppn7Bxn/bkqF5LtwJT0esV7KVsC/hVSVlkB7sWxsYRSe3ipAw2eXHRHwLjEtGnDUcLIvcg9B9Yd/NaPZpa8Ks/esqoXpj1uvEY2rTY4d0nzCgVaR+3/luaRErBdCKDleUuwfHQGOpbgSaT/72oCgwylzFYZJo4s3LeGzxAKf9HauitOcAlMkjfac5OX/50uW6riCo2QgzWEG77JE6HkksstcJip3l3QG+bWJ4fag+7GPHxs1pZ1rxXBpx14ZE2EsJ1q9yXLae8qTr/eFjEKe553jghHp9w==",
            "tags": {},
            "tags_all": {}
          },
          "sensitive_attributes": [],
          "private": "eyJzY2hlbWFfdmVyc2lvbiI6IjEifQ==",
          "dependencies": [
            "aws_internet_gateway.igw",
            "aws_route_table.pub-route",
            "aws_route_table_association.pub-1",
            "aws_route_table_association.pub-2",
            "aws_security_group.sg",
            "aws_subnet.pub-sub-1",
            "aws_subnet.pub-sub-2",
            "aws_subnet.pvt-sub-1",
            "aws_subnet.pvt-sub-2",
            "aws_subnet.pvt-sub-3",
            "aws_subnet.pvt-sub-4",
            "aws_vpc.mainvpc",
            "tls_private_key.rsa"
          ]
        }
      ]
    },
    {
      "mode": "managed",
      "type": "aws_nat_gateway",
      "name": "db-nat-1",
      "provider": "provider[\"registry.terraform.io/hashicorp/aws\"]",
      "instances": [
        {
          "schema_version": 0,
          "attributes": {
            "allocation_id": "eipalloc-011886752ea9b6975",
            "association_id": "eipassoc-08aa3e8ccb2136f94",
            "connectivity_type": "public",
            "id": "nat-002d1cc2cc6f23ae9",
            "network_interface_id": "eni-073615bdc5edca976",
            "private_ip": "20.0.1.192",
            "public_ip": "3.136.138.139",
            "subnet_id": "subnet-032bc31cefc6038c6",
            "tags": {
              "Name": "dbnat-1"
            },
            "tags_all": {
              "Name": "dbnat-1"
            }
          },
          "sensitive_attributes": [],
          "private": "bnVsbA==",
          "dependencies": [
            "aws_eip.db-elastic-1",
            "aws_eks_cluster.kubernetes-eks",
            "aws_eks_node_group.worker-node-group-1",
            "aws_iam_role.eks-iam-role-2",
            "aws_iam_role.workernodes-2",
            "aws_iam_role_policy_attachment.AmazonEKSWorkerNodePolicy",
            "aws_iam_role_policy_attachment.AmazonEKS_CNI_Policy",
            "aws_internet_gateway.db-igw",
            "aws_internet_gateway.igw",
            "aws_key_pair.main_key_pair",
            "aws_route_table.pub-route",
            "aws_route_table_association.pub-1",
            "aws_route_table_association.pub-2",
            "aws_security_group.sg",
            "aws_subnet.db-pub-sub-1",
            "aws_subnet.db-pub-sub-2",
            "aws_subnet.db-pvt-sub-1",
            "aws_subnet.db-pvt-sub-2",
            "aws_subnet.db-pvt-sub-3",
            "aws_subnet.db-pvt-sub-4",
            "aws_subnet.pub-sub-1",
            "aws_subnet.pub-sub-2",
            "aws_subnet.pvt-sub-1",
            "aws_subnet.pvt-sub-2",
            "aws_subnet.pvt-sub-3",
            "aws_subnet.pvt-sub-4",
            "aws_vpc.dbvpc",
            "aws_vpc.mainvpc",
            "null_resource.copy",
            "null_resource.install_kubectl",
            "tls_private_key.rsa"
          ]
        }
      ]
    },
    {
      "mode": "managed",
      "type": "aws_nat_gateway",
      "name": "db-nat-2",
      "provider": "provider[\"registry.terraform.io/hashicorp/aws\"]",
      "instances": [
        {
          "schema_version": 0,
          "attributes": {
            "allocation_id": "eipalloc-041a5c401ca8dfe4c",
            "association_id": "eipassoc-053154d849fc22104",
            "connectivity_type": "public",
            "id": "nat-04b6994e7861881a2",
            "network_interface_id": "eni-0dcfde4394ba4fdb4",
            "private_ip": "20.0.3.110",
            "public_ip": "3.137.3.200",
            "subnet_id": "subnet-0dc9172f386884e2e",
            "tags": {
              "Name": "dbnat-2"
            },
            "tags_all": {
              "Name": "dbnat-2"
            }
          },
          "sensitive_attributes": [],
          "private": "bnVsbA==",
          "dependencies": [
            "aws_eip.db-elastic-1",
            "aws_eip.db-elastic-2",
            "aws_eks_cluster.kubernetes-eks",
            "aws_eks_node_group.worker-node-group-1",
            "aws_iam_role.eks-iam-role-2",
            "aws_iam_role.workernodes-2",
            "aws_iam_role_policy_attachment.AmazonEKSWorkerNodePolicy",
            "aws_iam_role_policy_attachment.AmazonEKS_CNI_Policy",
            "aws_internet_gateway.db-igw",
            "aws_internet_gateway.igw",
            "aws_key_pair.main_key_pair",
            "aws_nat_gateway.db-nat-1",
            "aws_route_table.pub-route",
            "aws_route_table_association.pub-1",
            "aws_route_table_association.pub-2",
            "aws_security_group.sg",
            "aws_subnet.db-pub-sub-1",
            "aws_subnet.db-pub-sub-2",
            "aws_subnet.db-pvt-sub-1",
            "aws_subnet.db-pvt-sub-2",
            "aws_subnet.db-pvt-sub-3",
            "aws_subnet.db-pvt-sub-4",
            "aws_subnet.pub-sub-1",
            "aws_subnet.pub-sub-2",
            "aws_subnet.pvt-sub-1",
            "aws_subnet.pvt-sub-2",
            "aws_subnet.pvt-sub-3",
            "aws_subnet.pvt-sub-4",
            "aws_vpc.dbvpc",
            "aws_vpc.mainvpc",
            "null_resource.copy",
            "null_resource.install_kubectl",
            "tls_private_key.rsa"
          ]
        }
      ]
    },
    {
      "mode": "managed",
      "type": "aws_route",
      "name": "vpc_dbvpc_to_vpc_mainvpc",
      "provider": "provider[\"registry.terraform.io/hashicorp/aws\"]",
      "instances": [
        {
          "schema_version": 0,
          "attributes": {
            "carrier_gateway_id": "",
            "core_network_arn": "",
            "destination_cidr_block": "10.0.0.0/16",
            "destination_ipv6_cidr_block": "",
            "destination_prefix_list_id": "",
            "egress_only_gateway_id": "",
            "gateway_id": "",
            "id": "r-rtb-0ac889d7d70d92445179966490",
            "instance_id": "",
            "instance_owner_id": "",
            "local_gateway_id": "",
            "nat_gateway_id": "",
            "network_interface_id": "",
            "origin": "CreateRoute",
            "route_table_id": "rtb-0ac889d7d70d92445",
            "state": "active",
            "timeouts": null,
            "transit_gateway_id": "",
            "vpc_endpoint_id": "",
            "vpc_peering_connection_id": "pcx-0ce29ee86447310d6"
          },
          "sensitive_attributes": [],
          "private": "eyJlMmJmYjczMC1lY2FhLTExZTYtOGY4OC0zNDM2M2JjN2M0YzAiOnsiY3JlYXRlIjozMDAwMDAwMDAwMDAsImRlbGV0ZSI6MzAwMDAwMDAwMDAwLCJ1cGRhdGUiOjEyMDAwMDAwMDAwMH19",
          "dependencies": [
            "aws_eip.db-elastic-1",
            "aws_eip.db-elastic-2",
            "aws_eks_cluster.kubernetes-eks",
            "aws_eks_node_group.worker-node-group-1",
            "aws_iam_role.eks-iam-role-2",
            "aws_iam_role.workernodes-2",
            "aws_iam_role_policy_attachment.AmazonEKSWorkerNodePolicy",
            "aws_iam_role_policy_attachment.AmazonEKS_CNI_Policy",
            "aws_internet_gateway.db-igw",
            "aws_internet_gateway.igw",
            "aws_key_pair.main_key_pair",
            "aws_nat_gateway.db-nat-1",
            "aws_nat_gateway.db-nat-2",
            "aws_route.vpc_mainvpc_to_vpc_dabvpc",
            "aws_route_table.db-pub-route",
            "aws_route_table.db-pvt-route-1",
            "aws_route_table.db-pvt-route-2",
            "aws_route_table.db-pvt-route-3",
            "aws_route_table.db-pvt-route-4",
            "aws_route_table.pub-route",
            "aws_route_table_association.db-pub-1",
            "aws_route_table_association.db-pub-2",
            "aws_route_table_association.db-pvt-1",
            "aws_route_table_association.db-pvt-2",
            "aws_route_table_association.db-pvt-3",
            "aws_route_table_association.db-pvt-4",
            "aws_route_table_association.pub-1",
            "aws_route_table_association.pub-2",
            "aws_security_group.db-sg",
            "aws_security_group.sg",
            "aws_subnet.db-pub-sub-1",
            "aws_subnet.db-pub-sub-2",
            "aws_subnet.db-pvt-sub-1",
            "aws_subnet.db-pvt-sub-2",
            "aws_subnet.db-pvt-sub-3",
            "aws_subnet.db-pvt-sub-4",
            "aws_subnet.pub-sub-1",
            "aws_subnet.pub-sub-2",
            "aws_subnet.pvt-sub-1",
            "aws_subnet.pvt-sub-2",
            "aws_subnet.pvt-sub-3",
            "aws_subnet.pvt-sub-4",
            "aws_vpc.dbvpc",
            "aws_vpc.mainvpc",
            "aws_vpc_peering_connection.peering",
            "null_resource.copy",
            "null_resource.install_kubectl",
            "tls_private_key.rsa"
          ]
        }
      ]
    },
    {
      "mode": "managed",
      "type": "aws_route",
      "name": "vpc_mainvpc_to_vpc_dabvpc",
      "provider": "provider[\"registry.terraform.io/hashicorp/aws\"]",
      "instances": [
        {
          "schema_version": 0,
          "attributes": {
            "carrier_gateway_id": "",
            "core_network_arn": "",
            "destination_cidr_block": "20.0.0.0/16",
            "destination_ipv6_cidr_block": "",
            "destination_prefix_list_id": "",
            "egress_only_gateway_id": "",
            "gateway_id": "",
            "id": "r-rtb-0b2446c50ce2173872472047643",
            "instance_id": "",
            "instance_owner_id": "",
            "local_gateway_id": "",
            "nat_gateway_id": "",
            "network_interface_id": "",
            "origin": "CreateRoute",
            "route_table_id": "rtb-0b2446c50ce217387",
            "state": "active",
            "timeouts": null,
            "transit_gateway_id": "",
            "vpc_endpoint_id": "",
            "vpc_peering_connection_id": "pcx-0ce29ee86447310d6"
          },
          "sensitive_attributes": [],
          "private": "eyJlMmJmYjczMC1lY2FhLTExZTYtOGY4OC0zNDM2M2JjN2M0YzAiOnsiY3JlYXRlIjozMDAwMDAwMDAwMDAsImRlbGV0ZSI6MzAwMDAwMDAwMDAwLCJ1cGRhdGUiOjEyMDAwMDAwMDAwMH19",
          "dependencies": [
            "aws_eip.db-elastic-1",
            "aws_eip.db-elastic-2",
            "aws_eks_cluster.kubernetes-eks",
            "aws_eks_node_group.worker-node-group-1",
            "aws_iam_role.eks-iam-role-2",
            "aws_iam_role.workernodes-2",
            "aws_iam_role_policy_attachment.AmazonEKSWorkerNodePolicy",
            "aws_iam_role_policy_attachment.AmazonEKS_CNI_Policy",
            "aws_internet_gateway.db-igw",
            "aws_internet_gateway.igw",
            "aws_key_pair.main_key_pair",
            "aws_nat_gateway.db-nat-1",
            "aws_nat_gateway.db-nat-2",
            "aws_route_table.db-pub-route",
            "aws_route_table.db-pvt-route-1",
            "aws_route_table.db-pvt-route-2",
            "aws_route_table.db-pvt-route-3",
            "aws_route_table.db-pvt-route-4",
            "aws_route_table.pub-route",
            "aws_route_table_association.db-pub-1",
            "aws_route_table_association.db-pub-2",
            "aws_route_table_association.db-pvt-1",
            "aws_route_table_association.db-pvt-2",
            "aws_route_table_association.db-pvt-3",
            "aws_route_table_association.db-pvt-4",
            "aws_route_table_association.pub-1",
            "aws_route_table_association.pub-2",
            "aws_security_group.db-sg",
            "aws_security_group.sg",
            "aws_subnet.db-pub-sub-1",
            "aws_subnet.db-pub-sub-2",
            "aws_subnet.db-pvt-sub-1",
            "aws_subnet.db-pvt-sub-2",
            "aws_subnet.db-pvt-sub-3",
            "aws_subnet.db-pvt-sub-4",
            "aws_subnet.pub-sub-1",
            "aws_subnet.pub-sub-2",
            "aws_subnet.pvt-sub-1",
            "aws_subnet.pvt-sub-2",
            "aws_subnet.pvt-sub-3",
            "aws_subnet.pvt-sub-4",
            "aws_vpc.dbvpc",
            "aws_vpc.mainvpc",
            "aws_vpc_peering_connection.peering",
            "null_resource.copy",
            "null_resource.install_kubectl",
            "tls_private_key.rsa"
          ]
        }
      ]
    },
    {
      "mode": "managed",
      "type": "aws_route53_record",
      "name": "mongo-1",
      "provider": "provider[\"registry.terraform.io/hashicorp/aws\"]",
      "instances": [
        {
          "schema_version": 2,
          "attributes": {
            "alias": [],
            "allow_overwrite": null,
            "cidr_routing_policy": [],
            "failover_routing_policy": [],
            "fqdn": "www.database-darwinbox-1.com.database-darwinbox.com",
            "geolocation_routing_policy": [],
            "health_check_id": "",
            "id": "Z071566313OL27AW4XHTW_www.database-darwinbox-1.com_A",
            "latency_routing_policy": [],
            "multivalue_answer_routing_policy": false,
            "name": "www.database-darwinbox-1.com",
            "records": [
              "20.0.2.198"
            ],
            "set_identifier": "",
            "ttl": 60,
            "type": "A",
            "weighted_routing_policy": [],
            "zone_id": "Z071566313OL27AW4XHTW"
          },
          "sensitive_attributes": [],
          "private": "eyJzY2hlbWFfdmVyc2lvbiI6IjIifQ==",
          "dependencies": [
            "aws_eip.db-elastic-1",
            "aws_eip.db-elastic-2",
            "aws_eks_cluster.kubernetes-eks",
            "aws_eks_node_group.worker-node-group-1",
            "aws_iam_role.eks-iam-role-2",
            "aws_iam_role.workernodes-2",
            "aws_iam_role_policy_attachment.AmazonEKSWorkerNodePolicy",
            "aws_iam_role_policy_attachment.AmazonEKS_CNI_Policy",
            "aws_instance.app1",
            "aws_instance.bastion-host",
            "aws_instance.mongo-1",
            "aws_internet_gateway.db-igw",
            "aws_internet_gateway.igw",
            "aws_key_pair.main_key_pair",
            "aws_nat_gateway.db-nat-1",
            "aws_nat_gateway.db-nat-2",
            "aws_route.vpc_dbvpc_to_vpc_mainvpc",
            "aws_route.vpc_mainvpc_to_vpc_dabvpc",
            "aws_route53_zone.database-darwinbox",
            "aws_route_table.db-pub-route",
            "aws_route_table.db-pvt-route-1",
            "aws_route_table.db-pvt-route-2",
            "aws_route_table.db-pvt-route-3",
            "aws_route_table.db-pvt-route-4",
            "aws_route_table.pub-route",
            "aws_route_table_association.db-pub-1",
            "aws_route_table_association.db-pub-2",
            "aws_route_table_association.db-pvt-1",
            "aws_route_table_association.db-pvt-2",
            "aws_route_table_association.db-pvt-3",
            "aws_route_table_association.db-pvt-4",
            "aws_route_table_association.pub-1",
            "aws_route_table_association.pub-2",
            "aws_security_group.db-sg",
            "aws_security_group.sg",
            "aws_security_group_rule.ingress",
            "aws_subnet.db-pub-sub-1",
            "aws_subnet.db-pub-sub-2",
            "aws_subnet.db-pvt-sub-1",
            "aws_subnet.db-pvt-sub-2",
            "aws_subnet.db-pvt-sub-3",
            "aws_subnet.db-pvt-sub-4",
            "aws_subnet.pub-sub-1",
            "aws_subnet.pub-sub-2",
            "aws_subnet.pvt-sub-1",
            "aws_subnet.pvt-sub-2",
            "aws_subnet.pvt-sub-3",
            "aws_subnet.pvt-sub-4",
            "aws_vpc.dbvpc",
            "aws_vpc.mainvpc",
            "aws_vpc_peering_connection.peering",
            "null_resource.copy",
            "null_resource.install_kubectl",
            "tls_private_key.rsa"
          ]
        }
      ]
    },
    {
      "mode": "managed",
      "type": "aws_route53_record",
      "name": "mongo-2",
      "provider": "provider[\"registry.terraform.io/hashicorp/aws\"]",
      "instances": [
        {
          "schema_version": 2,
          "attributes": {
            "alias": [],
            "allow_overwrite": null,
            "cidr_routing_policy": [],
            "failover_routing_policy": [],
            "fqdn": "www.database-darwinbox-2.com.database-darwinbox.com",
            "geolocation_routing_policy": [],
            "health_check_id": "",
            "id": "Z071566313OL27AW4XHTW_www.database-darwinbox-2.com_A",
            "latency_routing_policy": [],
            "multivalue_answer_routing_policy": false,
            "name": "www.database-darwinbox-2.com",
            "records": [
              "20.0.4.246"
            ],
            "set_identifier": "",
            "ttl": 60,
            "type": "A",
            "weighted_routing_policy": [],
            "zone_id": "Z071566313OL27AW4XHTW"
          },
          "sensitive_attributes": [],
          "private": "eyJzY2hlbWFfdmVyc2lvbiI6IjIifQ==",
          "dependencies": [
            "aws_eip.db-elastic-1",
            "aws_eip.db-elastic-2",
            "aws_eks_cluster.kubernetes-eks",
            "aws_eks_node_group.worker-node-group-1",
            "aws_iam_role.eks-iam-role-2",
            "aws_iam_role.workernodes-2",
            "aws_iam_role_policy_attachment.AmazonEKSWorkerNodePolicy",
            "aws_iam_role_policy_attachment.AmazonEKS_CNI_Policy",
            "aws_instance.app1",
            "aws_instance.bastion-host",
            "aws_instance.mongo-1",
            "aws_instance.mongo-2",
            "aws_internet_gateway.db-igw",
            "aws_internet_gateway.igw",
            "aws_key_pair.main_key_pair",
            "aws_nat_gateway.db-nat-1",
            "aws_nat_gateway.db-nat-2",
            "aws_route.vpc_dbvpc_to_vpc_mainvpc",
            "aws_route.vpc_mainvpc_to_vpc_dabvpc",
            "aws_route53_zone.database-darwinbox",
            "aws_route_table.db-pub-route",
            "aws_route_table.db-pvt-route-1",
            "aws_route_table.db-pvt-route-2",
            "aws_route_table.db-pvt-route-3",
            "aws_route_table.db-pvt-route-4",
            "aws_route_table.pub-route",
            "aws_route_table_association.db-pub-1",
            "aws_route_table_association.db-pub-2",
            "aws_route_table_association.db-pvt-1",
            "aws_route_table_association.db-pvt-2",
            "aws_route_table_association.db-pvt-3",
            "aws_route_table_association.db-pvt-4",
            "aws_route_table_association.pub-1",
            "aws_route_table_association.pub-2",
            "aws_security_group.db-sg",
            "aws_security_group.sg",
            "aws_security_group_rule.ingress",
            "aws_subnet.db-pub-sub-1",
            "aws_subnet.db-pub-sub-2",
            "aws_subnet.db-pvt-sub-1",
            "aws_subnet.db-pvt-sub-2",
            "aws_subnet.db-pvt-sub-3",
            "aws_subnet.db-pvt-sub-4",
            "aws_subnet.pub-sub-1",
            "aws_subnet.pub-sub-2",
            "aws_subnet.pvt-sub-1",
            "aws_subnet.pvt-sub-2",
            "aws_subnet.pvt-sub-3",
            "aws_subnet.pvt-sub-4",
            "aws_vpc.dbvpc",
            "aws_vpc.mainvpc",
            "aws_vpc_peering_connection.peering",
            "null_resource.copy",
            "null_resource.install_kubectl",
            "tls_private_key.rsa"
          ]
        }
      ]
    },
    {
      "mode": "managed",
      "type": "aws_route53_record",
      "name": "mongo-3",
      "provider": "provider[\"registry.terraform.io/hashicorp/aws\"]",
      "instances": [
        {
          "schema_version": 2,
          "attributes": {
            "alias": [],
            "allow_overwrite": null,
            "cidr_routing_policy": [],
            "failover_routing_policy": [],
            "fqdn": "www.database-darwinbox-3.com.database-darwinbox.com",
            "geolocation_routing_policy": [],
            "health_check_id": "",
            "id": "Z071566313OL27AW4XHTW_www.database-darwinbox-3.com_A",
            "latency_routing_policy": [],
            "multivalue_answer_routing_policy": false,
            "name": "www.database-darwinbox-3.com",
            "records": [
              "20.0.5.170"
            ],
            "set_identifier": "",
            "ttl": 60,
            "type": "A",
            "weighted_routing_policy": [],
            "zone_id": "Z071566313OL27AW4XHTW"
          },
          "sensitive_attributes": [],
          "private": "eyJzY2hlbWFfdmVyc2lvbiI6IjIifQ==",
          "dependencies": [
            "aws_eip.db-elastic-1",
            "aws_eip.db-elastic-2",
            "aws_eks_cluster.kubernetes-eks",
            "aws_eks_node_group.worker-node-group-1",
            "aws_iam_role.eks-iam-role-2",
            "aws_iam_role.workernodes-2",
            "aws_iam_role_policy_attachment.AmazonEKSWorkerNodePolicy",
            "aws_iam_role_policy_attachment.AmazonEKS_CNI_Policy",
            "aws_instance.app1",
            "aws_instance.bastion-host",
            "aws_instance.mongo-1",
            "aws_instance.mongo-2",
            "aws_instance.mongo-3",
            "aws_internet_gateway.db-igw",
            "aws_internet_gateway.igw",
            "aws_key_pair.main_key_pair",
            "aws_nat_gateway.db-nat-1",
            "aws_nat_gateway.db-nat-2",
            "aws_route.vpc_dbvpc_to_vpc_mainvpc",
            "aws_route.vpc_mainvpc_to_vpc_dabvpc",
            "aws_route53_zone.database-darwinbox",
            "aws_route_table.db-pub-route",
            "aws_route_table.db-pvt-route-1",
            "aws_route_table.db-pvt-route-2",
            "aws_route_table.db-pvt-route-3",
            "aws_route_table.db-pvt-route-4",
            "aws_route_table.pub-route",
            "aws_route_table_association.db-pub-1",
            "aws_route_table_association.db-pub-2",
            "aws_route_table_association.db-pvt-1",
            "aws_route_table_association.db-pvt-2",
            "aws_route_table_association.db-pvt-3",
            "aws_route_table_association.db-pvt-4",
            "aws_route_table_association.pub-1",
            "aws_route_table_association.pub-2",
            "aws_security_group.db-sg",
            "aws_security_group.sg",
            "aws_security_group_rule.ingress",
            "aws_subnet.db-pub-sub-1",
            "aws_subnet.db-pub-sub-2",
            "aws_subnet.db-pvt-sub-1",
            "aws_subnet.db-pvt-sub-2",
            "aws_subnet.db-pvt-sub-3",
            "aws_subnet.db-pvt-sub-4",
            "aws_subnet.pub-sub-1",
            "aws_subnet.pub-sub-2",
            "aws_subnet.pvt-sub-1",
            "aws_subnet.pvt-sub-2",
            "aws_subnet.pvt-sub-3",
            "aws_subnet.pvt-sub-4",
            "aws_vpc.dbvpc",
            "aws_vpc.mainvpc",
            "aws_vpc_peering_connection.peering",
            "null_resource.copy",
            "null_resource.install_kubectl",
            "tls_private_key.rsa"
          ]
        }
      ]
    },
    {
      "mode": "managed",
      "type": "aws_route53_zone",
      "name": "database-darwinbox",
      "provider": "provider[\"registry.terraform.io/hashicorp/aws\"]",
      "instances": [
        {
          "schema_version": 0,
          "attributes": {
            "arn": "arn:aws:route53:::hostedzone/Z071566313OL27AW4XHTW",
            "comment": "Managed by Terraform",
            "delegation_set_id": "",
            "force_destroy": false,
            "id": "Z071566313OL27AW4XHTW",
            "name": "database-darwinbox.com",
            "name_servers": [
              "ns-0.awsdns-00.com.",
              "ns-1024.awsdns-00.org.",
              "ns-1536.awsdns-00.co.uk.",
              "ns-512.awsdns-00.net."
            ],
            "primary_name_server": "ns-0.awsdns-00.com.",
            "tags": {},
            "tags_all": {},
            "vpc": [
              {
                "vpc_id": "vpc-0e320dbe136afb2bc",
                "vpc_region": "us-east-2"
              }
            ],
            "zone_id": "Z071566313OL27AW4XHTW"
          },
          "sensitive_attributes": [],
          "private": "bnVsbA==",
          "dependencies": [
            "aws_eks_cluster.kubernetes-eks",
            "aws_eks_node_group.worker-node-group-1",
            "aws_iam_role.eks-iam-role-2",
            "aws_iam_role.workernodes-2",
            "aws_iam_role_policy_attachment.AmazonEKSWorkerNodePolicy",
            "aws_iam_role_policy_attachment.AmazonEKS_CNI_Policy",
            "aws_internet_gateway.igw",
            "aws_key_pair.main_key_pair",
            "aws_route_table.pub-route",
            "aws_route_table_association.pub-1",
            "aws_route_table_association.pub-2",
            "aws_security_group.sg",
            "aws_subnet.pub-sub-1",
            "aws_subnet.pub-sub-2",
            "aws_subnet.pvt-sub-1",
            "aws_subnet.pvt-sub-2",
            "aws_subnet.pvt-sub-3",
            "aws_subnet.pvt-sub-4",
            "aws_vpc.dbvpc",
            "aws_vpc.mainvpc",
            "null_resource.copy",
            "null_resource.install_kubectl",
            "tls_private_key.rsa"
          ]
        }
      ]
    },
    {
      "mode": "managed",
      "type": "aws_route_table",
      "name": "db-pub-route",
      "provider": "provider[\"registry.terraform.io/hashicorp/aws\"]",
      "instances": [
        {
          "schema_version": 0,
          "attributes": {
            "arn": "arn:aws:ec2:us-east-2:735117202941:route-table/rtb-0ac889d7d70d92445",
            "id": "rtb-0ac889d7d70d92445",
            "owner_id": "735117202941",
            "propagating_vgws": [],
            "route": [
              {
                "carrier_gateway_id": null,
                "cidr_block": "0.0.0.0/0",
                "core_network_arn": null,
                "destination_prefix_list_id": null,
                "egress_only_gateway_id": null,
                "gateway_id": "igw-0862fa195286db59e",
                "instance_id": null,
                "ipv6_cidr_block": null,
                "local_gateway_id": null,
                "nat_gateway_id": null,
                "network_interface_id": null,
                "transit_gateway_id": null,
                "vpc_endpoint_id": null,
                "vpc_peering_connection_id": null
              }
            ],
            "tags": {
              "Name": "db-pub-rot"
            },
            "tags_all": {
              "Name": "db-pub-rot"
            },
            "timeouts": null,
            "vpc_id": "vpc-0e320dbe136afb2bc"
          },
          "sensitive_attributes": [],
          "private": "eyJlMmJmYjczMC1lY2FhLTExZTYtOGY4OC0zNDM2M2JjN2M0YzAiOnsiY3JlYXRlIjozMDAwMDAwMDAwMDAsImRlbGV0ZSI6MzAwMDAwMDAwMDAwLCJ1cGRhdGUiOjEyMDAwMDAwMDAwMH19",
          "dependencies": [
            "aws_internet_gateway.db-igw",
            "aws_nat_gateway.db-nat-2",
            "aws_vpc.dbvpc"
          ]
        }
      ]
    },
    {
      "mode": "managed",
      "type": "aws_route_table",
      "name": "db-pvt-route-1",
      "provider": "provider[\"registry.terraform.io/hashicorp/aws\"]",
      "instances": [
        {
          "schema_version": 0,
          "attributes": {
            "arn": "arn:aws:ec2:us-east-2:735117202941:route-table/rtb-0eb0d5c657b05c9f0",
            "id": "rtb-0eb0d5c657b05c9f0",
            "owner_id": "735117202941",
            "propagating_vgws": [],
            "route": [
              {
                "carrier_gateway_id": "",
                "cidr_block": "0.0.0.0/0",
                "core_network_arn": "",
                "destination_prefix_list_id": "",
                "egress_only_gateway_id": "",
                "gateway_id": "nat-002d1cc2cc6f23ae9",
                "instance_id": "",
                "ipv6_cidr_block": "",
                "local_gateway_id": "",
                "nat_gateway_id": "",
                "network_interface_id": "",
                "transit_gateway_id": "",
                "vpc_endpoint_id": "",
                "vpc_peering_connection_id": ""
              }
            ],
            "tags": {
              "Name": "db-pvt-rot-1"
            },
            "tags_all": {
              "Name": "db-pvt-rot-1"
            },
            "timeouts": null,
            "vpc_id": "vpc-0e320dbe136afb2bc"
          },
          "sensitive_attributes": [],
          "private": "eyJlMmJmYjczMC1lY2FhLTExZTYtOGY4OC0zNDM2M2JjN2M0YzAiOnsiY3JlYXRlIjozMDAwMDAwMDAwMDAsImRlbGV0ZSI6MzAwMDAwMDAwMDAwLCJ1cGRhdGUiOjEyMDAwMDAwMDAwMH19",
          "dependencies": [
            "aws_internet_gateway.db-igw",
            "aws_nat_gateway.db-nat-1",
            "aws_nat_gateway.db-nat-2",
            "aws_route_table.db-pub-route",
            "aws_vpc.dbvpc"
          ]
        }
      ]
    },
    {
      "mode": "managed",
      "type": "aws_route_table",
      "name": "db-pvt-route-2",
      "provider": "provider[\"registry.terraform.io/hashicorp/aws\"]",
      "instances": [
        {
          "schema_version": 0,
          "attributes": {
            "arn": "arn:aws:ec2:us-east-2:735117202941:route-table/rtb-05fb06c9817287754",
            "id": "rtb-05fb06c9817287754",
            "owner_id": "735117202941",
            "propagating_vgws": [],
            "route": [
              {
                "carrier_gateway_id": "",
                "cidr_block": "0.0.0.0/0",
                "core_network_arn": "",
                "destination_prefix_list_id": "",
                "egress_only_gateway_id": "",
                "gateway_id": "nat-04b6994e7861881a2",
                "instance_id": "",
                "ipv6_cidr_block": "",
                "local_gateway_id": "",
                "nat_gateway_id": "",
                "network_interface_id": "",
                "transit_gateway_id": "",
                "vpc_endpoint_id": "",
                "vpc_peering_connection_id": ""
              }
            ],
            "tags": {
              "Name": "db-pvt-rot-2"
            },
            "tags_all": {
              "Name": "db-pvt-rot-2"
            },
            "timeouts": null,
            "vpc_id": "vpc-0e320dbe136afb2bc"
          },
          "sensitive_attributes": [],
          "private": "eyJlMmJmYjczMC1lY2FhLTExZTYtOGY4OC0zNDM2M2JjN2M0YzAiOnsiY3JlYXRlIjozMDAwMDAwMDAwMDAsImRlbGV0ZSI6MzAwMDAwMDAwMDAwLCJ1cGRhdGUiOjEyMDAwMDAwMDAwMH19",
          "dependencies": [
            "aws_internet_gateway.db-igw",
            "aws_nat_gateway.db-nat-1",
            "aws_nat_gateway.db-nat-2",
            "aws_route_table.db-pub-route",
            "aws_route_table.db-pvt-route-1",
            "aws_vpc.dbvpc"
          ]
        }
      ]
    },
    {
      "mode": "managed",
      "type": "aws_route_table",
      "name": "db-pvt-route-3",
      "provider": "provider[\"registry.terraform.io/hashicorp/aws\"]",
      "instances": [
        {
          "schema_version": 0,
          "attributes": {
            "arn": "arn:aws:ec2:us-east-2:735117202941:route-table/rtb-059e522801116d074",
            "id": "rtb-059e522801116d074",
            "owner_id": "735117202941",
            "propagating_vgws": [],
            "route": [
              {
                "carrier_gateway_id": "",
                "cidr_block": "0.0.0.0/0",
                "core_network_arn": "",
                "destination_prefix_list_id": "",
                "egress_only_gateway_id": "",
                "gateway_id": "nat-002d1cc2cc6f23ae9",
                "instance_id": "",
                "ipv6_cidr_block": "",
                "local_gateway_id": "",
                "nat_gateway_id": "",
                "network_interface_id": "",
                "transit_gateway_id": "",
                "vpc_endpoint_id": "",
                "vpc_peering_connection_id": ""
              }
            ],
            "tags": {
              "Name": "db-pvt-rot-3"
            },
            "tags_all": {
              "Name": "db-pvt-rot-3"
            },
            "timeouts": null,
            "vpc_id": "vpc-0e320dbe136afb2bc"
          },
          "sensitive_attributes": [],
          "private": "eyJlMmJmYjczMC1lY2FhLTExZTYtOGY4OC0zNDM2M2JjN2M0YzAiOnsiY3JlYXRlIjozMDAwMDAwMDAwMDAsImRlbGV0ZSI6MzAwMDAwMDAwMDAwLCJ1cGRhdGUiOjEyMDAwMDAwMDAwMH19",
          "dependencies": [
            "aws_internet_gateway.db-igw",
            "aws_nat_gateway.db-nat-1",
            "aws_nat_gateway.db-nat-2",
            "aws_route_table.db-pub-route",
            "aws_route_table.db-pvt-route-1",
            "aws_route_table.db-pvt-route-2",
            "aws_vpc.dbvpc"
          ]
        }
      ]
    },
    {
      "mode": "managed",
      "type": "aws_route_table",
      "name": "db-pvt-route-4",
      "provider": "provider[\"registry.terraform.io/hashicorp/aws\"]",
      "instances": [
        {
          "schema_version": 0,
          "attributes": {
            "arn": "arn:aws:ec2:us-east-2:735117202941:route-table/rtb-008218624a7ebabe7",
            "id": "rtb-008218624a7ebabe7",
            "owner_id": "735117202941",
            "propagating_vgws": [],
            "route": [
              {
                "carrier_gateway_id": "",
                "cidr_block": "0.0.0.0/0",
                "core_network_arn": "",
                "destination_prefix_list_id": "",
                "egress_only_gateway_id": "",
                "gateway_id": "nat-04b6994e7861881a2",
                "instance_id": "",
                "ipv6_cidr_block": "",
                "local_gateway_id": "",
                "nat_gateway_id": "",
                "network_interface_id": "",
                "transit_gateway_id": "",
                "vpc_endpoint_id": "",
                "vpc_peering_connection_id": ""
              }
            ],
            "tags": {
              "Name": "db-pvt-rot-4"
            },
            "tags_all": {
              "Name": "db-pvt-rot-4"
            },
            "timeouts": null,
            "vpc_id": "vpc-0e320dbe136afb2bc"
          },
          "sensitive_attributes": [],
          "private": "eyJlMmJmYjczMC1lY2FhLTExZTYtOGY4OC0zNDM2M2JjN2M0YzAiOnsiY3JlYXRlIjozMDAwMDAwMDAwMDAsImRlbGV0ZSI6MzAwMDAwMDAwMDAwLCJ1cGRhdGUiOjEyMDAwMDAwMDAwMH19",
          "dependencies": [
            "aws_internet_gateway.db-igw",
            "aws_nat_gateway.db-nat-1",
            "aws_nat_gateway.db-nat-2",
            "aws_route_table.db-pub-route",
            "aws_route_table.db-pvt-route-1",
            "aws_route_table.db-pvt-route-2",
            "aws_route_table.db-pvt-route-3",
            "aws_vpc.dbvpc"
          ]
        }
      ]
    },
    {
      "mode": "managed",
      "type": "aws_route_table",
      "name": "pub-route",
      "provider": "provider[\"registry.terraform.io/hashicorp/aws\"]",
      "instances": [
        {
          "schema_version": 0,
          "attributes": {
            "arn": "arn:aws:ec2:us-east-2:735117202941:route-table/rtb-0b2446c50ce217387",
            "id": "rtb-0b2446c50ce217387",
            "owner_id": "735117202941",
            "propagating_vgws": [],
            "route": [
              {
                "carrier_gateway_id": null,
                "cidr_block": "0.0.0.0/0",
                "core_network_arn": null,
                "destination_prefix_list_id": null,
                "egress_only_gateway_id": null,
                "gateway_id": "igw-0ddfceecbfffb6b73",
                "instance_id": null,
                "ipv6_cidr_block": null,
                "local_gateway_id": null,
                "nat_gateway_id": null,
                "network_interface_id": null,
                "transit_gateway_id": null,
                "vpc_endpoint_id": null,
                "vpc_peering_connection_id": null
              }
            ],
            "tags": {
              "Name": "pub-rot"
            },
            "tags_all": {
              "Name": "pub-rot"
            },
            "timeouts": null,
            "vpc_id": "vpc-0b142d9b6f8c97e1a"
          },
          "sensitive_attributes": [],
          "private": "eyJlMmJmYjczMC1lY2FhLTExZTYtOGY4OC0zNDM2M2JjN2M0YzAiOnsiY3JlYXRlIjozMDAwMDAwMDAwMDAsImRlbGV0ZSI6MzAwMDAwMDAwMDAwLCJ1cGRhdGUiOjEyMDAwMDAwMDAwMH19",
          "dependencies": [
            "aws_internet_gateway.igw",
            "aws_subnet.pvt-sub-4",
            "aws_vpc.mainvpc"
          ]
        }
      ]
    },
    {
      "mode": "managed",
      "type": "aws_route_table_association",
      "name": "db-pub-1",
      "provider": "provider[\"registry.terraform.io/hashicorp/aws\"]",
      "instances": [
        {
          "schema_version": 0,
          "attributes": {
            "gateway_id": "",
            "id": "rtbassoc-07fb2fc24ccb1c8ce",
            "route_table_id": "rtb-0ac889d7d70d92445",
            "subnet_id": "subnet-032bc31cefc6038c6",
            "timeouts": null
          },
          "sensitive_attributes": [],
          "private": "eyJlMmJmYjczMC1lY2FhLTExZTYtOGY4OC0zNDM2M2JjN2M0YzAiOnsiY3JlYXRlIjozMDAwMDAwMDAwMDAsImRlbGV0ZSI6MzAwMDAwMDAwMDAwLCJ1cGRhdGUiOjEyMDAwMDAwMDAwMH19",
          "dependencies": [
            "aws_eip.db-elastic-1",
            "aws_eip.db-elastic-2",
            "aws_eks_cluster.kubernetes-eks",
            "aws_eks_node_group.worker-node-group-1",
            "aws_iam_role.eks-iam-role-2",
            "aws_iam_role.workernodes-2",
            "aws_iam_role_policy_attachment.AmazonEKSWorkerNodePolicy",
            "aws_iam_role_policy_attachment.AmazonEKS_CNI_Policy",
            "aws_internet_gateway.db-igw",
            "aws_internet_gateway.igw",
            "aws_key_pair.main_key_pair",
            "aws_nat_gateway.db-nat-1",
            "aws_nat_gateway.db-nat-2",
            "aws_route_table.db-pub-route",
            "aws_route_table.db-pvt-route-1",
            "aws_route_table.db-pvt-route-2",
            "aws_route_table.db-pvt-route-3",
            "aws_route_table.db-pvt-route-4",
            "aws_route_table.pub-route",
            "aws_route_table_association.pub-1",
            "aws_route_table_association.pub-2",
            "aws_security_group.sg",
            "aws_subnet.db-pub-sub-1",
            "aws_subnet.db-pub-sub-2",
            "aws_subnet.db-pvt-sub-1",
            "aws_subnet.db-pvt-sub-2",
            "aws_subnet.db-pvt-sub-3",
            "aws_subnet.db-pvt-sub-4",
            "aws_subnet.pub-sub-1",
            "aws_subnet.pub-sub-2",
            "aws_subnet.pvt-sub-1",
            "aws_subnet.pvt-sub-2",
            "aws_subnet.pvt-sub-3",
            "aws_subnet.pvt-sub-4",
            "aws_vpc.dbvpc",
            "aws_vpc.mainvpc",
            "null_resource.copy",
            "null_resource.install_kubectl",
            "tls_private_key.rsa"
          ]
        }
      ]
    },
    {
      "mode": "managed",
      "type": "aws_route_table_association",
      "name": "db-pub-2",
      "provider": "provider[\"registry.terraform.io/hashicorp/aws\"]",
      "instances": [
        {
          "schema_version": 0,
          "attributes": {
            "gateway_id": "",
            "id": "rtbassoc-010ad16d708974092",
            "route_table_id": "rtb-0ac889d7d70d92445",
            "subnet_id": "subnet-0dc9172f386884e2e",
            "timeouts": null
          },
          "sensitive_attributes": [],
          "private": "eyJlMmJmYjczMC1lY2FhLTExZTYtOGY4OC0zNDM2M2JjN2M0YzAiOnsiY3JlYXRlIjozMDAwMDAwMDAwMDAsImRlbGV0ZSI6MzAwMDAwMDAwMDAwLCJ1cGRhdGUiOjEyMDAwMDAwMDAwMH19",
          "dependencies": [
            "aws_eip.db-elastic-1",
            "aws_eip.db-elastic-2",
            "aws_eks_cluster.kubernetes-eks",
            "aws_eks_node_group.worker-node-group-1",
            "aws_iam_role.eks-iam-role-2",
            "aws_iam_role.workernodes-2",
            "aws_iam_role_policy_attachment.AmazonEKSWorkerNodePolicy",
            "aws_iam_role_policy_attachment.AmazonEKS_CNI_Policy",
            "aws_internet_gateway.db-igw",
            "aws_internet_gateway.igw",
            "aws_key_pair.main_key_pair",
            "aws_nat_gateway.db-nat-1",
            "aws_nat_gateway.db-nat-2",
            "aws_route_table.db-pub-route",
            "aws_route_table.db-pvt-route-1",
            "aws_route_table.db-pvt-route-2",
            "aws_route_table.db-pvt-route-3",
            "aws_route_table.db-pvt-route-4",
            "aws_route_table.pub-route",
            "aws_route_table_association.db-pub-1",
            "aws_route_table_association.db-pvt-1",
            "aws_route_table_association.pub-1",
            "aws_route_table_association.pub-2",
            "aws_security_group.sg",
            "aws_subnet.db-pub-sub-1",
            "aws_subnet.db-pub-sub-2",
            "aws_subnet.db-pvt-sub-1",
            "aws_subnet.db-pvt-sub-2",
            "aws_subnet.db-pvt-sub-3",
            "aws_subnet.db-pvt-sub-4",
            "aws_subnet.pub-sub-1",
            "aws_subnet.pub-sub-2",
            "aws_subnet.pvt-sub-1",
            "aws_subnet.pvt-sub-2",
            "aws_subnet.pvt-sub-3",
            "aws_subnet.pvt-sub-4",
            "aws_vpc.dbvpc",
            "aws_vpc.mainvpc",
            "null_resource.copy",
            "null_resource.install_kubectl",
            "tls_private_key.rsa"
          ]
        }
      ]
    },
    {
      "mode": "managed",
      "type": "aws_route_table_association",
      "name": "db-pvt-1",
      "provider": "provider[\"registry.terraform.io/hashicorp/aws\"]",
      "instances": [
        {
          "schema_version": 0,
          "attributes": {
            "gateway_id": "",
            "id": "rtbassoc-040c10c620f3d1696",
            "route_table_id": "rtb-0eb0d5c657b05c9f0",
            "subnet_id": "subnet-029733216631d6f42",
            "timeouts": null
          },
          "sensitive_attributes": [],
          "private": "eyJlMmJmYjczMC1lY2FhLTExZTYtOGY4OC0zNDM2M2JjN2M0YzAiOnsiY3JlYXRlIjozMDAwMDAwMDAwMDAsImRlbGV0ZSI6MzAwMDAwMDAwMDAwLCJ1cGRhdGUiOjEyMDAwMDAwMDAwMH19",
          "dependencies": [
            "aws_eip.db-elastic-1",
            "aws_eip.db-elastic-2",
            "aws_eks_cluster.kubernetes-eks",
            "aws_eks_node_group.worker-node-group-1",
            "aws_iam_role.eks-iam-role-2",
            "aws_iam_role.workernodes-2",
            "aws_iam_role_policy_attachment.AmazonEKSWorkerNodePolicy",
            "aws_iam_role_policy_attachment.AmazonEKS_CNI_Policy",
            "aws_internet_gateway.db-igw",
            "aws_internet_gateway.igw",
            "aws_key_pair.main_key_pair",
            "aws_nat_gateway.db-nat-1",
            "aws_nat_gateway.db-nat-2",
            "aws_route_table.db-pub-route",
            "aws_route_table.db-pvt-route-1",
            "aws_route_table.db-pvt-route-2",
            "aws_route_table.db-pvt-route-3",
            "aws_route_table.db-pvt-route-4",
            "aws_route_table.pub-route",
            "aws_route_table_association.db-pub-1",
            "aws_route_table_association.pub-1",
            "aws_route_table_association.pub-2",
            "aws_security_group.sg",
            "aws_subnet.db-pub-sub-1",
            "aws_subnet.db-pub-sub-2",
            "aws_subnet.db-pvt-sub-1",
            "aws_subnet.db-pvt-sub-2",
            "aws_subnet.db-pvt-sub-3",
            "aws_subnet.db-pvt-sub-4",
            "aws_subnet.pub-sub-1",
            "aws_subnet.pub-sub-2",
            "aws_subnet.pvt-sub-1",
            "aws_subnet.pvt-sub-2",
            "aws_subnet.pvt-sub-3",
            "aws_subnet.pvt-sub-4",
            "aws_vpc.dbvpc",
            "aws_vpc.mainvpc",
            "null_resource.copy",
            "null_resource.install_kubectl",
            "tls_private_key.rsa"
          ]
        }
      ]
    },
    {
      "mode": "managed",
      "type": "aws_route_table_association",
      "name": "db-pvt-2",
      "provider": "provider[\"registry.terraform.io/hashicorp/aws\"]",
      "instances": [
        {
          "schema_version": 0,
          "attributes": {
            "gateway_id": "",
            "id": "rtbassoc-082ca4538c16da39d",
            "route_table_id": "rtb-05fb06c9817287754",
            "subnet_id": "subnet-034e75251ecfce123",
            "timeouts": null
          },
          "sensitive_attributes": [],
          "private": "eyJlMmJmYjczMC1lY2FhLTExZTYtOGY4OC0zNDM2M2JjN2M0YzAiOnsiY3JlYXRlIjozMDAwMDAwMDAwMDAsImRlbGV0ZSI6MzAwMDAwMDAwMDAwLCJ1cGRhdGUiOjEyMDAwMDAwMDAwMH19",
          "dependencies": [
            "aws_eip.db-elastic-1",
            "aws_eip.db-elastic-2",
            "aws_eks_cluster.kubernetes-eks",
            "aws_eks_node_group.worker-node-group-1",
            "aws_iam_role.eks-iam-role-2",
            "aws_iam_role.workernodes-2",
            "aws_iam_role_policy_attachment.AmazonEKSWorkerNodePolicy",
            "aws_iam_role_policy_attachment.AmazonEKS_CNI_Policy",
            "aws_internet_gateway.db-igw",
            "aws_internet_gateway.igw",
            "aws_key_pair.main_key_pair",
            "aws_nat_gateway.db-nat-1",
            "aws_nat_gateway.db-nat-2",
            "aws_route_table.db-pub-route",
            "aws_route_table.db-pvt-route-1",
            "aws_route_table.db-pvt-route-2",
            "aws_route_table.db-pvt-route-3",
            "aws_route_table.db-pvt-route-4",
            "aws_route_table.pub-route",
            "aws_route_table_association.db-pub-1",
            "aws_route_table_association.db-pub-2",
            "aws_route_table_association.db-pvt-1",
            "aws_route_table_association.pub-1",
            "aws_route_table_association.pub-2",
            "aws_security_group.sg",
            "aws_subnet.db-pub-sub-1",
            "aws_subnet.db-pub-sub-2",
            "aws_subnet.db-pvt-sub-1",
            "aws_subnet.db-pvt-sub-2",
            "aws_subnet.db-pvt-sub-3",
            "aws_subnet.db-pvt-sub-4",
            "aws_subnet.pub-sub-1",
            "aws_subnet.pub-sub-2",
            "aws_subnet.pvt-sub-1",
            "aws_subnet.pvt-sub-2",
            "aws_subnet.pvt-sub-3",
            "aws_subnet.pvt-sub-4",
            "aws_vpc.dbvpc",
            "aws_vpc.mainvpc",
            "null_resource.copy",
            "null_resource.install_kubectl",
            "tls_private_key.rsa"
          ]
        }
      ]
    },
    {
      "mode": "managed",
      "type": "aws_route_table_association",
      "name": "db-pvt-3",
      "provider": "provider[\"registry.terraform.io/hashicorp/aws\"]",
      "instances": [
        {
          "schema_version": 0,
          "attributes": {
            "gateway_id": "",
            "id": "rtbassoc-04cd4c4c5f4137730",
            "route_table_id": "rtb-059e522801116d074",
            "subnet_id": "subnet-00d0c7ac9612a16ed",
            "timeouts": null
          },
          "sensitive_attributes": [],
          "private": "eyJlMmJmYjczMC1lY2FhLTExZTYtOGY4OC0zNDM2M2JjN2M0YzAiOnsiY3JlYXRlIjozMDAwMDAwMDAwMDAsImRlbGV0ZSI6MzAwMDAwMDAwMDAwLCJ1cGRhdGUiOjEyMDAwMDAwMDAwMH19",
          "dependencies": [
            "aws_eip.db-elastic-1",
            "aws_eip.db-elastic-2",
            "aws_eks_cluster.kubernetes-eks",
            "aws_eks_node_group.worker-node-group-1",
            "aws_iam_role.eks-iam-role-2",
            "aws_iam_role.workernodes-2",
            "aws_iam_role_policy_attachment.AmazonEKSWorkerNodePolicy",
            "aws_iam_role_policy_attachment.AmazonEKS_CNI_Policy",
            "aws_internet_gateway.db-igw",
            "aws_internet_gateway.igw",
            "aws_key_pair.main_key_pair",
            "aws_nat_gateway.db-nat-1",
            "aws_nat_gateway.db-nat-2",
            "aws_route_table.db-pub-route",
            "aws_route_table.db-pvt-route-1",
            "aws_route_table.db-pvt-route-2",
            "aws_route_table.db-pvt-route-3",
            "aws_route_table.db-pvt-route-4",
            "aws_route_table.pub-route",
            "aws_route_table_association.db-pub-1",
            "aws_route_table_association.db-pub-2",
            "aws_route_table_association.db-pvt-1",
            "aws_route_table_association.db-pvt-2",
            "aws_route_table_association.pub-1",
            "aws_route_table_association.pub-2",
            "aws_security_group.sg",
            "aws_subnet.db-pub-sub-1",
            "aws_subnet.db-pub-sub-2",
            "aws_subnet.db-pvt-sub-1",
            "aws_subnet.db-pvt-sub-2",
            "aws_subnet.db-pvt-sub-3",
            "aws_subnet.db-pvt-sub-4",
            "aws_subnet.pub-sub-1",
            "aws_subnet.pub-sub-2",
            "aws_subnet.pvt-sub-1",
            "aws_subnet.pvt-sub-2",
            "aws_subnet.pvt-sub-3",
            "aws_subnet.pvt-sub-4",
            "aws_vpc.dbvpc",
            "aws_vpc.mainvpc",
            "null_resource.copy",
            "null_resource.install_kubectl",
            "tls_private_key.rsa"
          ]
        }
      ]
    },
    {
      "mode": "managed",
      "type": "aws_route_table_association",
      "name": "db-pvt-4",
      "provider": "provider[\"registry.terraform.io/hashicorp/aws\"]",
      "instances": [
        {
          "schema_version": 0,
          "attributes": {
            "gateway_id": "",
            "id": "rtbassoc-08cbdd5c0997e1144",
            "route_table_id": "rtb-008218624a7ebabe7",
            "subnet_id": "subnet-0e5779bd06c27de85",
            "timeouts": null
          },
          "sensitive_attributes": [],
          "private": "eyJlMmJmYjczMC1lY2FhLTExZTYtOGY4OC0zNDM2M2JjN2M0YzAiOnsiY3JlYXRlIjozMDAwMDAwMDAwMDAsImRlbGV0ZSI6MzAwMDAwMDAwMDAwLCJ1cGRhdGUiOjEyMDAwMDAwMDAwMH19",
          "dependencies": [
            "aws_eip.db-elastic-1",
            "aws_eip.db-elastic-2",
            "aws_eks_cluster.kubernetes-eks",
            "aws_eks_node_group.worker-node-group-1",
            "aws_iam_role.eks-iam-role-2",
            "aws_iam_role.workernodes-2",
            "aws_iam_role_policy_attachment.AmazonEKSWorkerNodePolicy",
            "aws_iam_role_policy_attachment.AmazonEKS_CNI_Policy",
            "aws_internet_gateway.db-igw",
            "aws_internet_gateway.igw",
            "aws_key_pair.main_key_pair",
            "aws_nat_gateway.db-nat-1",
            "aws_nat_gateway.db-nat-2",
            "aws_route_table.db-pub-route",
            "aws_route_table.db-pvt-route-1",
            "aws_route_table.db-pvt-route-2",
            "aws_route_table.db-pvt-route-3",
            "aws_route_table.db-pvt-route-4",
            "aws_route_table.pub-route",
            "aws_route_table_association.db-pub-1",
            "aws_route_table_association.db-pub-2",
            "aws_route_table_association.db-pvt-1",
            "aws_route_table_association.db-pvt-2",
            "aws_route_table_association.db-pvt-3",
            "aws_route_table_association.pub-1",
            "aws_route_table_association.pub-2",
            "aws_security_group.sg",
            "aws_subnet.db-pub-sub-1",
            "aws_subnet.db-pub-sub-2",
            "aws_subnet.db-pvt-sub-1",
            "aws_subnet.db-pvt-sub-2",
            "aws_subnet.db-pvt-sub-3",
            "aws_subnet.db-pvt-sub-4",
            "aws_subnet.pub-sub-1",
            "aws_subnet.pub-sub-2",
            "aws_subnet.pvt-sub-1",
            "aws_subnet.pvt-sub-2",
            "aws_subnet.pvt-sub-3",
            "aws_subnet.pvt-sub-4",
            "aws_vpc.dbvpc",
            "aws_vpc.mainvpc",
            "null_resource.copy",
            "null_resource.install_kubectl",
            "tls_private_key.rsa"
          ]
        }
      ]
    },
    {
      "mode": "managed",
      "type": "aws_route_table_association",
      "name": "pub-1",
      "provider": "provider[\"registry.terraform.io/hashicorp/aws\"]",
      "instances": [
        {
          "schema_version": 0,
          "attributes": {
            "gateway_id": "",
            "id": "rtbassoc-0ecbcf7fb3c1e401e",
            "route_table_id": "rtb-0b2446c50ce217387",
            "subnet_id": "subnet-0f3afcf72f0bb368f",
            "timeouts": null
          },
          "sensitive_attributes": [],
          "private": "eyJlMmJmYjczMC1lY2FhLTExZTYtOGY4OC0zNDM2M2JjN2M0YzAiOnsiY3JlYXRlIjozMDAwMDAwMDAwMDAsImRlbGV0ZSI6MzAwMDAwMDAwMDAwLCJ1cGRhdGUiOjEyMDAwMDAwMDAwMH19",
          "dependencies": [
            "aws_internet_gateway.igw",
            "aws_route_table.pub-route",
            "aws_subnet.pub-sub-1",
            "aws_subnet.pub-sub-2",
            "aws_subnet.pvt-sub-1",
            "aws_subnet.pvt-sub-2",
            "aws_subnet.pvt-sub-3",
            "aws_subnet.pvt-sub-4",
            "aws_vpc.mainvpc"
          ]
        }
      ]
    },
    {
      "mode": "managed",
      "type": "aws_route_table_association",
      "name": "pub-2",
      "provider": "provider[\"registry.terraform.io/hashicorp/aws\"]",
      "instances": [
        {
          "schema_version": 0,
          "attributes": {
            "gateway_id": "",
            "id": "rtbassoc-0a4e64afd26e92b62",
            "route_table_id": "rtb-0b2446c50ce217387",
            "subnet_id": "subnet-0214623b70cc0cb82",
            "timeouts": null
          },
          "sensitive_attributes": [],
          "private": "eyJlMmJmYjczMC1lY2FhLTExZTYtOGY4OC0zNDM2M2JjN2M0YzAiOnsiY3JlYXRlIjozMDAwMDAwMDAwMDAsImRlbGV0ZSI6MzAwMDAwMDAwMDAwLCJ1cGRhdGUiOjEyMDAwMDAwMDAwMH19",
          "dependencies": [
            "aws_internet_gateway.igw",
            "aws_route_table.pub-route",
            "aws_route_table_association.pub-1",
            "aws_subnet.pub-sub-1",
            "aws_subnet.pub-sub-2",
            "aws_subnet.pvt-sub-1",
            "aws_subnet.pvt-sub-2",
            "aws_subnet.pvt-sub-3",
            "aws_subnet.pvt-sub-4",
            "aws_vpc.mainvpc"
          ]
        }
      ]
    },
    {
      "mode": "managed",
      "type": "aws_security_group",
      "name": "db-sg",
      "provider": "provider[\"registry.terraform.io/hashicorp/aws\"]",
      "instances": [
        {
          "schema_version": 1,
          "attributes": {
            "arn": "arn:aws:ec2:us-east-2:735117202941:security-group/sg-0cde92c7f9ac2d0ab",
            "description": "Managed by Terraform",
            "egress": [
              {
                "cidr_blocks": [
                  "0.0.0.0/0"
                ],
                "description": "",
                "from_port": 0,
                "ipv6_cidr_blocks": [],
                "prefix_list_ids": [],
                "protocol": "-1",
                "security_groups": [],
                "self": false,
                "to_port": 0
              }
            ],
            "id": "sg-0cde92c7f9ac2d0ab",
            "ingress": [
              {
                "cidr_blocks": [
                  "0.0.0.0/0"
                ],
                "description": "",
                "from_port": 22,
                "ipv6_cidr_blocks": [],
                "prefix_list_ids": [],
                "protocol": "tcp",
                "security_groups": [],
                "self": false,
                "to_port": 22
              },
              {
                "cidr_blocks": [
                  "0.0.0.0/0"
                ],
                "description": "",
                "from_port": 27017,
                "ipv6_cidr_blocks": [],
                "prefix_list_ids": [],
                "protocol": "tcp",
                "security_groups": [],
                "self": false,
                "to_port": 27017
              },
              {
                "cidr_blocks": [
                  "0.0.0.0/0"
                ],
                "description": "",
                "from_port": 80,
                "ipv6_cidr_blocks": [],
                "prefix_list_ids": [],
                "protocol": "tcp",
                "security_groups": [],
                "self": false,
                "to_port": 80
              }
            ],
            "name": "terraform-2023052409562543160000000c",
            "name_prefix": "terraform-",
            "owner_id": "735117202941",
            "revoke_rules_on_delete": false,
            "tags": {},
            "tags_all": {},
            "timeouts": null,
            "vpc_id": "vpc-0e320dbe136afb2bc"
          },
          "sensitive_attributes": [],
          "private": "eyJlMmJmYjczMC1lY2FhLTExZTYtOGY4OC0zNDM2M2JjN2M0YzAiOnsiY3JlYXRlIjo2MDAwMDAwMDAwMDAsImRlbGV0ZSI6OTAwMDAwMDAwMDAwfSwic2NoZW1hX3ZlcnNpb24iOiIxIn0=",
          "dependencies": [
            "aws_eip.db-elastic-1",
            "aws_eip.db-elastic-2",
            "aws_eks_cluster.kubernetes-eks",
            "aws_eks_node_group.worker-node-group-1",
            "aws_iam_role.eks-iam-role-2",
            "aws_iam_role.workernodes-2",
            "aws_iam_role_policy_attachment.AmazonEKSWorkerNodePolicy",
            "aws_iam_role_policy_attachment.AmazonEKS_CNI_Policy",
            "aws_internet_gateway.db-igw",
            "aws_internet_gateway.igw",
            "aws_key_pair.main_key_pair",
            "aws_nat_gateway.db-nat-1",
            "aws_nat_gateway.db-nat-2",
            "aws_route_table.db-pub-route",
            "aws_route_table.db-pvt-route-1",
            "aws_route_table.db-pvt-route-2",
            "aws_route_table.db-pvt-route-3",
            "aws_route_table.db-pvt-route-4",
            "aws_route_table.pub-route",
            "aws_route_table_association.db-pub-1",
            "aws_route_table_association.db-pub-2",
            "aws_route_table_association.db-pvt-1",
            "aws_route_table_association.db-pvt-2",
            "aws_route_table_association.db-pvt-3",
            "aws_route_table_association.db-pvt-4",
            "aws_route_table_association.pub-1",
            "aws_route_table_association.pub-2",
            "aws_security_group.sg",
            "aws_subnet.db-pub-sub-1",
            "aws_subnet.db-pub-sub-2",
            "aws_subnet.db-pvt-sub-1",
            "aws_subnet.db-pvt-sub-2",
            "aws_subnet.db-pvt-sub-3",
            "aws_subnet.db-pvt-sub-4",
            "aws_subnet.pub-sub-1",
            "aws_subnet.pub-sub-2",
            "aws_subnet.pvt-sub-1",
            "aws_subnet.pvt-sub-2",
            "aws_subnet.pvt-sub-3",
            "aws_subnet.pvt-sub-4",
            "aws_vpc.dbvpc",
            "aws_vpc.mainvpc",
            "null_resource.copy",
            "null_resource.install_kubectl",
            "tls_private_key.rsa"
          ]
        }
      ]
    },
    {
      "mode": "managed",
      "type": "aws_security_group",
      "name": "sg",
      "provider": "provider[\"registry.terraform.io/hashicorp/aws\"]",
      "instances": [
        {
          "schema_version": 1,
          "attributes": {
            "arn": "arn:aws:ec2:us-east-2:735117202941:security-group/sg-09b620f85a8a8890e",
            "description": "Managed by Terraform",
            "egress": [
              {
                "cidr_blocks": [
                  "0.0.0.0/0"
                ],
                "description": "",
                "from_port": 0,
                "ipv6_cidr_blocks": [],
                "prefix_list_ids": [],
                "protocol": "-1",
                "security_groups": [],
                "self": false,
                "to_port": 0
              }
            ],
            "id": "sg-09b620f85a8a8890e",
            "ingress": [
              {
                "cidr_blocks": [
                  "0.0.0.0/0"
                ],
                "description": "",
                "from_port": 22,
                "ipv6_cidr_blocks": [],
                "prefix_list_ids": [],
                "protocol": "tcp",
                "security_groups": [],
                "self": false,
                "to_port": 22
              },
              {
                "cidr_blocks": [
                  "0.0.0.0/0"
                ],
                "description": "",
                "from_port": 443,
                "ipv6_cidr_blocks": [],
                "prefix_list_ids": [],
                "protocol": "tcp",
                "security_groups": [],
                "self": false,
                "to_port": 443
              },
              {
                "cidr_blocks": [
                  "0.0.0.0/0"
                ],
                "description": "",
                "from_port": 80,
                "ipv6_cidr_blocks": [],
                "prefix_list_ids": [],
                "protocol": "tcp",
                "security_groups": [],
                "self": false,
                "to_port": 80
              }
            ],
            "name": "terraform-20230524093931248700000005",
            "name_prefix": "terraform-",
            "owner_id": "735117202941",
            "revoke_rules_on_delete": false,
            "tags": {
              "Name": "main-sg"
            },
            "tags_all": {
              "Name": "main-sg"
            },
            "timeouts": null,
            "vpc_id": "vpc-0b142d9b6f8c97e1a"
          },
          "sensitive_attributes": [],
          "private": "eyJlMmJmYjczMC1lY2FhLTExZTYtOGY4OC0zNDM2M2JjN2M0YzAiOnsiY3JlYXRlIjo2MDAwMDAwMDAwMDAsImRlbGV0ZSI6OTAwMDAwMDAwMDAwfSwic2NoZW1hX3ZlcnNpb24iOiIxIn0=",
          "dependencies": [
            "aws_internet_gateway.igw",
            "aws_route_table.pub-route",
            "aws_route_table_association.pub-1",
            "aws_route_table_association.pub-2",
            "aws_subnet.pub-sub-1",
            "aws_subnet.pub-sub-2",
            "aws_subnet.pvt-sub-1",
            "aws_subnet.pvt-sub-2",
            "aws_subnet.pvt-sub-3",
            "aws_subnet.pvt-sub-4",
            "aws_vpc.mainvpc"
          ]
        }
      ]
    },
    {
      "mode": "managed",
      "type": "aws_security_group_rule",
      "name": "ingress",
      "provider": "provider[\"registry.terraform.io/hashicorp/aws\"]",
      "instances": [
        {
          "schema_version": 2,
          "attributes": {
            "cidr_blocks": null,
            "description": null,
            "from_port": -1,
            "id": "sgrule-2838838025",
            "ipv6_cidr_blocks": null,
            "prefix_list_ids": null,
            "protocol": "icmp",
            "security_group_id": "sg-0cde92c7f9ac2d0ab",
            "security_group_rule_id": "sgr-0824155369225ece7",
            "self": false,
            "source_security_group_id": "sg-09b620f85a8a8890e",
            "timeouts": null,
            "to_port": -1,
            "type": "ingress"
          },
          "sensitive_attributes": [],
          "private": "eyJlMmJmYjczMC1lY2FhLTExZTYtOGY4OC0zNDM2M2JjN2M0YzAiOnsiY3JlYXRlIjozMDAwMDAwMDAwMDB9LCJzY2hlbWFfdmVyc2lvbiI6IjIifQ==",
          "dependencies": [
            "aws_route.vpc_dbvpc_to_vpc_mainvpc",
            "aws_security_group.db-sg",
            "aws_security_group.sg"
          ]
        }
      ]
    },
    {
      "mode": "managed",
      "type": "aws_subnet",
      "name": "db-pub-sub-1",
      "provider": "provider[\"registry.terraform.io/hashicorp/aws\"]",
      "instances": [
        {
          "schema_version": 1,
          "attributes": {
            "arn": "arn:aws:ec2:us-east-2:735117202941:subnet/subnet-032bc31cefc6038c6",
            "assign_ipv6_address_on_creation": false,
            "availability_zone": "us-east-2a",
            "availability_zone_id": "use2-az1",
            "cidr_block": "20.0.1.0/24",
            "customer_owned_ipv4_pool": "",
            "enable_dns64": false,
            "enable_lni_at_device_index": 0,
            "enable_resource_name_dns_a_record_on_launch": false,
            "enable_resource_name_dns_aaaa_record_on_launch": false,
            "id": "subnet-032bc31cefc6038c6",
            "ipv6_cidr_block": "",
            "ipv6_cidr_block_association_id": "",
            "ipv6_native": false,
            "map_customer_owned_ip_on_launch": false,
            "map_public_ip_on_launch": true,
            "outpost_arn": "",
            "owner_id": "735117202941",
            "private_dns_hostname_type_on_launch": "ip-name",
            "tags": {
              "Name": "db-pub-subnet-1"
            },
            "tags_all": {
              "Name": "db-pub-subnet-1"
            },
            "timeouts": null,
            "vpc_id": "vpc-0e320dbe136afb2bc"
          },
          "sensitive_attributes": [],
          "private": "eyJlMmJmYjczMC1lY2FhLTExZTYtOGY4OC0zNDM2M2JjN2M0YzAiOnsiY3JlYXRlIjo2MDAwMDAwMDAwMDAsImRlbGV0ZSI6MTIwMDAwMDAwMDAwMH0sInNjaGVtYV92ZXJzaW9uIjoiMSJ9",
          "dependencies": [
            "aws_eks_cluster.kubernetes-eks",
            "aws_eks_node_group.worker-node-group-1",
            "aws_iam_role.eks-iam-role-2",
            "aws_iam_role.workernodes-2",
            "aws_iam_role_policy_attachment.AmazonEKSWorkerNodePolicy",
            "aws_iam_role_policy_attachment.AmazonEKS_CNI_Policy",
            "aws_internet_gateway.db-igw",
            "aws_internet_gateway.igw",
            "aws_key_pair.main_key_pair",
            "aws_route_table.pub-route",
            "aws_route_table_association.pub-1",
            "aws_route_table_association.pub-2",
            "aws_security_group.sg",
            "aws_subnet.pub-sub-1",
            "aws_subnet.pub-sub-2",
            "aws_subnet.pvt-sub-1",
            "aws_subnet.pvt-sub-2",
            "aws_subnet.pvt-sub-3",
            "aws_subnet.pvt-sub-4",
            "aws_vpc.dbvpc",
            "aws_vpc.mainvpc",
            "null_resource.copy",
            "null_resource.install_kubectl",
            "tls_private_key.rsa"
          ]
        }
      ]
    },
    {
      "mode": "managed",
      "type": "aws_subnet",
      "name": "db-pub-sub-2",
      "provider": "provider[\"registry.terraform.io/hashicorp/aws\"]",
      "instances": [
        {
          "schema_version": 1,
          "attributes": {
            "arn": "arn:aws:ec2:us-east-2:735117202941:subnet/subnet-0dc9172f386884e2e",
            "assign_ipv6_address_on_creation": false,
            "availability_zone": "us-east-2b",
            "availability_zone_id": "use2-az2",
            "cidr_block": "20.0.3.0/24",
            "customer_owned_ipv4_pool": "",
            "enable_dns64": false,
            "enable_lni_at_device_index": 0,
            "enable_resource_name_dns_a_record_on_launch": false,
            "enable_resource_name_dns_aaaa_record_on_launch": false,
            "id": "subnet-0dc9172f386884e2e",
            "ipv6_cidr_block": "",
            "ipv6_cidr_block_association_id": "",
            "ipv6_native": false,
            "map_customer_owned_ip_on_launch": false,
            "map_public_ip_on_launch": true,
            "outpost_arn": "",
            "owner_id": "735117202941",
            "private_dns_hostname_type_on_launch": "ip-name",
            "tags": {
              "Name": "db-pub-subnet-2"
            },
            "tags_all": {
              "Name": "db-pub-subnet-2"
            },
            "timeouts": null,
            "vpc_id": "vpc-0e320dbe136afb2bc"
          },
          "sensitive_attributes": [],
          "private": "eyJlMmJmYjczMC1lY2FhLTExZTYtOGY4OC0zNDM2M2JjN2M0YzAiOnsiY3JlYXRlIjo2MDAwMDAwMDAwMDAsImRlbGV0ZSI6MTIwMDAwMDAwMDAwMH0sInNjaGVtYV92ZXJzaW9uIjoiMSJ9",
          "dependencies": [
            "aws_eks_cluster.kubernetes-eks",
            "aws_eks_node_group.worker-node-group-1",
            "aws_iam_role.eks-iam-role-2",
            "aws_iam_role.workernodes-2",
            "aws_iam_role_policy_attachment.AmazonEKSWorkerNodePolicy",
            "aws_iam_role_policy_attachment.AmazonEKS_CNI_Policy",
            "aws_internet_gateway.db-igw",
            "aws_internet_gateway.igw",
            "aws_key_pair.main_key_pair",
            "aws_route_table.pub-route",
            "aws_route_table_association.pub-1",
            "aws_route_table_association.pub-2",
            "aws_security_group.sg",
            "aws_subnet.db-pub-sub-1",
            "aws_subnet.db-pvt-sub-1",
            "aws_subnet.pub-sub-1",
            "aws_subnet.pub-sub-2",
            "aws_subnet.pvt-sub-1",
            "aws_subnet.pvt-sub-2",
            "aws_subnet.pvt-sub-3",
            "aws_subnet.pvt-sub-4",
            "aws_vpc.dbvpc",
            "aws_vpc.mainvpc",
            "null_resource.copy",
            "null_resource.install_kubectl",
            "tls_private_key.rsa"
          ]
        }
      ]
    },
    {
      "mode": "managed",
      "type": "aws_subnet",
      "name": "db-pvt-sub-1",
      "provider": "provider[\"registry.terraform.io/hashicorp/aws\"]",
      "instances": [
        {
          "schema_version": 1,
          "attributes": {
            "arn": "arn:aws:ec2:us-east-2:735117202941:subnet/subnet-029733216631d6f42",
            "assign_ipv6_address_on_creation": false,
            "availability_zone": "us-east-2a",
            "availability_zone_id": "use2-az1",
            "cidr_block": "20.0.2.0/24",
            "customer_owned_ipv4_pool": "",
            "enable_dns64": false,
            "enable_lni_at_device_index": 0,
            "enable_resource_name_dns_a_record_on_launch": false,
            "enable_resource_name_dns_aaaa_record_on_launch": false,
            "id": "subnet-029733216631d6f42",
            "ipv6_cidr_block": "",
            "ipv6_cidr_block_association_id": "",
            "ipv6_native": false,
            "map_customer_owned_ip_on_launch": false,
            "map_public_ip_on_launch": false,
            "outpost_arn": "",
            "owner_id": "735117202941",
            "private_dns_hostname_type_on_launch": "ip-name",
            "tags": {
              "Name": "db-pvt-subnet-1"
            },
            "tags_all": {
              "Name": "db-pvt-subnet-1"
            },
            "timeouts": null,
            "vpc_id": "vpc-0e320dbe136afb2bc"
          },
          "sensitive_attributes": [],
          "private": "eyJlMmJmYjczMC1lY2FhLTExZTYtOGY4OC0zNDM2M2JjN2M0YzAiOnsiY3JlYXRlIjo2MDAwMDAwMDAwMDAsImRlbGV0ZSI6MTIwMDAwMDAwMDAwMH0sInNjaGVtYV92ZXJzaW9uIjoiMSJ9",
          "dependencies": [
            "aws_eks_cluster.kubernetes-eks",
            "aws_eks_node_group.worker-node-group-1",
            "aws_iam_role.eks-iam-role-2",
            "aws_iam_role.workernodes-2",
            "aws_iam_role_policy_attachment.AmazonEKSWorkerNodePolicy",
            "aws_iam_role_policy_attachment.AmazonEKS_CNI_Policy",
            "aws_internet_gateway.db-igw",
            "aws_internet_gateway.igw",
            "aws_key_pair.main_key_pair",
            "aws_route_table.pub-route",
            "aws_route_table_association.pub-1",
            "aws_route_table_association.pub-2",
            "aws_security_group.sg",
            "aws_subnet.db-pub-sub-1",
            "aws_subnet.pub-sub-1",
            "aws_subnet.pub-sub-2",
            "aws_subnet.pvt-sub-1",
            "aws_subnet.pvt-sub-2",
            "aws_subnet.pvt-sub-3",
            "aws_subnet.pvt-sub-4",
            "aws_vpc.dbvpc",
            "aws_vpc.mainvpc",
            "null_resource.copy",
            "null_resource.install_kubectl",
            "tls_private_key.rsa"
          ]
        }
      ]
    },
    {
      "mode": "managed",
      "type": "aws_subnet",
      "name": "db-pvt-sub-2",
      "provider": "provider[\"registry.terraform.io/hashicorp/aws\"]",
      "instances": [
        {
          "schema_version": 1,
          "attributes": {
            "arn": "arn:aws:ec2:us-east-2:735117202941:subnet/subnet-034e75251ecfce123",
            "assign_ipv6_address_on_creation": false,
            "availability_zone": "us-east-2b",
            "availability_zone_id": "use2-az2",
            "cidr_block": "20.0.4.0/24",
            "customer_owned_ipv4_pool": "",
            "enable_dns64": false,
            "enable_lni_at_device_index": 0,
            "enable_resource_name_dns_a_record_on_launch": false,
            "enable_resource_name_dns_aaaa_record_on_launch": false,
            "id": "subnet-034e75251ecfce123",
            "ipv6_cidr_block": "",
            "ipv6_cidr_block_association_id": "",
            "ipv6_native": false,
            "map_customer_owned_ip_on_launch": false,
            "map_public_ip_on_launch": false,
            "outpost_arn": "",
            "owner_id": "735117202941",
            "private_dns_hostname_type_on_launch": "ip-name",
            "tags": {
              "Name": "db-pvt-subnet-2"
            },
            "tags_all": {
              "Name": "db-pvt-subnet-2"
            },
            "timeouts": null,
            "vpc_id": "vpc-0e320dbe136afb2bc"
          },
          "sensitive_attributes": [],
          "private": "eyJlMmJmYjczMC1lY2FhLTExZTYtOGY4OC0zNDM2M2JjN2M0YzAiOnsiY3JlYXRlIjo2MDAwMDAwMDAwMDAsImRlbGV0ZSI6MTIwMDAwMDAwMDAwMH0sInNjaGVtYV92ZXJzaW9uIjoiMSJ9",
          "dependencies": [
            "aws_eks_cluster.kubernetes-eks",
            "aws_eks_node_group.worker-node-group-1",
            "aws_iam_role.eks-iam-role-2",
            "aws_iam_role.workernodes-2",
            "aws_iam_role_policy_attachment.AmazonEKSWorkerNodePolicy",
            "aws_iam_role_policy_attachment.AmazonEKS_CNI_Policy",
            "aws_internet_gateway.db-igw",
            "aws_internet_gateway.igw",
            "aws_key_pair.main_key_pair",
            "aws_route_table.pub-route",
            "aws_route_table_association.pub-1",
            "aws_route_table_association.pub-2",
            "aws_security_group.sg",
            "aws_subnet.db-pub-sub-1",
            "aws_subnet.db-pub-sub-2",
            "aws_subnet.db-pvt-sub-1",
            "aws_subnet.pub-sub-1",
            "aws_subnet.pub-sub-2",
            "aws_subnet.pvt-sub-1",
            "aws_subnet.pvt-sub-2",
            "aws_subnet.pvt-sub-3",
            "aws_subnet.pvt-sub-4",
            "aws_vpc.dbvpc",
            "aws_vpc.mainvpc",
            "null_resource.copy",
            "null_resource.install_kubectl",
            "tls_private_key.rsa"
          ]
        }
      ]
    },
    {
      "mode": "managed",
      "type": "aws_subnet",
      "name": "db-pvt-sub-3",
      "provider": "provider[\"registry.terraform.io/hashicorp/aws\"]",
      "instances": [
        {
          "schema_version": 1,
          "attributes": {
            "arn": "arn:aws:ec2:us-east-2:735117202941:subnet/subnet-00d0c7ac9612a16ed",
            "assign_ipv6_address_on_creation": false,
            "availability_zone": "us-east-2a",
            "availability_zone_id": "use2-az1",
            "cidr_block": "20.0.5.0/24",
            "customer_owned_ipv4_pool": "",
            "enable_dns64": false,
            "enable_lni_at_device_index": 0,
            "enable_resource_name_dns_a_record_on_launch": false,
            "enable_resource_name_dns_aaaa_record_on_launch": false,
            "id": "subnet-00d0c7ac9612a16ed",
            "ipv6_cidr_block": "",
            "ipv6_cidr_block_association_id": "",
            "ipv6_native": false,
            "map_customer_owned_ip_on_launch": false,
            "map_public_ip_on_launch": false,
            "outpost_arn": "",
            "owner_id": "735117202941",
            "private_dns_hostname_type_on_launch": "ip-name",
            "tags": {
              "Name": "db-pvt-subnet-3"
            },
            "tags_all": {
              "Name": "db-pvt-subnet-3"
            },
            "timeouts": null,
            "vpc_id": "vpc-0e320dbe136afb2bc"
          },
          "sensitive_attributes": [],
          "private": "eyJlMmJmYjczMC1lY2FhLTExZTYtOGY4OC0zNDM2M2JjN2M0YzAiOnsiY3JlYXRlIjo2MDAwMDAwMDAwMDAsImRlbGV0ZSI6MTIwMDAwMDAwMDAwMH0sInNjaGVtYV92ZXJzaW9uIjoiMSJ9",
          "dependencies": [
            "aws_eks_cluster.kubernetes-eks",
            "aws_eks_node_group.worker-node-group-1",
            "aws_iam_role.eks-iam-role-2",
            "aws_iam_role.workernodes-2",
            "aws_iam_role_policy_attachment.AmazonEKSWorkerNodePolicy",
            "aws_iam_role_policy_attachment.AmazonEKS_CNI_Policy",
            "aws_internet_gateway.db-igw",
            "aws_internet_gateway.igw",
            "aws_key_pair.main_key_pair",
            "aws_route_table.pub-route",
            "aws_route_table_association.pub-1",
            "aws_route_table_association.pub-2",
            "aws_security_group.sg",
            "aws_subnet.db-pub-sub-1",
            "aws_subnet.db-pub-sub-2",
            "aws_subnet.db-pvt-sub-1",
            "aws_subnet.db-pvt-sub-2",
            "aws_subnet.pub-sub-1",
            "aws_subnet.pub-sub-2",
            "aws_subnet.pvt-sub-1",
            "aws_subnet.pvt-sub-2",
            "aws_subnet.pvt-sub-3",
            "aws_subnet.pvt-sub-4",
            "aws_vpc.dbvpc",
            "aws_vpc.mainvpc",
            "null_resource.copy",
            "null_resource.install_kubectl",
            "tls_private_key.rsa"
          ]
        }
      ]
    },
    {
      "mode": "managed",
      "type": "aws_subnet",
      "name": "db-pvt-sub-4",
      "provider": "provider[\"registry.terraform.io/hashicorp/aws\"]",
      "instances": [
        {
          "schema_version": 1,
          "attributes": {
            "arn": "arn:aws:ec2:us-east-2:735117202941:subnet/subnet-0e5779bd06c27de85",
            "assign_ipv6_address_on_creation": false,
            "availability_zone": "us-east-2b",
            "availability_zone_id": "use2-az2",
            "cidr_block": "20.0.6.0/24",
            "customer_owned_ipv4_pool": "",
            "enable_dns64": false,
            "enable_lni_at_device_index": 0,
            "enable_resource_name_dns_a_record_on_launch": false,
            "enable_resource_name_dns_aaaa_record_on_launch": false,
            "id": "subnet-0e5779bd06c27de85",
            "ipv6_cidr_block": "",
            "ipv6_cidr_block_association_id": "",
            "ipv6_native": false,
            "map_customer_owned_ip_on_launch": false,
            "map_public_ip_on_launch": false,
            "outpost_arn": "",
            "owner_id": "735117202941",
            "private_dns_hostname_type_on_launch": "ip-name",
            "tags": {
              "Name": "db-pvt-subnet-4"
            },
            "tags_all": {
              "Name": "db-pvt-subnet-4"
            },
            "timeouts": null,
            "vpc_id": "vpc-0e320dbe136afb2bc"
          },
          "sensitive_attributes": [],
          "private": "eyJlMmJmYjczMC1lY2FhLTExZTYtOGY4OC0zNDM2M2JjN2M0YzAiOnsiY3JlYXRlIjo2MDAwMDAwMDAwMDAsImRlbGV0ZSI6MTIwMDAwMDAwMDAwMH0sInNjaGVtYV92ZXJzaW9uIjoiMSJ9",
          "dependencies": [
            "aws_eks_cluster.kubernetes-eks",
            "aws_eks_node_group.worker-node-group-1",
            "aws_iam_role.eks-iam-role-2",
            "aws_iam_role.workernodes-2",
            "aws_iam_role_policy_attachment.AmazonEKSWorkerNodePolicy",
            "aws_iam_role_policy_attachment.AmazonEKS_CNI_Policy",
            "aws_internet_gateway.db-igw",
            "aws_internet_gateway.igw",
            "aws_key_pair.main_key_pair",
            "aws_route_table.pub-route",
            "aws_route_table_association.pub-1",
            "aws_route_table_association.pub-2",
            "aws_security_group.sg",
            "aws_subnet.db-pub-sub-1",
            "aws_subnet.db-pub-sub-2",
            "aws_subnet.db-pvt-sub-1",
            "aws_subnet.db-pvt-sub-2",
            "aws_subnet.db-pvt-sub-3",
            "aws_subnet.pub-sub-1",
            "aws_subnet.pub-sub-2",
            "aws_subnet.pvt-sub-1",
            "aws_subnet.pvt-sub-2",
            "aws_subnet.pvt-sub-3",
            "aws_subnet.pvt-sub-4",
            "aws_vpc.dbvpc",
            "aws_vpc.mainvpc",
            "null_resource.copy",
            "null_resource.install_kubectl",
            "tls_private_key.rsa"
          ]
        }
      ]
    },
    {
      "mode": "managed",
      "type": "aws_subnet",
      "name": "pub-sub-1",
      "provider": "provider[\"registry.terraform.io/hashicorp/aws\"]",
      "instances": [
        {
          "schema_version": 1,
          "attributes": {
            "arn": "arn:aws:ec2:us-east-2:735117202941:subnet/subnet-0f3afcf72f0bb368f",
            "assign_ipv6_address_on_creation": false,
            "availability_zone": "us-east-2a",
            "availability_zone_id": "use2-az1",
            "cidr_block": "10.0.1.0/24",
            "customer_owned_ipv4_pool": "",
            "enable_dns64": false,
            "enable_lni_at_device_index": 0,
            "enable_resource_name_dns_a_record_on_launch": false,
            "enable_resource_name_dns_aaaa_record_on_launch": false,
            "id": "subnet-0f3afcf72f0bb368f",
            "ipv6_cidr_block": "",
            "ipv6_cidr_block_association_id": "",
            "ipv6_native": false,
            "map_customer_owned_ip_on_launch": false,
            "map_public_ip_on_launch": true,
            "outpost_arn": "",
            "owner_id": "735117202941",
            "private_dns_hostname_type_on_launch": "ip-name",
            "tags": {
              "Name": "pub-subnet-1"
            },
            "tags_all": {
              "Name": "pub-subnet-1"
            },
            "timeouts": null,
            "vpc_id": "vpc-0b142d9b6f8c97e1a"
          },
          "sensitive_attributes": [],
          "private": "eyJlMmJmYjczMC1lY2FhLTExZTYtOGY4OC0zNDM2M2JjN2M0YzAiOnsiY3JlYXRlIjo2MDAwMDAwMDAwMDAsImRlbGV0ZSI6MTIwMDAwMDAwMDAwMH0sInNjaGVtYV92ZXJzaW9uIjoiMSJ9",
          "dependencies": [
            "aws_internet_gateway.igw",
            "aws_vpc.mainvpc"
          ]
        }
      ]
    },
    {
      "mode": "managed",
      "type": "aws_subnet",
      "name": "pub-sub-2",
      "provider": "provider[\"registry.terraform.io/hashicorp/aws\"]",
      "instances": [
        {
          "schema_version": 1,
          "attributes": {
            "arn": "arn:aws:ec2:us-east-2:735117202941:subnet/subnet-0214623b70cc0cb82",
            "assign_ipv6_address_on_creation": false,
            "availability_zone": "us-east-2b",
            "availability_zone_id": "use2-az2",
            "cidr_block": "10.0.3.0/24",
            "customer_owned_ipv4_pool": "",
            "enable_dns64": false,
            "enable_lni_at_device_index": 0,
            "enable_resource_name_dns_a_record_on_launch": false,
            "enable_resource_name_dns_aaaa_record_on_launch": false,
            "id": "subnet-0214623b70cc0cb82",
            "ipv6_cidr_block": "",
            "ipv6_cidr_block_association_id": "",
            "ipv6_native": false,
            "map_customer_owned_ip_on_launch": false,
            "map_public_ip_on_launch": true,
            "outpost_arn": "",
            "owner_id": "735117202941",
            "private_dns_hostname_type_on_launch": "ip-name",
            "tags": {
              "Name": "pub-subnet-2"
            },
            "tags_all": {
              "Name": "pub-subnet-2"
            },
            "timeouts": null,
            "vpc_id": "vpc-0b142d9b6f8c97e1a"
          },
          "sensitive_attributes": [],
          "private": "eyJlMmJmYjczMC1lY2FhLTExZTYtOGY4OC0zNDM2M2JjN2M0YzAiOnsiY3JlYXRlIjo2MDAwMDAwMDAwMDAsImRlbGV0ZSI6MTIwMDAwMDAwMDAwMH0sInNjaGVtYV92ZXJzaW9uIjoiMSJ9",
          "dependencies": [
            "aws_internet_gateway.igw",
            "aws_subnet.pub-sub-1",
            "aws_subnet.pvt-sub-1",
            "aws_vpc.mainvpc"
          ]
        }
      ]
    },
    {
      "mode": "managed",
      "type": "aws_subnet",
      "name": "pvt-sub-1",
      "provider": "provider[\"registry.terraform.io/hashicorp/aws\"]",
      "instances": [
        {
          "schema_version": 1,
          "attributes": {
            "arn": "arn:aws:ec2:us-east-2:735117202941:subnet/subnet-0c14e10d4857f6d3f",
            "assign_ipv6_address_on_creation": false,
            "availability_zone": "us-east-2a",
            "availability_zone_id": "use2-az1",
            "cidr_block": "10.0.2.0/24",
            "customer_owned_ipv4_pool": "",
            "enable_dns64": false,
            "enable_lni_at_device_index": 0,
            "enable_resource_name_dns_a_record_on_launch": false,
            "enable_resource_name_dns_aaaa_record_on_launch": false,
            "id": "subnet-0c14e10d4857f6d3f",
            "ipv6_cidr_block": "",
            "ipv6_cidr_block_association_id": "",
            "ipv6_native": false,
            "map_customer_owned_ip_on_launch": false,
            "map_public_ip_on_launch": false,
            "outpost_arn": "",
            "owner_id": "735117202941",
            "private_dns_hostname_type_on_launch": "ip-name",
            "tags": {
              "Name": "pvt-subnet-1"
            },
            "tags_all": {
              "Name": "pvt-subnet-1"
            },
            "timeouts": null,
            "vpc_id": "vpc-0b142d9b6f8c97e1a"
          },
          "sensitive_attributes": [],
          "private": "eyJlMmJmYjczMC1lY2FhLTExZTYtOGY4OC0zNDM2M2JjN2M0YzAiOnsiY3JlYXRlIjo2MDAwMDAwMDAwMDAsImRlbGV0ZSI6MTIwMDAwMDAwMDAwMH0sInNjaGVtYV92ZXJzaW9uIjoiMSJ9",
          "dependencies": [
            "aws_internet_gateway.igw",
            "aws_subnet.pub-sub-1",
            "aws_vpc.mainvpc"
          ]
        }
      ]
    },
    {
      "mode": "managed",
      "type": "aws_subnet",
      "name": "pvt-sub-2",
      "provider": "provider[\"registry.terraform.io/hashicorp/aws\"]",
      "instances": [
        {
          "schema_version": 1,
          "attributes": {
            "arn": "arn:aws:ec2:us-east-2:735117202941:subnet/subnet-0cc4074c17769392a",
            "assign_ipv6_address_on_creation": false,
            "availability_zone": "us-east-2b",
            "availability_zone_id": "use2-az2",
            "cidr_block": "10.0.4.0/24",
            "customer_owned_ipv4_pool": "",
            "enable_dns64": false,
            "enable_lni_at_device_index": 0,
            "enable_resource_name_dns_a_record_on_launch": false,
            "enable_resource_name_dns_aaaa_record_on_launch": false,
            "id": "subnet-0cc4074c17769392a",
            "ipv6_cidr_block": "",
            "ipv6_cidr_block_association_id": "",
            "ipv6_native": false,
            "map_customer_owned_ip_on_launch": false,
            "map_public_ip_on_launch": false,
            "outpost_arn": "",
            "owner_id": "735117202941",
            "private_dns_hostname_type_on_launch": "ip-name",
            "tags": {
              "Name": "pvt-subnet-2"
            },
            "tags_all": {
              "Name": "pvt-subnet-2"
            },
            "timeouts": null,
            "vpc_id": "vpc-0b142d9b6f8c97e1a"
          },
          "sensitive_attributes": [],
          "private": "eyJlMmJmYjczMC1lY2FhLTExZTYtOGY4OC0zNDM2M2JjN2M0YzAiOnsiY3JlYXRlIjo2MDAwMDAwMDAwMDAsImRlbGV0ZSI6MTIwMDAwMDAwMDAwMH0sInNjaGVtYV92ZXJzaW9uIjoiMSJ9",
          "dependencies": [
            "aws_internet_gateway.igw",
            "aws_subnet.pub-sub-1",
            "aws_subnet.pub-sub-2",
            "aws_subnet.pvt-sub-1",
            "aws_vpc.mainvpc"
          ]
        }
      ]
    },
    {
      "mode": "managed",
      "type": "aws_subnet",
      "name": "pvt-sub-3",
      "provider": "provider[\"registry.terraform.io/hashicorp/aws\"]",
      "instances": [
        {
          "schema_version": 1,
          "attributes": {
            "arn": "arn:aws:ec2:us-east-2:735117202941:subnet/subnet-074355482a2f91bda",
            "assign_ipv6_address_on_creation": false,
            "availability_zone": "us-east-2a",
            "availability_zone_id": "use2-az1",
            "cidr_block": "10.0.5.0/24",
            "customer_owned_ipv4_pool": "",
            "enable_dns64": false,
            "enable_lni_at_device_index": 0,
            "enable_resource_name_dns_a_record_on_launch": false,
            "enable_resource_name_dns_aaaa_record_on_launch": false,
            "id": "subnet-074355482a2f91bda",
            "ipv6_cidr_block": "",
            "ipv6_cidr_block_association_id": "",
            "ipv6_native": false,
            "map_customer_owned_ip_on_launch": false,
            "map_public_ip_on_launch": false,
            "outpost_arn": "",
            "owner_id": "735117202941",
            "private_dns_hostname_type_on_launch": "ip-name",
            "tags": {
              "Name": "pvt-subnet-3"
            },
            "tags_all": {
              "Name": "pvt-subnet-3"
            },
            "timeouts": null,
            "vpc_id": "vpc-0b142d9b6f8c97e1a"
          },
          "sensitive_attributes": [],
          "private": "eyJlMmJmYjczMC1lY2FhLTExZTYtOGY4OC0zNDM2M2JjN2M0YzAiOnsiY3JlYXRlIjo2MDAwMDAwMDAwMDAsImRlbGV0ZSI6MTIwMDAwMDAwMDAwMH0sInNjaGVtYV92ZXJzaW9uIjoiMSJ9",
          "dependencies": [
            "aws_internet_gateway.igw",
            "aws_subnet.pub-sub-1",
            "aws_subnet.pub-sub-2",
            "aws_subnet.pvt-sub-1",
            "aws_subnet.pvt-sub-2",
            "aws_vpc.mainvpc"
          ]
        }
      ]
    },
    {
      "mode": "managed",
      "type": "aws_subnet",
      "name": "pvt-sub-4",
      "provider": "provider[\"registry.terraform.io/hashicorp/aws\"]",
      "instances": [
        {
          "schema_version": 1,
          "attributes": {
            "arn": "arn:aws:ec2:us-east-2:735117202941:subnet/subnet-060d91b21de2bb433",
            "assign_ipv6_address_on_creation": false,
            "availability_zone": "us-east-2b",
            "availability_zone_id": "use2-az2",
            "cidr_block": "10.0.6.0/24",
            "customer_owned_ipv4_pool": "",
            "enable_dns64": false,
            "enable_lni_at_device_index": 0,
            "enable_resource_name_dns_a_record_on_launch": false,
            "enable_resource_name_dns_aaaa_record_on_launch": false,
            "id": "subnet-060d91b21de2bb433",
            "ipv6_cidr_block": "",
            "ipv6_cidr_block_association_id": "",
            "ipv6_native": false,
            "map_customer_owned_ip_on_launch": false,
            "map_public_ip_on_launch": false,
            "outpost_arn": "",
            "owner_id": "735117202941",
            "private_dns_hostname_type_on_launch": "ip-name",
            "tags": {
              "Name": "pvt-subnet-4"
            },
            "tags_all": {
              "Name": "pvt-subnet-4"
            },
            "timeouts": null,
            "vpc_id": "vpc-0b142d9b6f8c97e1a"
          },
          "sensitive_attributes": [],
          "private": "eyJlMmJmYjczMC1lY2FhLTExZTYtOGY4OC0zNDM2M2JjN2M0YzAiOnsiY3JlYXRlIjo2MDAwMDAwMDAwMDAsImRlbGV0ZSI6MTIwMDAwMDAwMDAwMH0sInNjaGVtYV92ZXJzaW9uIjoiMSJ9",
          "dependencies": [
            "aws_internet_gateway.igw",
            "aws_subnet.pub-sub-1",
            "aws_subnet.pub-sub-2",
            "aws_subnet.pvt-sub-1",
            "aws_subnet.pvt-sub-2",
            "aws_subnet.pvt-sub-3",
            "aws_vpc.mainvpc"
          ]
        }
      ]
    },
    {
      "mode": "managed",
      "type": "aws_vpc",
      "name": "dbvpc",
      "provider": "provider[\"registry.terraform.io/hashicorp/aws\"]",
      "instances": [
        {
          "schema_version": 1,
          "attributes": {
            "arn": "arn:aws:ec2:us-east-2:735117202941:vpc/vpc-0e320dbe136afb2bc",
            "assign_generated_ipv6_cidr_block": false,
            "cidr_block": "20.0.0.0/16",
            "default_network_acl_id": "acl-09cf1cef04640d77b",
            "default_route_table_id": "rtb-0c13e21db901ebcb0",
            "default_security_group_id": "sg-0373a75538ad703e4",
            "dhcp_options_id": "dopt-0423809a7f06bcc72",
            "enable_classiclink": false,
            "enable_classiclink_dns_support": false,
            "enable_dns_hostnames": false,
            "enable_dns_support": true,
            "enable_network_address_usage_metrics": false,
            "id": "vpc-0e320dbe136afb2bc",
            "instance_tenancy": "default",
            "ipv4_ipam_pool_id": null,
            "ipv4_netmask_length": null,
            "ipv6_association_id": "",
            "ipv6_cidr_block": "",
            "ipv6_cidr_block_network_border_group": "",
            "ipv6_ipam_pool_id": "",
            "ipv6_netmask_length": 0,
            "main_route_table_id": "rtb-0c13e21db901ebcb0",
            "owner_id": "735117202941",
            "tags": {
              "Name": "dbvpc"
            },
            "tags_all": {
              "Name": "dbvpc"
            }
          },
          "sensitive_attributes": [],
          "private": "eyJzY2hlbWFfdmVyc2lvbiI6IjEifQ==",
          "dependencies": [
            "aws_eks_cluster.kubernetes-eks",
            "aws_eks_node_group.worker-node-group-1",
            "aws_iam_role.eks-iam-role-2",
            "aws_iam_role.workernodes-2",
            "aws_iam_role_policy_attachment.AmazonEKSWorkerNodePolicy",
            "aws_iam_role_policy_attachment.AmazonEKS_CNI_Policy",
            "aws_internet_gateway.igw",
            "aws_key_pair.main_key_pair",
            "aws_route_table.pub-route",
            "aws_route_table_association.pub-1",
            "aws_route_table_association.pub-2",
            "aws_security_group.sg",
            "aws_subnet.pub-sub-1",
            "aws_subnet.pub-sub-2",
            "aws_subnet.pvt-sub-1",
            "aws_subnet.pvt-sub-2",
            "aws_subnet.pvt-sub-3",
            "aws_subnet.pvt-sub-4",
            "aws_vpc.mainvpc",
            "null_resource.copy",
            "null_resource.install_kubectl",
            "tls_private_key.rsa"
          ]
        }
      ]
    },
    {
      "mode": "managed",
      "type": "aws_vpc",
      "name": "mainvpc",
      "provider": "provider[\"registry.terraform.io/hashicorp/aws\"]",
      "instances": [
        {
          "schema_version": 1,
          "attributes": {
            "arn": "arn:aws:ec2:us-east-2:735117202941:vpc/vpc-0b142d9b6f8c97e1a",
            "assign_generated_ipv6_cidr_block": false,
            "cidr_block": "10.0.0.0/16",
            "default_network_acl_id": "acl-0197cf7c89e1f3a33",
            "default_route_table_id": "rtb-09a17f7d4d42ca941",
            "default_security_group_id": "sg-0b087b4b827f84fa4",
            "dhcp_options_id": "dopt-0423809a7f06bcc72",
            "enable_classiclink": false,
            "enable_classiclink_dns_support": false,
            "enable_dns_hostnames": false,
            "enable_dns_support": true,
            "enable_network_address_usage_metrics": false,
            "id": "vpc-0b142d9b6f8c97e1a",
            "instance_tenancy": "default",
            "ipv4_ipam_pool_id": null,
            "ipv4_netmask_length": null,
            "ipv6_association_id": "",
            "ipv6_cidr_block": "",
            "ipv6_cidr_block_network_border_group": "",
            "ipv6_ipam_pool_id": "",
            "ipv6_netmask_length": 0,
            "main_route_table_id": "rtb-09a17f7d4d42ca941",
            "owner_id": "735117202941",
            "tags": {
              "Name": "mainvpc"
            },
            "tags_all": {
              "Name": "mainvpc"
            }
          },
          "sensitive_attributes": [],
          "private": "eyJzY2hlbWFfdmVyc2lvbiI6IjEifQ=="
        }
      ]
    },
    {
      "mode": "managed",
      "type": "aws_vpc_peering_connection",
      "name": "peering",
      "provider": "provider[\"registry.terraform.io/hashicorp/aws\"]",
      "instances": [
        {
          "schema_version": 0,
          "attributes": {
            "accept_status": "active",
            "accepter": [
              {
                "allow_classic_link_to_remote_vpc": false,
                "allow_remote_vpc_dns_resolution": false,
                "allow_vpc_to_remote_classic_link": false
              }
            ],
            "auto_accept": true,
            "id": "pcx-0ce29ee86447310d6",
            "peer_owner_id": "735117202941",
            "peer_region": "us-east-2",
            "peer_vpc_id": "vpc-0e320dbe136afb2bc",
            "requester": [
              {
                "allow_classic_link_to_remote_vpc": false,
                "allow_remote_vpc_dns_resolution": false,
                "allow_vpc_to_remote_classic_link": false
              }
            ],
            "tags": {},
            "tags_all": {},
            "timeouts": null,
            "vpc_id": "vpc-0b142d9b6f8c97e1a"
          },
          "sensitive_attributes": [],
          "private": "eyJlMmJmYjczMC1lY2FhLTExZTYtOGY4OC0zNDM2M2JjN2M0YzAiOnsiY3JlYXRlIjo2MDAwMDAwMDAwMCwiZGVsZXRlIjo2MDAwMDAwMDAwMCwidXBkYXRlIjo2MDAwMDAwMDAwMH19",
          "dependencies": [
            "aws_eip.db-elastic-1",
            "aws_eip.db-elastic-2",
            "aws_eks_cluster.kubernetes-eks",
            "aws_eks_node_group.worker-node-group-1",
            "aws_iam_role.eks-iam-role-2",
            "aws_iam_role.workernodes-2",
            "aws_iam_role_policy_attachment.AmazonEKSWorkerNodePolicy",
            "aws_iam_role_policy_attachment.AmazonEKS_CNI_Policy",
            "aws_internet_gateway.db-igw",
            "aws_internet_gateway.igw",
            "aws_key_pair.main_key_pair",
            "aws_nat_gateway.db-nat-1",
            "aws_nat_gateway.db-nat-2",
            "aws_route_table.db-pub-route",
            "aws_route_table.db-pvt-route-1",
            "aws_route_table.db-pvt-route-2",
            "aws_route_table.db-pvt-route-3",
            "aws_route_table.db-pvt-route-4",
            "aws_route_table.pub-route",
            "aws_route_table_association.db-pub-1",
            "aws_route_table_association.db-pub-2",
            "aws_route_table_association.db-pvt-1",
            "aws_route_table_association.db-pvt-2",
            "aws_route_table_association.db-pvt-3",
            "aws_route_table_association.db-pvt-4",
            "aws_route_table_association.pub-1",
            "aws_route_table_association.pub-2",
            "aws_security_group.db-sg",
            "aws_security_group.sg",
            "aws_subnet.db-pub-sub-1",
            "aws_subnet.db-pub-sub-2",
            "aws_subnet.db-pvt-sub-1",
            "aws_subnet.db-pvt-sub-2",
            "aws_subnet.db-pvt-sub-3",
            "aws_subnet.db-pvt-sub-4",
            "aws_subnet.pub-sub-1",
            "aws_subnet.pub-sub-2",
            "aws_subnet.pvt-sub-1",
            "aws_subnet.pvt-sub-2",
            "aws_subnet.pvt-sub-3",
            "aws_subnet.pvt-sub-4",
            "aws_vpc.dbvpc",
            "aws_vpc.mainvpc",
            "null_resource.copy",
            "null_resource.install_kubectl",
            "tls_private_key.rsa"
          ]
        }
      ]
    },
    {
      "mode": "managed",
      "type": "null_resource",
      "name": "copy",
      "provider": "provider[\"registry.terraform.io/hashicorp/null\"]",
      "instances": [
        {
          "schema_version": 0,
          "attributes": {
            "id": "6306106333086133344",
            "triggers": null
          },
          "sensitive_attributes": [],
          "dependencies": [
            "aws_internet_gateway.igw",
            "aws_key_pair.main_key_pair",
            "aws_route_table.pub-route",
            "aws_route_table_association.pub-1",
            "aws_route_table_association.pub-2",
            "aws_security_group.sg",
            "aws_subnet.pub-sub-1",
            "aws_subnet.pub-sub-2",
            "aws_subnet.pvt-sub-1",
            "aws_subnet.pvt-sub-2",
            "aws_subnet.pvt-sub-3",
            "aws_subnet.pvt-sub-4",
            "aws_vpc.mainvpc",
            "tls_private_key.rsa"
          ]
        }
      ]
    },
    {
      "mode": "managed",
      "type": "null_resource",
      "name": "export-pem",
      "provider": "provider[\"registry.terraform.io/hashicorp/null\"]",
      "instances": [
        {
          "schema_version": 0,
          "attributes": {
            "id": "8375250267468063631",
            "triggers": null
          },
          "sensitive_attributes": [],
          "dependencies": [
            "aws_eip.db-elastic-1",
            "aws_eip.db-elastic-2",
            "aws_eks_cluster.kubernetes-eks",
            "aws_eks_node_group.worker-node-group-1",
            "aws_iam_role.eks-iam-role-2",
            "aws_iam_role.workernodes-2",
            "aws_iam_role_policy_attachment.AmazonEKSWorkerNodePolicy",
            "aws_iam_role_policy_attachment.AmazonEKS_CNI_Policy",
            "aws_instance.app1",
            "aws_instance.bastion-host",
            "aws_instance.mongo-1",
            "aws_instance.mongo-2",
            "aws_instance.mongo-3",
            "aws_internet_gateway.db-igw",
            "aws_internet_gateway.igw",
            "aws_key_pair.main_key_pair",
            "aws_nat_gateway.db-nat-1",
            "aws_nat_gateway.db-nat-2",
            "aws_route.vpc_dbvpc_to_vpc_mainvpc",
            "aws_route.vpc_mainvpc_to_vpc_dabvpc",
            "aws_route_table.db-pub-route",
            "aws_route_table.db-pvt-route-1",
            "aws_route_table.db-pvt-route-2",
            "aws_route_table.db-pvt-route-3",
            "aws_route_table.db-pvt-route-4",
            "aws_route_table.pub-route",
            "aws_route_table_association.db-pub-1",
            "aws_route_table_association.db-pub-2",
            "aws_route_table_association.db-pvt-1",
            "aws_route_table_association.db-pvt-2",
            "aws_route_table_association.db-pvt-3",
            "aws_route_table_association.db-pvt-4",
            "aws_route_table_association.pub-1",
            "aws_route_table_association.pub-2",
            "aws_security_group.db-sg",
            "aws_security_group.sg",
            "aws_security_group_rule.ingress",
            "aws_subnet.db-pub-sub-1",
            "aws_subnet.db-pub-sub-2",
            "aws_subnet.db-pvt-sub-1",
            "aws_subnet.db-pvt-sub-2",
            "aws_subnet.db-pvt-sub-3",
            "aws_subnet.db-pvt-sub-4",
            "aws_subnet.pub-sub-1",
            "aws_subnet.pub-sub-2",
            "aws_subnet.pvt-sub-1",
            "aws_subnet.pvt-sub-2",
            "aws_subnet.pvt-sub-3",
            "aws_subnet.pvt-sub-4",
            "aws_vpc.dbvpc",
            "aws_vpc.mainvpc",
            "aws_vpc_peering_connection.peering",
            "null_resource.copy",
            "null_resource.install_kubectl",
            "tls_private_key.rsa"
          ]
        }
      ]
    },
    {
      "mode": "managed",
      "type": "null_resource",
      "name": "install_kubectl",
      "provider": "provider[\"registry.terraform.io/hashicorp/null\"]",
      "instances": [
        {
          "schema_version": 0,
          "attributes": {
            "id": "1036305469907668774",
            "triggers": null
          },
          "sensitive_attributes": [],
          "dependencies": [
            "aws_eks_cluster.kubernetes-eks",
            "aws_eks_node_group.worker-node-group-1",
            "aws_iam_role.eks-iam-role-2",
            "aws_iam_role.workernodes-2",
            "aws_iam_role_policy_attachment.AmazonEKSWorkerNodePolicy",
            "aws_iam_role_policy_attachment.AmazonEKS_CNI_Policy",
            "aws_internet_gateway.igw",
            "aws_key_pair.main_key_pair",
            "aws_route_table.pub-route",
            "aws_route_table_association.pub-1",
            "aws_route_table_association.pub-2",
            "aws_security_group.sg",
            "aws_subnet.pub-sub-1",
            "aws_subnet.pub-sub-2",
            "aws_subnet.pvt-sub-1",
            "aws_subnet.pvt-sub-2",
            "aws_subnet.pvt-sub-3",
            "aws_subnet.pvt-sub-4",
            "aws_vpc.mainvpc",
            "null_resource.copy",
            "tls_private_key.rsa"
          ]
        }
      ]
    },
    {
      "mode": "managed",
      "type": "null_resource",
      "name": "install_mongodb-1",
      "provider": "provider[\"registry.terraform.io/hashicorp/null\"]",
      "instances": [
        {
          "schema_version": 0,
          "attributes": {
            "id": "800016901919180685",
            "triggers": null
          },
          "sensitive_attributes": [],
          "dependencies": [
            "aws_eip.db-elastic-1",
            "aws_eip.db-elastic-2",
            "aws_eks_cluster.kubernetes-eks",
            "aws_eks_node_group.worker-node-group-1",
            "aws_iam_role.eks-iam-role-2",
            "aws_iam_role.workernodes-2",
            "aws_iam_role_policy_attachment.AmazonEKSWorkerNodePolicy",
            "aws_iam_role_policy_attachment.AmazonEKS_CNI_Policy",
            "aws_instance.app1",
            "aws_instance.bastion-host",
            "aws_instance.mongo-1",
            "aws_instance.mongo-2",
            "aws_instance.mongo-3",
            "aws_internet_gateway.db-igw",
            "aws_internet_gateway.igw",
            "aws_key_pair.main_key_pair",
            "aws_nat_gateway.db-nat-1",
            "aws_nat_gateway.db-nat-2",
            "aws_route.vpc_dbvpc_to_vpc_mainvpc",
            "aws_route.vpc_mainvpc_to_vpc_dabvpc",
            "aws_route_table.db-pub-route",
            "aws_route_table.db-pvt-route-1",
            "aws_route_table.db-pvt-route-2",
            "aws_route_table.db-pvt-route-3",
            "aws_route_table.db-pvt-route-4",
            "aws_route_table.pub-route",
            "aws_route_table_association.db-pub-1",
            "aws_route_table_association.db-pub-2",
            "aws_route_table_association.db-pvt-1",
            "aws_route_table_association.db-pvt-2",
            "aws_route_table_association.db-pvt-3",
            "aws_route_table_association.db-pvt-4",
            "aws_route_table_association.pub-1",
            "aws_route_table_association.pub-2",
            "aws_security_group.db-sg",
            "aws_security_group.sg",
            "aws_security_group_rule.ingress",
            "aws_subnet.db-pub-sub-1",
            "aws_subnet.db-pub-sub-2",
            "aws_subnet.db-pvt-sub-1",
            "aws_subnet.db-pvt-sub-2",
            "aws_subnet.db-pvt-sub-3",
            "aws_subnet.db-pvt-sub-4",
            "aws_subnet.pub-sub-1",
            "aws_subnet.pub-sub-2",
            "aws_subnet.pvt-sub-1",
            "aws_subnet.pvt-sub-2",
            "aws_subnet.pvt-sub-3",
            "aws_subnet.pvt-sub-4",
            "aws_vpc.dbvpc",
            "aws_vpc.mainvpc",
            "aws_vpc_peering_connection.peering",
            "null_resource.copy",
            "null_resource.export-pem",
            "null_resource.install_kubectl",
            "tls_private_key.rsa"
          ]
        }
      ]
    },
    {
      "mode": "managed",
      "type": "null_resource",
      "name": "install_mongodb-2",
      "provider": "provider[\"registry.terraform.io/hashicorp/null\"]",
      "instances": [
        {
          "schema_version": 0,
          "attributes": {
            "id": "614563851024660863",
            "triggers": null
          },
          "sensitive_attributes": [],
          "dependencies": [
            "aws_eip.db-elastic-1",
            "aws_eip.db-elastic-2",
            "aws_eks_cluster.kubernetes-eks",
            "aws_eks_node_group.worker-node-group-1",
            "aws_iam_role.eks-iam-role-2",
            "aws_iam_role.workernodes-2",
            "aws_iam_role_policy_attachment.AmazonEKSWorkerNodePolicy",
            "aws_iam_role_policy_attachment.AmazonEKS_CNI_Policy",
            "aws_instance.app1",
            "aws_instance.bastion-host",
            "aws_instance.mongo-1",
            "aws_instance.mongo-2",
            "aws_instance.mongo-3",
            "aws_internet_gateway.db-igw",
            "aws_internet_gateway.igw",
            "aws_key_pair.main_key_pair",
            "aws_nat_gateway.db-nat-1",
            "aws_nat_gateway.db-nat-2",
            "aws_route.vpc_dbvpc_to_vpc_mainvpc",
            "aws_route.vpc_mainvpc_to_vpc_dabvpc",
            "aws_route_table.db-pub-route",
            "aws_route_table.db-pvt-route-1",
            "aws_route_table.db-pvt-route-2",
            "aws_route_table.db-pvt-route-3",
            "aws_route_table.db-pvt-route-4",
            "aws_route_table.pub-route",
            "aws_route_table_association.db-pub-1",
            "aws_route_table_association.db-pub-2",
            "aws_route_table_association.db-pvt-1",
            "aws_route_table_association.db-pvt-2",
            "aws_route_table_association.db-pvt-3",
            "aws_route_table_association.db-pvt-4",
            "aws_route_table_association.pub-1",
            "aws_route_table_association.pub-2",
            "aws_security_group.db-sg",
            "aws_security_group.sg",
            "aws_security_group_rule.ingress",
            "aws_subnet.db-pub-sub-1",
            "aws_subnet.db-pub-sub-2",
            "aws_subnet.db-pvt-sub-1",
            "aws_subnet.db-pvt-sub-2",
            "aws_subnet.db-pvt-sub-3",
            "aws_subnet.db-pvt-sub-4",
            "aws_subnet.pub-sub-1",
            "aws_subnet.pub-sub-2",
            "aws_subnet.pvt-sub-1",
            "aws_subnet.pvt-sub-2",
            "aws_subnet.pvt-sub-3",
            "aws_subnet.pvt-sub-4",
            "aws_vpc.dbvpc",
            "aws_vpc.mainvpc",
            "aws_vpc_peering_connection.peering",
            "null_resource.copy",
            "null_resource.export-pem",
            "null_resource.install_kubectl",
            "null_resource.install_mongodb-1",
            "tls_private_key.rsa"
          ]
        }
      ]
    },
    {
      "mode": "managed",
      "type": "null_resource",
      "name": "install_mongodb-3",
      "provider": "provider[\"registry.terraform.io/hashicorp/null\"]",
      "instances": [
        {
          "schema_version": 0,
          "attributes": {
            "id": "5124164676718787082",
            "triggers": null
          },
          "sensitive_attributes": [],
          "dependencies": [
            "aws_eip.db-elastic-1",
            "aws_eip.db-elastic-2",
            "aws_eks_cluster.kubernetes-eks",
            "aws_eks_node_group.worker-node-group-1",
            "aws_iam_role.eks-iam-role-2",
            "aws_iam_role.workernodes-2",
            "aws_iam_role_policy_attachment.AmazonEKSWorkerNodePolicy",
            "aws_iam_role_policy_attachment.AmazonEKS_CNI_Policy",
            "aws_instance.app1",
            "aws_instance.bastion-host",
            "aws_instance.mongo-1",
            "aws_instance.mongo-2",
            "aws_instance.mongo-3",
            "aws_internet_gateway.db-igw",
            "aws_internet_gateway.igw",
            "aws_key_pair.main_key_pair",
            "aws_nat_gateway.db-nat-1",
            "aws_nat_gateway.db-nat-2",
            "aws_route.vpc_dbvpc_to_vpc_mainvpc",
            "aws_route.vpc_mainvpc_to_vpc_dabvpc",
            "aws_route_table.db-pub-route",
            "aws_route_table.db-pvt-route-1",
            "aws_route_table.db-pvt-route-2",
            "aws_route_table.db-pvt-route-3",
            "aws_route_table.db-pvt-route-4",
            "aws_route_table.pub-route",
            "aws_route_table_association.db-pub-1",
            "aws_route_table_association.db-pub-2",
            "aws_route_table_association.db-pvt-1",
            "aws_route_table_association.db-pvt-2",
            "aws_route_table_association.db-pvt-3",
            "aws_route_table_association.db-pvt-4",
            "aws_route_table_association.pub-1",
            "aws_route_table_association.pub-2",
            "aws_security_group.db-sg",
            "aws_security_group.sg",
            "aws_security_group_rule.ingress",
            "aws_subnet.db-pub-sub-1",
            "aws_subnet.db-pub-sub-2",
            "aws_subnet.db-pvt-sub-1",
            "aws_subnet.db-pvt-sub-2",
            "aws_subnet.db-pvt-sub-3",
            "aws_subnet.db-pvt-sub-4",
            "aws_subnet.pub-sub-1",
            "aws_subnet.pub-sub-2",
            "aws_subnet.pvt-sub-1",
            "aws_subnet.pvt-sub-2",
            "aws_subnet.pvt-sub-3",
            "aws_subnet.pvt-sub-4",
            "aws_vpc.dbvpc",
            "aws_vpc.mainvpc",
            "aws_vpc_peering_connection.peering",
            "null_resource.copy",
            "null_resource.export-pem",
            "null_resource.install_kubectl",
            "null_resource.install_mongodb-1",
            "null_resource.install_mongodb-2",
            "tls_private_key.rsa"
          ]
        }
      ]
    },
    {
      "mode": "managed",
      "type": "tls_private_key",
      "name": "rsa",
      "provider": "provider[\"registry.terraform.io/hashicorp/tls\"]",
      "instances": [
        {
          "schema_version": 1,
          "attributes": {
            "algorithm": "RSA",
            "ecdsa_curve": "P224",
            "id": "9f00054b8d3a28a23f944e087c0bcaa9a776aea6",
            "private_key_openssh": "-----BEGIN OPENSSH PRIVATE KEY-----\nb3BlbnNzaC1rZXktdjEAAAAABG5vbmUAAAAEbm9uZQAAAAAAAAABAAACFwAAAAdz\nc2gtcnNhAAAAAwEAAQAAAgEAtoNO8dY9j5+MN/kJJsiozQryoa3UbWb0UTGiY24X\nIMh3N2CUWTREiHwSk1DsvwmUFtizu/x4wj2fJY/CDUuw+yueM3eIhZMrTxsIRrW2\ndI8znhbjBp208eYF9FRvC4LVzaV/5ixc6YfNfsn+O5pOpzD4/lwSGpN+BJv5OoIC\nVIZhx9QhjyoeJlKpoNMiKSsWERY7CvICLzo/Bs7sqNTj8Rz8/8Pn4wSae5r60WJ/\naZOt/2VWtDSn3k8inb+QPN9YdoJKnZLXUxjhzAFZqiDM8qt+Hk57Bk0ULv7lwDCn\n7mTPsAZYWmzYGonReQatRIlsklpzWbvv//6CcePR2xIyXAKt7DdwB0oob2lWFWbw\nPrePcEjlhbYFzba2VPv/VbFEFIX14SaYsLmTYaaZ+wcZ/25KheS7cCU9HrFeylbA\nv4VUlZZAe7FsbGEUnt4qQMNnlx0R8C4xLRpw1HCyL3IPQfWHfzWj2aWvCrP3rKqF\n6Y9brxGNq02OHdJ8woFWkft/5bmkRKwXQig5XlLsHx0BjqW4Emk/+9qAoMMpcxWG\nSaOLNy3hs8QCn/R2rorTnAJTJI32nOTl/+dLluq4gqNkIM1hBu+yROh5JLLLXCYq\nd5d0Bvm1ieH2oPuxjx8bNaWda8VwacdeGRNhLCdavcly2nvKk6/3hYxCnued44IR\n6fcAAAc4WtkHOVrZBzkAAAAHc3NoLXJzYQAAAgEAtoNO8dY9j5+MN/kJJsiozQry\noa3UbWb0UTGiY24XIMh3N2CUWTREiHwSk1DsvwmUFtizu/x4wj2fJY/CDUuw+yue\nM3eIhZMrTxsIRrW2dI8znhbjBp208eYF9FRvC4LVzaV/5ixc6YfNfsn+O5pOpzD4\n/lwSGpN+BJv5OoICVIZhx9QhjyoeJlKpoNMiKSsWERY7CvICLzo/Bs7sqNTj8Rz8\n/8Pn4wSae5r60WJ/aZOt/2VWtDSn3k8inb+QPN9YdoJKnZLXUxjhzAFZqiDM8qt+\nHk57Bk0ULv7lwDCn7mTPsAZYWmzYGonReQatRIlsklpzWbvv//6CcePR2xIyXAKt\n7DdwB0oob2lWFWbwPrePcEjlhbYFzba2VPv/VbFEFIX14SaYsLmTYaaZ+wcZ/25K\nheS7cCU9HrFeylbAv4VUlZZAe7FsbGEUnt4qQMNnlx0R8C4xLRpw1HCyL3IPQfWH\nfzWj2aWvCrP3rKqF6Y9brxGNq02OHdJ8woFWkft/5bmkRKwXQig5XlLsHx0BjqW4\nEmk/+9qAoMMpcxWGSaOLNy3hs8QCn/R2rorTnAJTJI32nOTl/+dLluq4gqNkIM1h\nBu+yROh5JLLLXCYqd5d0Bvm1ieH2oPuxjx8bNaWda8VwacdeGRNhLCdavcly2nvK\nk6/3hYxCnued44IR6fcAAAADAQABAAACAQC0S9Df3FliGSWmYZBlzNHcBFWd3B++\nl3cBAnw9pxKX4xDKFtFVsemFvrOG7emB6s9tJlOfgBA3KjKeI356Ley+ot8cTpgC\nBFlDQxwQ5g9A4/oE0O0iqwaF9EqrjAFKqMvW5AgN9IMwe2RIPPi2HoBWb215sLB9\nqnhRy1cQMkBlCX9srSUdzWiNSRmi8w+LBbI93O0kqd/4kZyTeDSXr/8hQBa5/uiC\n/hgxxO7Di378Z9P6OTzGtkGiviAfH484YxZ7s8hMEzQ9NZZRNoBCLTbo/vqOq86i\nceBfcJS8IBS0zsfQRuRfJ6jvxne1DCB8VRl5FntfCOZUyDJKmdjEhhxR13p9wWkP\nPTn/XySEJ/qQKht6nnAy8dwcbmbMoPoYivQI+JgaYf9iJJG7VcfFnbbtZrs4lI5p\nENATUr7LE2IVTVhoh0cb+8LVWjqExQWzAYOzldwgujXnyhjP3IvsbIpheZjkC4Xv\njdwKAyK3w3kDOtDNdNoSF2mypYHCn9oPY8oT/MSfkIg9ioU8cEeSBJB/PZ9z67FT\nOaW7cPG/hlZfaCBvXK0FQv78RsjtmKg2Ea74qSC+JRQF8WeFoRhciU5glIYe2re5\nQQ/0itobvZSXNr4XCKaZ8wEYpwA8dL2fhlzkezxrGM54bcL3J1ZJAuJhhejQTSlp\nCFgMNakfmPGlYQAAAQEA0+yppzJXq6icOaulV8HNeebh7+pDwYZ6iD1tqX0yLviQ\nRD03k+T/uDEJ79R68fcba9m0GvGgkynS6U8mJe0PPlusdzkHjiq0V+Al9VZgHLEF\nuKaw7Sj/OeiYy6xP+beMvi1uZweycpfzHHdD/44EBmERjqE0WWyXEVGKPNLFsnyg\nCHv803VFJRwCrAYNwjnbwqBZswk7/Z2zrxUbHh7KoGbrxyNnyQn2Q3wkSK8O4x0A\nYDTjE5TQTLBT5utKtJF7WdFl1EjTFG264n3syVfTnMdTXFoWft+91/0HZrsuCUN9\nFdaovn38wn7bxOxVwOv6Oqm56bXhqqo98aBiRUEe2AAAAQEA3FX26+bgQx9FRz4k\njyuWN17eLqBnXDrbVudzrpiML6M7Ahf/zpgZ2ez3nYetg6R4aNnUlONoI7+KMl9t\nDOt2lrmbYZkRbMlJgHU6q0KUv3NFHxGueXn8mmqkbVMLOu5OXwbTrT3MIYrzGw7S\noSwa/WVMlVjcyRA98/AyGpSTeNIYbKLYeyOXbCrgqUh1Q4+kQ+48kNrbP7KlDtkL\nzgHTxI2ofHUbWBOVTh0nL84WExrhu+t426Rg/7S4beD8Yhft9CICmV5ysm/jX2ln\nyU6ichodWNctfcQ/8Ek0HHU5I1v++PVkIAD+0LsIbQuLa80PdDt2e2swi9WSHBg/\n4SbiUQAAAQEA1A4UovbYBWXXVtbaaqECp3z3n59saCJtwXPhrctodjXQMUlbIRpV\nr0E/9+vv+X2Gvu0XUNYfdRhySvWlST5LWa/OAri2ujVvFjn8SavnYRfaPIrDPqft\nGbbduXfZ+yHUTFsLCpVbVwZkfok4J3B4Pw7lVOQwN2i1E3NxQWxeXH2+R4K/eW3w\nX451GYgiDpyB2AdVR/919uoR1l76EUcfpbniCyffEEs1mfbckQ6FJeH5hE1QQsYS\nNDhhBJUSQWWX0uusIpSLO9ULla8zqLwh6GZTZpnGzg4So9PNOVvO4pYpGRwXhJ2g\nZv2abaCf45liFVykQPYre7zpP2w7eGPtxwAAAAAB\n-----END OPENSSH PRIVATE KEY-----\n",
            "private_key_pem": "-----BEGIN RSA PRIVATE KEY-----\nMIIJKwIBAAKCAgEAtoNO8dY9j5+MN/kJJsiozQryoa3UbWb0UTGiY24XIMh3N2CU\nWTREiHwSk1DsvwmUFtizu/x4wj2fJY/CDUuw+yueM3eIhZMrTxsIRrW2dI8znhbj\nBp208eYF9FRvC4LVzaV/5ixc6YfNfsn+O5pOpzD4/lwSGpN+BJv5OoICVIZhx9Qh\njyoeJlKpoNMiKSsWERY7CvICLzo/Bs7sqNTj8Rz8/8Pn4wSae5r60WJ/aZOt/2VW\ntDSn3k8inb+QPN9YdoJKnZLXUxjhzAFZqiDM8qt+Hk57Bk0ULv7lwDCn7mTPsAZY\nWmzYGonReQatRIlsklpzWbvv//6CcePR2xIyXAKt7DdwB0oob2lWFWbwPrePcEjl\nhbYFzba2VPv/VbFEFIX14SaYsLmTYaaZ+wcZ/25KheS7cCU9HrFeylbAv4VUlZZA\ne7FsbGEUnt4qQMNnlx0R8C4xLRpw1HCyL3IPQfWHfzWj2aWvCrP3rKqF6Y9brxGN\nq02OHdJ8woFWkft/5bmkRKwXQig5XlLsHx0BjqW4Emk/+9qAoMMpcxWGSaOLNy3h\ns8QCn/R2rorTnAJTJI32nOTl/+dLluq4gqNkIM1hBu+yROh5JLLLXCYqd5d0Bvm1\nieH2oPuxjx8bNaWda8VwacdeGRNhLCdavcly2nvKk6/3hYxCnued44IR6fcCAwEA\nAQKCAgEAtEvQ39xZYhklpmGQZczR3ARVndwfvpd3AQJ8PacSl+MQyhbRVbHphb6z\nhu3pgerPbSZTn4AQNyoyniN+ei3svqLfHE6YAgRZQ0McEOYPQOP6BNDtIqsGhfRK\nq4wBSqjL1uQIDfSDMHtkSDz4th6AVm9tebCwfap4UctXEDJAZQl/bK0lHc1ojUkZ\novMPiwWyPdztJKnf+JGck3g0l6//IUAWuf7ogv4YMcTuw4t+/GfT+jk8xrZBor4g\nHx+POGMWe7PITBM0PTWWUTaAQi026P76jqvOonHgX3CUvCAUtM7H0EbkXyeo78Z3\ntQwgfFUZeRZ7XwjmVMgySpnYxIYcUdd6fcFpDz05/18khCf6kCobep5wMvHcHG5m\nzKD6GIr0CPiYGmH/YiSRu1XHxZ227Wa7OJSOaRDQE1K+yxNiFU1YaIdHG/vC1Vo6\nhMUFswGDs5XcILo158oYz9yL7GyKYXmY5AuF743cCgMit8N5AzrQzXTaEhdpsqWB\nwp/aD2PKE/zEn5CIPYqFPHBHkgSQfz2fc+uxUzmlu3Dxv4ZWX2ggb1ytBUL+/EbI\n7ZioNhGu+KkgviUUBfFnhaEYXIlOYJSGHtq3uUEP9IraG72Ulza+FwimmfMBGKcA\nPHS9n4Zc5Hs8axjOeG3C9ydWSQLiYYXo0E0paQhYDDWpH5jxpWECggEBANxV9uvm\n4EMfRUc+JI8rljde3i6gZ1w621bnc66YjC+jOwIX/86YGdns952HrYOkeGjZ1JTj\naCO/ijJfbQzrdpa5m2GZEWzJSYB1OqtClL9zRR8Rrnl5/JpqpG1TCzruTl8G0609\nzCGK8xsO0qEsGv1lTJVY3MkQPfPwMhqUk3jSGGyi2Hsjl2wq4KlIdUOPpEPuPJDa\n2z+ypQ7ZC84B08SNqHx1G1gTlU4dJy/OFhMa4bvreNukYP+0uG3g/GIX7fQiAple\ncrJv419pZ8lOonIaHVjXLX3EP/BJNBx1OSNb/vj1ZCAA/tC7CG0Li2vND3Q7dntr\nMIvVkhwYP+Em4lECggEBANQOFKL22AVl11bW2mqhAqd895+fbGgibcFz4a3LaHY1\n0DFJWyEaVa9BP/fr7/l9hr7tF1DWH3UYckr1pUk+S1mvzgK4tro1bxY5/Emr52EX\n2jyKwz6n7Rm23bl32fsh1ExbCwqVW1cGZH6JOCdweD8O5VTkMDdotRNzcUFsXlx9\nvkeCv3lt8F+OdRmIIg6cgdgHVUf/dfbqEdZe+hFHH6W54gsn3xBLNZn23JEOhSXh\n+YRNUELGEjQ4YQSVEkFll9LrrCKUizvVC5WvM6i8IehmU2aZxs4OEqPTzTlbzuKW\nKRkcF4SdoGb9mm2gn+OZYhVcpED2K3u86T9sO3hj7ccCggEBALd1PGufiQtadiyj\nqX0sJZ9k9kqMdINu3kK15LRzgAYKO4+6u9wg+SVjEamw1uDNiRSEi2SNFKDvUvou\nSnZ/d/Z4BNB2yvNxhinXcko23fOq3trHtiafU5yfPtloU+l1kvu8i3OsCNPFBjZ5\nWRepya9DMUkI/IzNYUhDrvRC0afAB2YtEWM2d1YxPW62Ti065ONK8lMKZ5PaA2Uh\ng5q8Gr+F08wNFf94DtFDpOVBC1BNCbeWkMMRU1KV/xo+QubKVe74goGBCq9YSlGf\nSjNrrgajh9v5Dn+xcCt6SFGJqVGvv9U7PWsIaSMTGCjze9r+mueEu1p4HavQ4B9U\ncZve7IECggEBAIXp+nhLoHIQNWQ+vKI32gBBd/NS71f33g4cCzoAyZBVPYvSgn0u\nL0xEzYvYcKzC69Qoz9+ZyTXeYVcbN+1ALL+PuW6YjbScR/HmXn970tvK/2PaUaCA\n1ce2ZuFYYc0pOPObTya42XzkqZQLPe4SJa3Uz1jD3fsv4aJN9gjV0eVg90gbtqWN\nmw4NXb/o63EEvy7Yuq+EEVAD043oXs2Id+DluW1IGaMli80WS4ZDgCxDP5qgZH42\nrYpSzFnjdircaHunnwYbfq4jRXSatunpHRSxghu6IwU/d+ADwodlhgorv/p+dg+m\np4RCxUJT/ITz+S/6WDQ6AY3b6ATIaeoGWUMCggEBANPsqacyV6uonDmrpVfBzXnm\n4e/qQ8GGeog9bal9Mi74kEQ9N5Pk/7gxCe/UevH3G2vZtBrxoJMp0ulPJiXtDz5b\nrHc5B44qtFfgJfVWYByxBbimsO0o/znomMusT/m3jL4tbmcHsnKX8xx3Q/+OBAZh\nEY6hNFlslxFRijzSxbJ8oAh7/NN1RSUcAqwGDcI528KgWbMJO/2ds68VGx4eyqBm\n68cjZ8kJ9kN8JEivDuMdAGA04xOU0EywU+brSrSRe1nRZdRI0xRtuuJ97MlX05zH\nU1xaFn7fvdf9B2a7LglDfRXWqL59/MJ+28TsVcDr+jqpuem14aqqPfGgYkVBHtg=\n-----END RSA PRIVATE KEY-----\n",
            "private_key_pem_pkcs8": "-----BEGIN PRIVATE KEY-----\nMIIJRQIBADANBgkqhkiG9w0BAQEFAASCCS8wggkrAgEAAoICAQC2g07x1j2Pn4w3\n+QkmyKjNCvKhrdRtZvRRMaJjbhcgyHc3YJRZNESIfBKTUOy/CZQW2LO7/HjCPZ8l\nj8INS7D7K54zd4iFkytPGwhGtbZ0jzOeFuMGnbTx5gX0VG8LgtXNpX/mLFzph81+\nyf47mk6nMPj+XBIak34Em/k6ggJUhmHH1CGPKh4mUqmg0yIpKxYRFjsK8gIvOj8G\nzuyo1OPxHPz/w+fjBJp7mvrRYn9pk63/ZVa0NKfeTyKdv5A831h2gkqdktdTGOHM\nAVmqIMzyq34eTnsGTRQu/uXAMKfuZM+wBlhabNgaidF5Bq1EiWySWnNZu+///oJx\n49HbEjJcAq3sN3AHSihvaVYVZvA+t49wSOWFtgXNtrZU+/9VsUQUhfXhJpiwuZNh\nppn7Bxn/bkqF5LtwJT0esV7KVsC/hVSVlkB7sWxsYRSe3ipAw2eXHRHwLjEtGnDU\ncLIvcg9B9Yd/NaPZpa8Ks/esqoXpj1uvEY2rTY4d0nzCgVaR+3/luaRErBdCKDle\nUuwfHQGOpbgSaT/72oCgwylzFYZJo4s3LeGzxAKf9HauitOcAlMkjfac5OX/50uW\n6riCo2QgzWEG77JE6HkksstcJip3l3QG+bWJ4fag+7GPHxs1pZ1rxXBpx14ZE2Es\nJ1q9yXLae8qTr/eFjEKe553jghHp9wIDAQABAoICAQC0S9Df3FliGSWmYZBlzNHc\nBFWd3B++l3cBAnw9pxKX4xDKFtFVsemFvrOG7emB6s9tJlOfgBA3KjKeI356Ley+\not8cTpgCBFlDQxwQ5g9A4/oE0O0iqwaF9EqrjAFKqMvW5AgN9IMwe2RIPPi2HoBW\nb215sLB9qnhRy1cQMkBlCX9srSUdzWiNSRmi8w+LBbI93O0kqd/4kZyTeDSXr/8h\nQBa5/uiC/hgxxO7Di378Z9P6OTzGtkGiviAfH484YxZ7s8hMEzQ9NZZRNoBCLTbo\n/vqOq86iceBfcJS8IBS0zsfQRuRfJ6jvxne1DCB8VRl5FntfCOZUyDJKmdjEhhxR\n13p9wWkPPTn/XySEJ/qQKht6nnAy8dwcbmbMoPoYivQI+JgaYf9iJJG7VcfFnbbt\nZrs4lI5pENATUr7LE2IVTVhoh0cb+8LVWjqExQWzAYOzldwgujXnyhjP3IvsbIph\neZjkC4XvjdwKAyK3w3kDOtDNdNoSF2mypYHCn9oPY8oT/MSfkIg9ioU8cEeSBJB/\nPZ9z67FTOaW7cPG/hlZfaCBvXK0FQv78RsjtmKg2Ea74qSC+JRQF8WeFoRhciU5g\nlIYe2re5QQ/0itobvZSXNr4XCKaZ8wEYpwA8dL2fhlzkezxrGM54bcL3J1ZJAuJh\nhejQTSlpCFgMNakfmPGlYQKCAQEA3FX26+bgQx9FRz4kjyuWN17eLqBnXDrbVudz\nrpiML6M7Ahf/zpgZ2ez3nYetg6R4aNnUlONoI7+KMl9tDOt2lrmbYZkRbMlJgHU6\nq0KUv3NFHxGueXn8mmqkbVMLOu5OXwbTrT3MIYrzGw7SoSwa/WVMlVjcyRA98/Ay\nGpSTeNIYbKLYeyOXbCrgqUh1Q4+kQ+48kNrbP7KlDtkLzgHTxI2ofHUbWBOVTh0n\nL84WExrhu+t426Rg/7S4beD8Yhft9CICmV5ysm/jX2lnyU6ichodWNctfcQ/8Ek0\nHHU5I1v++PVkIAD+0LsIbQuLa80PdDt2e2swi9WSHBg/4SbiUQKCAQEA1A4UovbY\nBWXXVtbaaqECp3z3n59saCJtwXPhrctodjXQMUlbIRpVr0E/9+vv+X2Gvu0XUNYf\ndRhySvWlST5LWa/OAri2ujVvFjn8SavnYRfaPIrDPqftGbbduXfZ+yHUTFsLCpVb\nVwZkfok4J3B4Pw7lVOQwN2i1E3NxQWxeXH2+R4K/eW3wX451GYgiDpyB2AdVR/91\n9uoR1l76EUcfpbniCyffEEs1mfbckQ6FJeH5hE1QQsYSNDhhBJUSQWWX0uusIpSL\nO9ULla8zqLwh6GZTZpnGzg4So9PNOVvO4pYpGRwXhJ2gZv2abaCf45liFVykQPYr\ne7zpP2w7eGPtxwKCAQEAt3U8a5+JC1p2LKOpfSwln2T2Sox0g27eQrXktHOABgo7\nj7q73CD5JWMRqbDW4M2JFISLZI0UoO9S+i5Kdn939ngE0HbK83GGKddySjbd86re\n2se2Jp9TnJ8+2WhT6XWS+7yLc6wI08UGNnlZF6nJr0MxSQj8jM1hSEOu9ELRp8AH\nZi0RYzZ3VjE9brZOLTrk40ryUwpnk9oDZSGDmrwav4XTzA0V/3gO0UOk5UELUE0J\nt5aQwxFTUpX/Gj5C5spV7viCgYEKr1hKUZ9KM2uuBqOH2/kOf7FwK3pIUYmpUa+/\n1Ts9awhpIxMYKPN72v6a54S7Wngdq9DgH1Rxm97sgQKCAQEAhen6eEugchA1ZD68\nojfaAEF381LvV/feDhwLOgDJkFU9i9KCfS4vTETNi9hwrMLr1CjP35nJNd5hVxs3\n7UAsv4+5bpiNtJxH8eZef3vS28r/Y9pRoIDVx7Zm4VhhzSk485tPJrjZfOSplAs9\n7hIlrdTPWMPd+y/hok32CNXR5WD3SBu2pY2bDg1dv+jrcQS/Lti6r4QRUAPTjehe\nzYh34OW5bUgZoyWLzRZLhkOALEM/mqBkfjatilLMWeN2Ktxoe6efBht+riNFdJq2\n6ekdFLGCG7ojBT934APCh2WGCiu/+n52D6anhELFQlP8hPP5L/pYNDoBjdvoBMhp\n6gZZQwKCAQEA0+yppzJXq6icOaulV8HNeebh7+pDwYZ6iD1tqX0yLviQRD03k+T/\nuDEJ79R68fcba9m0GvGgkynS6U8mJe0PPlusdzkHjiq0V+Al9VZgHLEFuKaw7Sj/\nOeiYy6xP+beMvi1uZweycpfzHHdD/44EBmERjqE0WWyXEVGKPNLFsnygCHv803VF\nJRwCrAYNwjnbwqBZswk7/Z2zrxUbHh7KoGbrxyNnyQn2Q3wkSK8O4x0AYDTjE5TQ\nTLBT5utKtJF7WdFl1EjTFG264n3syVfTnMdTXFoWft+91/0HZrsuCUN9Fdaovn38\nwn7bxOxVwOv6Oqm56bXhqqo98aBiRUEe2A==\n-----END PRIVATE KEY-----\n",
            "public_key_fingerprint_md5": "a7:f2:9f:0d:81:4a:4e:42:dd:b3:0d:0a:94:e1:6d:fd",
            "public_key_fingerprint_sha256": "SHA256:egaYsxDvVa03gx2Ni34Fr2b9BTsQ0raQkqnvOlInJAA",
            "public_key_openssh": "ssh-rsa AAAAB3NzaC1yc2EAAAADAQABAAACAQC2g07x1j2Pn4w3+QkmyKjNCvKhrdRtZvRRMaJjbhcgyHc3YJRZNESIfBKTUOy/CZQW2LO7/HjCPZ8lj8INS7D7K54zd4iFkytPGwhGtbZ0jzOeFuMGnbTx5gX0VG8LgtXNpX/mLFzph81+yf47mk6nMPj+XBIak34Em/k6ggJUhmHH1CGPKh4mUqmg0yIpKxYRFjsK8gIvOj8Gzuyo1OPxHPz/w+fjBJp7mvrRYn9pk63/ZVa0NKfeTyKdv5A831h2gkqdktdTGOHMAVmqIMzyq34eTnsGTRQu/uXAMKfuZM+wBlhabNgaidF5Bq1EiWySWnNZu+///oJx49HbEjJcAq3sN3AHSihvaVYVZvA+t49wSOWFtgXNtrZU+/9VsUQUhfXhJpiwuZNhppn7Bxn/bkqF5LtwJT0esV7KVsC/hVSVlkB7sWxsYRSe3ipAw2eXHRHwLjEtGnDUcLIvcg9B9Yd/NaPZpa8Ks/esqoXpj1uvEY2rTY4d0nzCgVaR+3/luaRErBdCKDleUuwfHQGOpbgSaT/72oCgwylzFYZJo4s3LeGzxAKf9HauitOcAlMkjfac5OX/50uW6riCo2QgzWEG77JE6HkksstcJip3l3QG+bWJ4fag+7GPHxs1pZ1rxXBpx14ZE2EsJ1q9yXLae8qTr/eFjEKe553jghHp9w==\n",
            "public_key_pem": "-----BEGIN PUBLIC KEY-----\nMIICIjANBgkqhkiG9w0BAQEFAAOCAg8AMIICCgKCAgEAtoNO8dY9j5+MN/kJJsio\nzQryoa3UbWb0UTGiY24XIMh3N2CUWTREiHwSk1DsvwmUFtizu/x4wj2fJY/CDUuw\n+yueM3eIhZMrTxsIRrW2dI8znhbjBp208eYF9FRvC4LVzaV/5ixc6YfNfsn+O5pO\npzD4/lwSGpN+BJv5OoICVIZhx9QhjyoeJlKpoNMiKSsWERY7CvICLzo/Bs7sqNTj\n8Rz8/8Pn4wSae5r60WJ/aZOt/2VWtDSn3k8inb+QPN9YdoJKnZLXUxjhzAFZqiDM\n8qt+Hk57Bk0ULv7lwDCn7mTPsAZYWmzYGonReQatRIlsklpzWbvv//6CcePR2xIy\nXAKt7DdwB0oob2lWFWbwPrePcEjlhbYFzba2VPv/VbFEFIX14SaYsLmTYaaZ+wcZ\n/25KheS7cCU9HrFeylbAv4VUlZZAe7FsbGEUnt4qQMNnlx0R8C4xLRpw1HCyL3IP\nQfWHfzWj2aWvCrP3rKqF6Y9brxGNq02OHdJ8woFWkft/5bmkRKwXQig5XlLsHx0B\njqW4Emk/+9qAoMMpcxWGSaOLNy3hs8QCn/R2rorTnAJTJI32nOTl/+dLluq4gqNk\nIM1hBu+yROh5JLLLXCYqd5d0Bvm1ieH2oPuxjx8bNaWda8VwacdeGRNhLCdavcly\n2nvKk6/3hYxCnued44IR6fcCAwEAAQ==\n-----END PUBLIC KEY-----\n",
            "rsa_bits": 4096
          },
          "sensitive_attributes": []
        }
      ]
    }
  ],
  "check_results": null
}
